
Microsoft Visual Studio Solution File, Format Version 12.00
# Visual Studio Version 17
VisualStudioVersion = 17.14.36310.24
MinimumVisualStudioVersion = 10.0.40219.1
Project("{8BC9CEB8-8B4A-11D0-8D11-00A0C91BC942}") = "Drill01", "Drill01\Drill01.vcxproj", "{65765BD6-3B6A-43C3-A270-125C92527B9A}"
EndProject
Project("{8BC9CEB8-8B4A-11D0-8D11-00A0C91BC942}") = "Drill02", "Drill02\Drill02.vcxproj", "{12303C69-B980-41E1-A525-F5A0F706C501}"
EndProject
Project("{8BC9CEB8-8B4A-11D0-8D11-00A0C91BC942}") = "Drill03", "Drill03\Drill03.vcxproj", "{73F67BBF-8389-490E-8F32-71F860D77219}"
EndProject
Project("{8BC9CEB8-8B4A-11D0-8D11-00A0C91BC942}") = "Drill04", "Drill04\Drill04.vcxproj", "{C816A50F-FBAA-4FE9-9957-59DEEC344932}"
EndProject
Project("{8BC9CEB8-8B4A-11D0-8D11-00A0C91BC942}") = "Drill05", "Drill05\Drill05.vcxproj", "{91B9147B-45B4-4227-A428-89021CA8288C}"
EndProject
Project("{8BC9CEB8-8B4A-11D0-8D11-00A0C91BC942}") = "Drill06", "Drill06\Drill06.vcxproj", "{4CC062E9-5923-4532-815E-302DCF8FDC2B}"
EndProject
Project("{8BC9CEB8-8B4A-11D0-8D11-00A0C91BC942}") = "Drill07", "Drill07\Drill07.vcxproj", "{C772CB69-D2F0-489F-BF9A-A3CE6C15DD9B}"
EndProject
Project("{8BC9CEB8-8B4A-11D0-8D11-00A0C91BC942}") = "Drill08", "Drill08\Drill08.vcxproj", "{AC72FEC7-D815-421E-808D-0E079BCED847}"
EndProject
Project("{8BC9CEB8-8B4A-11D0-8D11-00A0C91BC942}") = "Open Challenge", "Open Challenge\Open Challenge.vcxproj", "{D61ED48F-E50D-46FA-9CAB-82EC8F276680}"
EndProject
Project("{8BC9CEB8-8B4A-11D0-8D11-00A0C91BC942}") = "Exercise01", "Exercise01\Exercise01.vcxproj", "{E01CDF45-35F0-4B56-A62F-B24C37FBD721}"
EndProject
Project("{8BC9CEB8-8B4A-11D0-8D11-00A0C91BC942}") = "Exercise02", "Exercise02\Exercise02.vcxproj", "{FEEAA0C6-D843-463A-BEA8-9FE73EB9EC5F}"
EndProject
Project("{8BC9CEB8-8B4A-11D0-8D11-00A0C91BC942}") = "Exercise03", "Exercise03\Exercise03.vcxproj", "{EDB107F7-2CDE-4109-8E8A-64B4C87F90B9}"
EndProject
Project("{8BC9CEB8-8B4A-11D0-8D11-00A0C91BC942}") = "Exercise04", "Exercise04\Exercise04.vcxproj", "{612677E5-567A-4AD4-8B8B-CB1001B9F119}"
EndProject
Project("{8BC9CEB8-8B4A-11D0-8D11-00A0C91BC942}") = "Exercise05", "Exercise05\Exercise05.vcxproj", "{65C59177-FCCC-48F4-9A8F-68BA978C0A6A}"
EndProject
Project("{8BC9CEB8-8B4A-11D0-8D11-00A0C91BC942}") = "Exercise06", "Exercise06\Exercise06.vcxproj", "{941C0E3C-EE35-4FD9-A38A-2B87C3E0B447}"
EndProject
Project("{8BC9CEB8-8B4A-11D0-8D11-00A0C91BC942}") = "Exercise07", "Exercise07\Exercise07.vcxproj", "{02C3D564-FBEB-419F-99C5-113768E791F5}"
EndProject
Project("{8BC9CEB8-8B4A-11D0-8D11-00A0C91BC942}") = "Exercise08", "Exercise08\Exercise08.vcxproj", "{FEDFBC2B-800D-490C-8B6E-A3111F7ABFF9}"
EndProject
Project("{8BC9CEB8-8B4A-11D0-8D11-00A0C91BC942}") = "Exercise09", "Exercise09\Exercise09.vcxproj", "{8E49BFA3-AC7C-4B18-94C1-7BCEE814F820}"
EndProject
Project("{8BC9CEB8-8B4A-11D0-8D11-00A0C91BC942}") = "Exercise10", "Exercise10\Exercise10.vcxproj", "{43897769-18F2-4213-A27C-65A908251588}"
EndProject
Project("{8BC9CEB8-8B4A-11D0-8D11-00A0C91BC942}") = "Exercise11", "Exercise11\Exercise11.vcxproj", "{F9E9DC04-E8DF-4FF9-9AE2-74F7EDDFB182}"
EndProject
Project("{8BC9CEB8-8B4A-11D0-8D11-00A0C91BC942}") = "Exercise12", "Exercise12\Exercise12.vcxproj", "{03C2EE53-7F59-449E-82C2-3DBBBCC7E3B0}"
EndProject
Project("{8BC9CEB8-8B4A-11D0-8D11-00A0C91BC942}") = "Exercise13", "Exercise13\Exercise13.vcxproj", "{2E3C0AD0-DE88-49C7-88B0-5DFC7090768B}"
EndProject
Project("{8BC9CEB8-8B4A-11D0-8D11-00A0C91BC942}") = "Exercise14", "Exercise14\Exercise14.vcxproj", "{9AE0BD7E-EEFB-4C95-B5D1-90EC30741776}"
EndProject
Project("{8BC9CEB8-8B4A-11D0-8D11-00A0C91BC942}") = "Exercise15", "Exercise15\Exercise15.vcxproj", "{2AAAF7B8-6AD4-4C95-A523-099AD2D471D9}"
EndProject
Project("{8BC9CEB8-8B4A-11D0-8D11-00A0C91BC942}") = "Exercise16", "Exercise16\Exercise16.vcxproj", "{ED076DEB-6A71-4553-9D5C-E882D3AE838A}"
EndProject
Global
	GlobalSection(SolutionConfigurationPlatforms) = preSolution
		Debug|x64 = Debug|x64
		Debug|x86 = Debug|x86
		Release|x64 = Release|x64
		Release|x86 = Release|x86
	EndGlobalSection
	GlobalSection(ProjectConfigurationPlatforms) = postSolution
		{65765BD6-3B6A-43C3-A270-125C92527B9A}.Debug|x64.ActiveCfg = Debug|x64
		{65765BD6-3B6A-43C3-A270-125C92527B9A}.Debug|x64.Build.0 = Debug|x64
		{65765BD6-3B6A-43C3-A270-125C92527B9A}.Debug|x86.ActiveCfg = Debug|Win32
		{65765BD6-3B6A-43C3-A270-125C92527B9A}.Debug|x86.Build.0 = Debug|Win32
		{65765BD6-3B6A-43C3-A270-125C92527B9A}.Release|x64.ActiveCfg = Release|x64
		{65765BD6-3B6A-43C3-A270-125C92527B9A}.Release|x64.Build.0 = Release|x64
		{65765BD6-3B6A-43C3-A270-125C92527B9A}.Release|x86.ActiveCfg = Release|Win32
		{65765BD6-3B6A-43C3-A270-125C92527B9A}.Release|x86.Build.0 = Release|Win32
		{12303C69-B980-41E1-A525-F5A0F706C501}.Debug|x64.ActiveCfg = Debug|x64
		{12303C69-B980-41E1-A525-F5A0F706C501}.Debug|x64.Build.0 = Debug|x64
		{12303C69-B980-41E1-A525-F5A0F706C501}.Debug|x86.ActiveCfg = Debug|Win32
		{12303C69-B980-41E1-A525-F5A0F706C501}.Debug|x86.Build.0 = Debug|Win32
		{12303C69-B980-41E1-A525-F5A0F706C501}.Release|x64.ActiveCfg = Release|x64
		{12303C69-B980-41E1-A525-F5A0F706C501}.Release|x64.Build.0 = Release|x64
		{12303C69-B980-41E1-A525-F5A0F706C501}.Release|x86.ActiveCfg = Release|Win32
		{12303C69-B980-41E1-A525-F5A0F706C501}.Release|x86.Build.0 = Release|Win32
		{73F67BBF-8389-490E-8F32-71F860D77219}.Debug|x64.ActiveCfg = Debug|x64
		{73F67BBF-8389-490E-8F32-71F860D77219}.Debug|x64.Build.0 = Debug|x64
		{73F67BBF-8389-490E-8F32-71F860D77219}.Debug|x86.ActiveCfg = Debug|Win32
		{73F67BBF-8389-490E-8F32-71F860D77219}.Debug|x86.Build.0 = Debug|Win32
		{73F67BBF-8389-490E-8F32-71F860D77219}.Release|x64.ActiveCfg = Release|x64
		{73F67BBF-8389-490E-8F32-71F860D77219}.Release|x64.Build.0 = Release|x64
		{73F67BBF-8389-490E-8F32-71F860D77219}.Release|x86.ActiveCfg = Release|Win32
		{73F67BBF-8389-490E-8F32-71F860D77219}.Release|x86.Build.0 = Release|Win32
		{C816A50F-FBAA-4FE9-9957-59DEEC344932}.Debug|x64.ActiveCfg = Debug|x64
		{C816A50F-FBAA-4FE9-9957-59DEEC344932}.Debug|x64.Build.0 = Debug|x64
		{C816A50F-FBAA-4FE9-9957-59DEEC344932}.Debug|x86.ActiveCfg = Debug|Win32
		{C816A50F-FBAA-4FE9-9957-59DEEC344932}.Debug|x86.Build.0 = Debug|Win32
		{C816A50F-FBAA-4FE9-9957-59DEEC344932}.Release|x64.ActiveCfg = Release|x64
		{C816A50F-FBAA-4FE9-9957-59DEEC344932}.Release|x64.Build.0 = Release|x64
		{C816A50F-FBAA-4FE9-9957-59DEEC344932}.Release|x86.ActiveCfg = Release|Win32
		{C816A50F-FBAA-4FE9-9957-59DEEC344932}.Release|x86.Build.0 = Release|Win32
		{91B9147B-45B4-4227-A428-89021CA8288C}.Debug|x64.ActiveCfg = Debug|x64
		{91B9147B-45B4-4227-A428-89021CA8288C}.Debug|x64.Build.0 = Debug|x64
		{91B9147B-45B4-4227-A428-89021CA8288C}.Debug|x86.ActiveCfg = Debug|Win32
		{91B9147B-45B4-4227-A428-89021CA8288C}.Debug|x86.Build.0 = Debug|Win32
		{91B9147B-45B4-4227-A428-89021CA8288C}.Release|x64.ActiveCfg = Release|x64
		{91B9147B-45B4-4227-A428-89021CA8288C}.Release|x64.Build.0 = Release|x64
		{91B9147B-45B4-4227-A428-89021CA8288C}.Release|x86.ActiveCfg = Release|Win32
		{91B9147B-45B4-4227-A428-89021CA8288C}.Release|x86.Build.0 = Release|Win32
		{4CC062E9-5923-4532-815E-302DCF8FDC2B}.Debug|x64.ActiveCfg = Debug|x64
		{4CC062E9-5923-4532-815E-302DCF8FDC2B}.Debug|x64.Build.0 = Debug|x64
		{4CC062E9-5923-4532-815E-302DCF8FDC2B}.Debug|x86.ActiveCfg = Debug|Win32
		{4CC062E9-5923-4532-815E-302DCF8FDC2B}.Debug|x86.Build.0 = Debug|Win32
		{4CC062E9-5923-4532-815E-302DCF8FDC2B}.Release|x64.ActiveCfg = Release|x64
		{4CC062E9-5923-4532-815E-302DCF8FDC2B}.Release|x64.Build.0 = Release|x64
		{4CC062E9-5923-4532-815E-302DCF8FDC2B}.Release|x86.ActiveCfg = Release|Win32
		{4CC062E9-5923-4532-815E-302DCF8FDC2B}.Release|x86.Build.0 = Release|Win32
		{C772CB69-D2F0-489F-BF9A-A3CE6C15DD9B}.Debug|x64.ActiveCfg = Debug|x64
		{C772CB69-D2F0-489F-BF9A-A3CE6C15DD9B}.Debug|x64.Build.0 = Debug|x64
		{C772CB69-D2F0-489F-BF9A-A3CE6C15DD9B}.Debug|x86.ActiveCfg = Debug|Win32
		{C772CB69-D2F0-489F-BF9A-A3CE6C15DD9B}.Debug|x86.Build.0 = Debug|Win32
		{C772CB69-D2F0-489F-BF9A-A3CE6C15DD9B}.Release|x64.ActiveCfg = Release|x64
		{C772CB69-D2F0-489F-BF9A-A3CE6C15DD9B}.Release|x64.Build.0 = Release|x64
		{C772CB69-D2F0-489F-BF9A-A3CE6C15DD9B}.Release|x86.ActiveCfg = Release|Win32
		{C772CB69-D2F0-489F-BF9A-A3CE6C15DD9B}.Release|x86.Build.0 = Release|Win32
		{AC72FEC7-D815-421E-808D-0E079BCED847}.Debug|x64.ActiveCfg = Debug|x64
		{AC72FEC7-D815-421E-808D-0E079BCED847}.Debug|x64.Build.0 = Debug|x64
		{AC72FEC7-D815-421E-808D-0E079BCED847}.Debug|x86.ActiveCfg = Debug|Win32
		{AC72FEC7-D815-421E-808D-0E079BCED847}.Debug|x86.Build.0 = Debug|Win32
		{AC72FEC7-D815-421E-808D-0E079BCED847}.Release|x64.ActiveCfg = Release|x64
		{AC72FEC7-D815-421E-808D-0E079BCED847}.Release|x64.Build.0 = Release|x64
		{AC72FEC7-D815-421E-808D-0E079BCED847}.Release|x86.ActiveCfg = Release|Win32
		{AC72FEC7-D815-421E-808D-0E079BCED847}.Release|x86.Build.0 = Release|Win32
		{D61ED48F-E50D-46FA-9CAB-82EC8F276680}.Debug|x64.ActiveCfg = Debug|x64
		{D61ED48F-E50D-46FA-9CAB-82EC8F276680}.Debug|x64.Build.0 = Debug|x64
		{D61ED48F-E50D-46FA-9CAB-82EC8F276680}.Debug|x86.ActiveCfg = Debug|Win32
		{D61ED48F-E50D-46FA-9CAB-82EC8F276680}.Debug|x86.Build.0 = Debug|Win32
		{D61ED48F-E50D-46FA-9CAB-82EC8F276680}.Release|x64.ActiveCfg = Release|x64
		{D61ED48F-E50D-46FA-9CAB-82EC8F276680}.Release|x64.Build.0 = Release|x64
		{D61ED48F-E50D-46FA-9CAB-82EC8F276680}.Release|x86.ActiveCfg = Release|Win32
		{D61ED48F-E50D-46FA-9CAB-82EC8F276680}.Release|x86.Build.0 = Release|Win32
		{E01CDF45-35F0-4B56-A62F-B24C37FBD721}.Debug|x64.ActiveCfg = Debug|x64
		{E01CDF45-35F0-4B56-A62F-B24C37FBD721}.Debug|x64.Build.0 = Debug|x64
		{E01CDF45-35F0-4B56-A62F-B24C37FBD721}.Debug|x86.ActiveCfg = Debug|Win32
		{E01CDF45-35F0-4B56-A62F-B24C37FBD721}.Debug|x86.Build.0 = Debug|Win32
		{E01CDF45-35F0-4B56-A62F-B24C37FBD721}.Release|x64.ActiveCfg = Release|x64
		{E01CDF45-35F0-4B56-A62F-B24C37FBD721}.Release|x64.Build.0 = Release|x64
		{E01CDF45-35F0-4B56-A62F-B24C37FBD721}.Release|x86.ActiveCfg = Release|Win32
		{E01CDF45-35F0-4B56-A62F-B24C37FBD721}.Release|x86.Build.0 = Release|Win32
		{FEEAA0C6-D843-463A-BEA8-9FE73EB9EC5F}.Debug|x64.ActiveCfg = Debug|x64
		{FEEAA0C6-D843-463A-BEA8-9FE73EB9EC5F}.Debug|x64.Build.0 = Debug|x64
		{FEEAA0C6-D843-463A-BEA8-9FE73EB9EC5F}.Debug|x86.ActiveCfg = Debug|Win32
		{FEEAA0C6-D843-463A-BEA8-9FE73EB9EC5F}.Debug|x86.Build.0 = Debug|Win32
		{FEEAA0C6-D843-463A-BEA8-9FE73EB9EC5F}.Release|x64.ActiveCfg = Release|x64
		{FEEAA0C6-D843-463A-BEA8-9FE73EB9EC5F}.Release|x64.Build.0 = Release|x64
		{FEEAA0C6-D843-463A-BEA8-9FE73EB9EC5F}.Release|x86.ActiveCfg = Release|Win32
		{FEEAA0C6-D843-463A-BEA8-9FE73EB9EC5F}.Release|x86.Build.0 = Release|Win32
		{EDB107F7-2CDE-4109-8E8A-64B4C87F90B9}.Debug|x64.ActiveCfg = Debug|x64
		{EDB107F7-2CDE-4109-8E8A-64B4C87F90B9}.Debug|x64.Build.0 = Debug|x64
		{EDB107F7-2CDE-4109-8E8A-64B4C87F90B9}.Debug|x86.ActiveCfg = Debug|Win32
		{EDB107F7-2CDE-4109-8E8A-64B4C87F90B9}.Debug|x86.Build.0 = Debug|Win32
		{EDB107F7-2CDE-4109-8E8A-64B4C87F90B9}.Release|x64.ActiveCfg = Release|x64
		{EDB107F7-2CDE-4109-8E8A-64B4C87F90B9}.Release|x64.Build.0 = Release|x64
		{EDB107F7-2CDE-4109-8E8A-64B4C87F90B9}.Release|x86.ActiveCfg = Release|Win32
		{EDB107F7-2CDE-4109-8E8A-64B4C87F90B9}.Release|x86.Build.0 = Release|Win32
		{612677E5-567A-4AD4-8B8B-CB1001B9F119}.Debug|x64.ActiveCfg = Debug|x64
		{612677E5-567A-4AD4-8B8B-CB1001B9F119}.Debug|x64.Build.0 = Debug|x64
		{612677E5-567A-4AD4-8B8B-CB1001B9F119}.Debug|x86.ActiveCfg = Debug|Win32
		{612677E5-567A-4AD4-8B8B-CB1001B9F119}.Debug|x86.Build.0 = Debug|Win32
		{612677E5-567A-4AD4-8B8B-CB1001B9F119}.Release|x64.ActiveCfg = Release|x64
		{612677E5-567A-4AD4-8B8B-CB1001B9F119}.Release|x64.Build.0 = Release|x64
		{612677E5-567A-4AD4-8B8B-CB1001B9F119}.Release|x86.ActiveCfg = Release|Win32
		{612677E5-567A-4AD4-8B8B-CB1001B9F119}.Release|x86.Build.0 = Release|Win32
		{65C59177-FCCC-48F4-9A8F-68BA978C0A6A}.Debug|x64.ActiveCfg = Debug|x64
		{65C59177-FCCC-48F4-9A8F-68BA978C0A6A}.Debug|x64.Build.0 = Debug|x64
		{65C59177-FCCC-48F4-9A8F-68BA978C0A6A}.Debug|x86.ActiveCfg = Debug|Win32
		{65C59177-FCCC-48F4-9A8F-68BA978C0A6A}.Debug|x86.Build.0 = Debug|Win32
		{65C59177-FCCC-48F4-9A8F-68BA978C0A6A}.Release|x64.ActiveCfg = Release|x64
		{65C59177-FCCC-48F4-9A8F-68BA978C0A6A}.Release|x64.Build.0 = Release|x64
		{65C59177-FCCC-48F4-9A8F-68BA978C0A6A}.Release|x86.ActiveCfg = Release|Win32
		{65C59177-FCCC-48F4-9A8F-68BA978C0A6A}.Release|x86.Build.0 = Release|Win32
		{941C0E3C-EE35-4FD9-A38A-2B87C3E0B447}.Debug|x64.ActiveCfg = Debug|x64
		{941C0E3C-EE35-4FD9-A38A-2B87C3E0B447}.Debug|x64.Build.0 = Debug|x64
		{941C0E3C-EE35-4FD9-A38A-2B87C3E0B447}.Debug|x86.ActiveCfg = Debug|Win32
		{941C0E3C-EE35-4FD9-A38A-2B87C3E0B447}.Debug|x86.Build.0 = Debug|Win32
		{941C0E3C-EE35-4FD9-A38A-2B87C3E0B447}.Release|x64.ActiveCfg = Release|x64
		{941C0E3C-EE35-4FD9-A38A-2B87C3E0B447}.Release|x64.Build.0 = Release|x64
		{941C0E3C-EE35-4FD9-A38A-2B87C3E0B447}.Release|x86.ActiveCfg = Release|Win32
		{941C0E3C-EE35-4FD9-A38A-2B87C3E0B447}.Release|x86.Build.0 = Release|Win32
		{02C3D564-FBEB-419F-99C5-113768E791F5}.Debug|x64.ActiveCfg = Debug|x64
		{02C3D564-FBEB-419F-99C5-113768E791F5}.Debug|x64.Build.0 = Debug|x64
		{02C3D564-FBEB-419F-99C5-113768E791F5}.Debug|x86.ActiveCfg = Debug|Win32
		{02C3D564-FBEB-419F-99C5-113768E791F5}.Debug|x86.Build.0 = Debug|Win32
		{02C3D564-FBEB-419F-99C5-113768E791F5}.Release|x64.ActiveCfg = Release|x64
		{02C3D564-FBEB-419F-99C5-113768E791F5}.Release|x64.Build.0 = Release|x64
		{02C3D564-FBEB-419F-99C5-113768E791F5}.Release|x86.ActiveCfg = Release|Win32
		{02C3D564-FBEB-419F-99C5-113768E791F5}.Release|x86.Build.0 = Release|Win32
		{FEDFBC2B-800D-490C-8B6E-A3111F7ABFF9}.Debug|x64.ActiveCfg = Debug|x64
		{FEDFBC2B-800D-490C-8B6E-A3111F7ABFF9}.Debug|x64.Build.0 = Debug|x64
		{FEDFBC2B-800D-490C-8B6E-A3111F7ABFF9}.Debug|x86.ActiveCfg = Debug|Win32
		{FEDFBC2B-800D-490C-8B6E-A3111F7ABFF9}.Debug|x86.Build.0 = Debug|Win32
		{FEDFBC2B-800D-490C-8B6E-A3111F7ABFF9}.Release|x64.ActiveCfg = Release|x64
		{FEDFBC2B-800D-490C-8B6E-A3111F7ABFF9}.Release|x64.Build.0 = Release|x64
		{FEDFBC2B-800D-490C-8B6E-A3111F7ABFF9}.Release|x86.ActiveCfg = Release|Win32
		{FEDFBC2B-800D-490C-8B6E-A3111F7ABFF9}.Release|x86.Build.0 = Release|Win32
		{8E49BFA3-AC7C-4B18-94C1-7BCEE814F820}.Debug|x64.ActiveCfg = Debug|x64
		{8E49BFA3-AC7C-4B18-94C1-7BCEE814F820}.Debug|x64.Build.0 = Debug|x64
		{8E49BFA3-AC7C-4B18-94C1-7BCEE814F820}.Debug|x86.ActiveCfg = Debug|Win32
		{8E49BFA3-AC7C-4B18-94C1-7BCEE814F820}.Debug|x86.Build.0 = Debug|Win32
		{8E49BFA3-AC7C-4B18-94C1-7BCEE814F820}.Release|x64.ActiveCfg = Release|x64
		{8E49BFA3-AC7C-4B18-94C1-7BCEE814F820}.Release|x64.Build.0 = Release|x64
		{8E49BFA3-AC7C-4B18-94C1-7BCEE814F820}.Release|x86.ActiveCfg = Release|Win32
		{8E49BFA3-AC7C-4B18-94C1-7BCEE814F820}.Release|x86.Build.0 = Release|Win32
		{43897769-18F2-4213-A27C-65A908251588}.Debug|x64.ActiveCfg = Debug|x64
		{43897769-18F2-4213-A27C-65A908251588}.Debug|x64.Build.0 = Debug|x64
		{43897769-18F2-4213-A27C-65A908251588}.Debug|x86.ActiveCfg = Debug|Win32
		{43897769-18F2-4213-A27C-65A908251588}.Debug|x86.Build.0 = Debug|Win32
		{43897769-18F2-4213-A27C-65A908251588}.Release|x64.ActiveCfg = Release|x64
		{43897769-18F2-4213-A27C-65A908251588}.Release|x64.Build.0 = Release|x64
		{43897769-18F2-4213-A27C-65A908251588}.Release|x86.ActiveCfg = Release|Win32
		{43897769-18F2-4213-A27C-65A908251588}.Release|x86.Build.0 = Release|Win32
		{F9E9DC04-E8DF-4FF9-9AE2-74F7EDDFB182}.Debug|x64.ActiveCfg = Debug|x64
		{F9E9DC04-E8DF-4FF9-9AE2-74F7EDDFB182}.Debug|x64.Build.0 = Debug|x64
		{F9E9DC04-E8DF-4FF9-9AE2-74F7EDDFB182}.Debug|x86.ActiveCfg = Debug|Win32
		{F9E9DC04-E8DF-4FF9-9AE2-74F7EDDFB182}.Debug|x86.Build.0 = Debug|Win32
		{F9E9DC04-E8DF-4FF9-9AE2-74F7EDDFB182}.Release|x64.ActiveCfg = Release|x64
		{F9E9DC04-E8DF-4FF9-9AE2-74F7EDDFB182}.Release|x64.Build.0 = Release|x64
		{F9E9DC04-E8DF-4FF9-9AE2-74F7EDDFB182}.Release|x86.ActiveCfg = Release|Win32
		{F9E9DC04-E8DF-4FF9-9AE2-74F7EDDFB182}.Release|x86.Build.0 = Release|Win32
		{03C2EE53-7F59-449E-82C2-3DBBBCC7E3B0}.Debug|x64.ActiveCfg = Debug|x64
		{03C2EE53-7F59-449E-82C2-3DBBBCC7E3B0}.Debug|x64.Build.0 = Debug|x64
		{03C2EE53-7F59-449E-82C2-3DBBBCC7E3B0}.Debug|x86.ActiveCfg = Debug|Win32
		{03C2EE53-7F59-449E-82C2-3DBBBCC7E3B0}.Debug|x86.Build.0 = Debug|Win32
		{03C2EE53-7F59-449E-82C2-3DBBBCC7E3B0}.Release|x64.ActiveCfg = Release|x64
		{03C2EE53-7F59-449E-82C2-3DBBBCC7E3B0}.Release|x64.Build.0 = Release|x64
		{03C2EE53-7F59-449E-82C2-3DBBBCC7E3B0}.Release|x86.ActiveCfg = Release|Win32
		{03C2EE53-7F59-449E-82C2-3DBBBCC7E3B0}.Release|x86.Build.0 = Release|Win32
		{2E3C0AD0-DE88-49C7-88B0-5DFC7090768B}.Debug|x64.ActiveCfg = Debug|x64
		{2E3C0AD0-DE88-49C7-88B0-5DFC7090768B}.Debug|x64.Build.0 = Debug|x64
		{2E3C0AD0-DE88-49C7-88B0-5DFC7090768B}.Debug|x86.ActiveCfg = Debug|Win32
		{2E3C0AD0-DE88-49C7-88B0-5DFC7090768B}.Debug|x86.Build.0 = Debug|Win32
		{2E3C0AD0-DE88-49C7-88B0-5DFC7090768B}.Release|x64.ActiveCfg = Release|x64
		{2E3C0AD0-DE88-49C7-88B0-5DFC7090768B}.Release|x64.Build.0 = Release|x64
		{2E3C0AD0-DE88-49C7-88B0-5DFC7090768B}.Release|x86.ActiveCfg = Release|Win32
		{2E3C0AD0-DE88-49C7-88B0-5DFC7090768B}.Release|x86.Build.0 = Release|Win32
		{9AE0BD7E-EEFB-4C95-B5D1-90EC30741776}.Debug|x64.ActiveCfg = Debug|x64
		{9AE0BD7E-EEFB-4C95-B5D1-90EC30741776}.Debug|x64.Build.0 = Debug|x64
		{9AE0BD7E-EEFB-4C95-B5D1-90EC30741776}.Debug|x86.ActiveCfg = Debug|Win32
		{9AE0BD7E-EEFB-4C95-B5D1-90EC30741776}.Debug|x86.Build.0 = Debug|Win32
		{9AE0BD7E-EEFB-4C95-B5D1-90EC30741776}.Release|x64.ActiveCfg = Release|x64
		{9AE0BD7E-EEFB-4C95-B5D1-90EC30741776}.Release|x64.Build.0 = Release|x64
		{9AE0BD7E-EEFB-4C95-B5D1-90EC30741776}.Release|x86.ActiveCfg = Release|Win32
		{9AE0BD7E-EEFB-4C95-B5D1-90EC30741776}.Release|x86.Build.0 = Release|Win32
		{2AAAF7B8-6AD4-4C95-A523-099AD2D471D9}.Debug|x64.ActiveCfg = Debug|x64
		{2AAAF7B8-6AD4-4C95-A523-099AD2D471D9}.Debug|x64.Build.0 = Debug|x64
		{2AAAF7B8-6AD4-4C95-A523-099AD2D471D9}.Debug|x86.ActiveCfg = Debug|Win32
		{2AAAF7B8-6AD4-4C95-A523-099AD2D471D9}.Debug|x86.Build.0 = Debug|Win32
		{2AAAF7B8-6AD4-4C95-A523-099AD2D471D9}.Release|x64.ActiveCfg = Release|x64
		{2AAAF7B8-6AD4-4C95-A523-099AD2D471D9}.Release|x64.Build.0 = Release|x64
		{2AAAF7B8-6AD4-4C95-A523-099AD2D471D9}.Release|x86.ActiveCfg = Release|Win32
		{2AAAF7B8-6AD4-4C95-A523-099AD2D471D9}.Release|x86.Build.0 = Release|Win32
		{ED076DEB-6A71-4553-9D5C-E882D3AE838A}.Debug|x64.ActiveCfg = Debug|x64
		{ED076DEB-6A71-4553-9D5C-E882D3AE838A}.Debug|x64.Build.0 = Debug|x64
		{ED076DEB-6A71-4553-9D5C-E882D3AE838A}.Debug|x86.ActiveCfg = Debug|Win32
		{ED076DEB-6A71-4553-9D5C-E882D3AE838A}.Debug|x86.Build.0 = Debug|Win32
		{ED076DEB-6A71-4553-9D5C-E882D3AE838A}.Release|x64.ActiveCfg = Release|x64
		{ED076DEB-6A71-4553-9D5C-E882D3AE838A}.Release|x64.Build.0 = Release|x64
		{ED076DEB-6A71-4553-9D5C-E882D3AE838A}.Release|x86.ActiveCfg = Release|Win32
		{ED076DEB-6A71-4553-9D5C-E882D3AE838A}.Release|x86.Build.0 = Release|Win32
	EndGlobalSection
	GlobalSection(SolutionProperties) = preSolution
		HideSolutionNode = FALSE
	EndGlobalSection
	GlobalSection(ExtensibilityGlobals) = postSolution
		SolutionGuid = {F0D20BD4-B06A-45C1-95B8-27B85165277F}
	EndGlobalSection
EndGlobal
