
Microsoft Visual Studio Solution File, Format Version 12.00
# Visual Studio Version 17
VisualStudioVersion = 17.14.36310.24
MinimumVisualStudioVersion = 10.0.40219.1
Project("{8BC9CEB8-8B4A-11D0-8D11-00A0C91BC942}") = "Drill01", "Drill01\Drill01.vcxproj", "{DA15D11F-A9D0-4EDB-996F-1E23A1C9F18D}"
EndProject
Project("{8BC9CEB8-8B4A-11D0-8D11-00A0C91BC942}") = "Drill02", "Drill02\Drill02.vcxproj", "{3B1C0F03-50CF-4E20-A806-536BBEF7AA85}"
EndProject
Project("{8BC9CEB8-8B4A-11D0-8D11-00A0C91BC942}") = "Drill03", "Drill03\Drill03.vcxproj", "{836876BE-3F47-4767-BEF8-1EA0E6DF8595}"
EndProject
Project("{8BC9CEB8-8B4A-11D0-8D11-00A0C91BC942}") = "Drill04", "Drill04\Drill04.vcxproj", "{85C64B39-55A3-4BCB-BB20-1EF17ACBBA8C}"
EndProject
Project("{8BC9CEB8-8B4A-11D0-8D11-00A0C91BC942}") = "Drill05", "Drill05\Drill05.vcxproj", "{B231A997-8B34-4010-A110-C97177D75E24}"
EndProject
Project("{8BC9CEB8-8B4A-11D0-8D11-00A0C91BC942}") = "Drill06", "Drill06\Drill06.vcxproj", "{BB4C6FD5-5873-493D-A060-3D3279C06D3C}"
EndProject
Project("{8BC9CEB8-8B4A-11D0-8D11-00A0C91BC942}") = "Drill07", "Drill07\Drill07.vcxproj", "{26F71054-1E11-4243-AB06-FDB1EAFF5762}"
EndProject
Project("{8BC9CEB8-8B4A-11D0-8D11-00A0C91BC942}") = "Drill08", "Drill08\Drill08.vcxproj", "{BB9D43FC-6DB6-4406-A592-38B6511ACE26}"
EndProject
Project("{8BC9CEB8-8B4A-11D0-8D11-00A0C91BC942}") = "Drill09", "Drill09\Drill09.vcxproj", "{6A3B3422-15F8-428A-852B-7E647293DA89}"
EndProject
Project("{8BC9CEB8-8B4A-11D0-8D11-00A0C91BC942}") = "Drill10", "Drill10\Drill10.vcxproj", "{3F5040DB-EF44-41F1-ACAA-C2D371DBC8ED}"
EndProject
Project("{8BC9CEB8-8B4A-11D0-8D11-00A0C91BC942}") = "Drill11", "Drill11\Drill11.vcxproj", "{59E10EC1-78EE-4634-8E6D-CA1EC6DB6176}"
EndProject
Project("{8BC9CEB8-8B4A-11D0-8D11-00A0C91BC942}") = "Drill12", "Drill12\Drill12.vcxproj", "{C58B1124-8C58-4964-B07A-737CC83F9D17}"
EndProject
Project("{8BC9CEB8-8B4A-11D0-8D11-00A0C91BC942}") = "Drill13", "Drill13\Drill13.vcxproj", "{45288010-B36D-4427-A741-810D73B34525}"
EndProject
Project("{8BC9CEB8-8B4A-11D0-8D11-00A0C91BC942}") = "Drill14", "Drill14\Drill14.vcxproj", "{D30248CF-3039-4440-B9EB-1E2B735F1E3F}"
EndProject
Project("{8BC9CEB8-8B4A-11D0-8D11-00A0C91BC942}") = "Open Challenge", "Open Challenge\Open Challenge.vcxproj", "{B9A2782A-F202-4C99-871F-B1FFFB5996A1}"
EndProject
Project("{8BC9CEB8-8B4A-11D0-8D11-00A0C91BC942}") = "Exercise01", "Exercise01\Exercise01.vcxproj", "{6B2895BF-4A77-4408-91ED-D3EB72A10D3F}"
EndProject
Project("{8BC9CEB8-8B4A-11D0-8D11-00A0C91BC942}") = "Exercise02", "Exercise02\Exercise02.vcxproj", "{BDBBD415-D5C5-4F42-A934-5626314926CB}"
EndProject
Project("{8BC9CEB8-8B4A-11D0-8D11-00A0C91BC942}") = "Exercise03", "Exercise03\Exercise03.vcxproj", "{0E7DE59D-E292-408B-A873-2EECF87C4508}"
EndProject
Project("{8BC9CEB8-8B4A-11D0-8D11-00A0C91BC942}") = "Exercise04", "Exercise04\Exercise04.vcxproj", "{2DDA4332-2F2B-4B90-BDD4-4F5CA1CE0D1C}"
EndProject
Project("{8BC9CEB8-8B4A-11D0-8D11-00A0C91BC942}") = "Exercise05", "Exercise05\Exercise05.vcxproj", "{4F16798C-4B82-4376-AC14-1AA90C811D82}"
EndProject
Project("{8BC9CEB8-8B4A-11D0-8D11-00A0C91BC942}") = "Exercise06", "Exercise06\Exercise06.vcxproj", "{63401D59-EDA5-4CB1-83E4-AB0EC8B60083}"
EndProject
Project("{8BC9CEB8-8B4A-11D0-8D11-00A0C91BC942}") = "Exercise07", "Exercise07\Exercise07.vcxproj", "{AB53BF80-03D0-4386-B40A-7DB35AB41E60}"
EndProject
Project("{8BC9CEB8-8B4A-11D0-8D11-00A0C91BC942}") = "Exercise08", "Exercise08\Exercise08.vcxproj", "{176AA8D0-E172-4111-8F84-20663DC74011}"
EndProject
Project("{8BC9CEB8-8B4A-11D0-8D11-00A0C91BC942}") = "Exercise09", "Exercise09\Exercise09.vcxproj", "{DE11DF7A-DD82-4A90-A4B2-16603E14C1A5}"
EndProject
Project("{8BC9CEB8-8B4A-11D0-8D11-00A0C91BC942}") = "Exercise10", "Exercise10\Exercise10.vcxproj", "{34A9ADCF-27C1-400F-85F4-76EF5A2018EC}"
EndProject
Project("{8BC9CEB8-8B4A-11D0-8D11-00A0C91BC942}") = "Exercise11", "Exercise11\Exercise11.vcxproj", "{87140362-EF49-4233-BF79-7D81572B2C6A}"
EndProject
Project("{8BC9CEB8-8B4A-11D0-8D11-00A0C91BC942}") = "Exercise12", "Exercise12\Exercise12.vcxproj", "{F77DDA98-D761-412E-ADD8-8BADD81EC3E3}"
EndProject
Global
	GlobalSection(SolutionConfigurationPlatforms) = preSolution
		Debug|x64 = Debug|x64
		Debug|x86 = Debug|x86
		Release|x64 = Release|x64
		Release|x86 = Release|x86
	EndGlobalSection
	GlobalSection(ProjectConfigurationPlatforms) = postSolution
		{DA15D11F-A9D0-4EDB-996F-1E23A1C9F18D}.Debug|x64.ActiveCfg = Debug|x64
		{DA15D11F-A9D0-4EDB-996F-1E23A1C9F18D}.Debug|x64.Build.0 = Debug|x64
		{DA15D11F-A9D0-4EDB-996F-1E23A1C9F18D}.Debug|x86.ActiveCfg = Debug|Win32
		{DA15D11F-A9D0-4EDB-996F-1E23A1C9F18D}.Debug|x86.Build.0 = Debug|Win32
		{DA15D11F-A9D0-4EDB-996F-1E23A1C9F18D}.Release|x64.ActiveCfg = Release|x64
		{DA15D11F-A9D0-4EDB-996F-1E23A1C9F18D}.Release|x64.Build.0 = Release|x64
		{DA15D11F-A9D0-4EDB-996F-1E23A1C9F18D}.Release|x86.ActiveCfg = Release|Win32
		{DA15D11F-A9D0-4EDB-996F-1E23A1C9F18D}.Release|x86.Build.0 = Release|Win32
		{3B1C0F03-50CF-4E20-A806-536BBEF7AA85}.Debug|x64.ActiveCfg = Debug|x64
		{3B1C0F03-50CF-4E20-A806-536BBEF7AA85}.Debug|x64.Build.0 = Debug|x64
		{3B1C0F03-50CF-4E20-A806-536BBEF7AA85}.Debug|x86.ActiveCfg = Debug|Win32
		{3B1C0F03-50CF-4E20-A806-536BBEF7AA85}.Debug|x86.Build.0 = Debug|Win32
		{3B1C0F03-50CF-4E20-A806-536BBEF7AA85}.Release|x64.ActiveCfg = Release|x64
		{3B1C0F03-50CF-4E20-A806-536BBEF7AA85}.Release|x64.Build.0 = Release|x64
		{3B1C0F03-50CF-4E20-A806-536BBEF7AA85}.Release|x86.ActiveCfg = Release|Win32
		{3B1C0F03-50CF-4E20-A806-536BBEF7AA85}.Release|x86.Build.0 = Release|Win32
		{836876BE-3F47-4767-BEF8-1EA0E6DF8595}.Debug|x64.ActiveCfg = Debug|x64
		{836876BE-3F47-4767-BEF8-1EA0E6DF8595}.Debug|x64.Build.0 = Debug|x64
		{836876BE-3F47-4767-BEF8-1EA0E6DF8595}.Debug|x86.ActiveCfg = Debug|Win32
		{836876BE-3F47-4767-BEF8-1EA0E6DF8595}.Debug|x86.Build.0 = Debug|Win32
		{836876BE-3F47-4767-BEF8-1EA0E6DF8595}.Release|x64.ActiveCfg = Release|x64
		{836876BE-3F47-4767-BEF8-1EA0E6DF8595}.Release|x64.Build.0 = Release|x64
		{836876BE-3F47-4767-BEF8-1EA0E6DF8595}.Release|x86.ActiveCfg = Release|Win32
		{836876BE-3F47-4767-BEF8-1EA0E6DF8595}.Release|x86.Build.0 = Release|Win32
		{85C64B39-55A3-4BCB-BB20-1EF17ACBBA8C}.Debug|x64.ActiveCfg = Debug|x64
		{85C64B39-55A3-4BCB-BB20-1EF17ACBBA8C}.Debug|x64.Build.0 = Debug|x64
		{85C64B39-55A3-4BCB-BB20-1EF17ACBBA8C}.Debug|x86.ActiveCfg = Debug|Win32
		{85C64B39-55A3-4BCB-BB20-1EF17ACBBA8C}.Debug|x86.Build.0 = Debug|Win32
		{85C64B39-55A3-4BCB-BB20-1EF17ACBBA8C}.Release|x64.ActiveCfg = Release|x64
		{85C64B39-55A3-4BCB-BB20-1EF17ACBBA8C}.Release|x64.Build.0 = Release|x64
		{85C64B39-55A3-4BCB-BB20-1EF17ACBBA8C}.Release|x86.ActiveCfg = Release|Win32
		{85C64B39-55A3-4BCB-BB20-1EF17ACBBA8C}.Release|x86.Build.0 = Release|Win32
		{B231A997-8B34-4010-A110-C97177D75E24}.Debug|x64.ActiveCfg = Debug|x64
		{B231A997-8B34-4010-A110-C97177D75E24}.Debug|x64.Build.0 = Debug|x64
		{B231A997-8B34-4010-A110-C97177D75E24}.Debug|x86.ActiveCfg = Debug|Win32
		{B231A997-8B34-4010-A110-C97177D75E24}.Debug|x86.Build.0 = Debug|Win32
		{B231A997-8B34-4010-A110-C97177D75E24}.Release|x64.ActiveCfg = Release|x64
		{B231A997-8B34-4010-A110-C97177D75E24}.Release|x64.Build.0 = Release|x64
		{B231A997-8B34-4010-A110-C97177D75E24}.Release|x86.ActiveCfg = Release|Win32
		{B231A997-8B34-4010-A110-C97177D75E24}.Release|x86.Build.0 = Release|Win32
		{BB4C6FD5-5873-493D-A060-3D3279C06D3C}.Debug|x64.ActiveCfg = Debug|x64
		{BB4C6FD5-5873-493D-A060-3D3279C06D3C}.Debug|x64.Build.0 = Debug|x64
		{BB4C6FD5-5873-493D-A060-3D3279C06D3C}.Debug|x86.ActiveCfg = Debug|Win32
		{BB4C6FD5-5873-493D-A060-3D3279C06D3C}.Debug|x86.Build.0 = Debug|Win32
		{BB4C6FD5-5873-493D-A060-3D3279C06D3C}.Release|x64.ActiveCfg = Release|x64
		{BB4C6FD5-5873-493D-A060-3D3279C06D3C}.Release|x64.Build.0 = Release|x64
		{BB4C6FD5-5873-493D-A060-3D3279C06D3C}.Release|x86.ActiveCfg = Release|Win32
		{BB4C6FD5-5873-493D-A060-3D3279C06D3C}.Release|x86.Build.0 = Release|Win32
		{26F71054-1E11-4243-AB06-FDB1EAFF5762}.Debug|x64.ActiveCfg = Debug|x64
		{26F71054-1E11-4243-AB06-FDB1EAFF5762}.Debug|x64.Build.0 = Debug|x64
		{26F71054-1E11-4243-AB06-FDB1EAFF5762}.Debug|x86.ActiveCfg = Debug|Win32
		{26F71054-1E11-4243-AB06-FDB1EAFF5762}.Debug|x86.Build.0 = Debug|Win32
		{26F71054-1E11-4243-AB06-FDB1EAFF5762}.Release|x64.ActiveCfg = Release|x64
		{26F71054-1E11-4243-AB06-FDB1EAFF5762}.Release|x64.Build.0 = Release|x64
		{26F71054-1E11-4243-AB06-FDB1EAFF5762}.Release|x86.ActiveCfg = Release|Win32
		{26F71054-1E11-4243-AB06-FDB1EAFF5762}.Release|x86.Build.0 = Release|Win32
		{BB9D43FC-6DB6-4406-A592-38B6511ACE26}.Debug|x64.ActiveCfg = Debug|x64
		{BB9D43FC-6DB6-4406-A592-38B6511ACE26}.Debug|x64.Build.0 = Debug|x64
		{BB9D43FC-6DB6-4406-A592-38B6511ACE26}.Debug|x86.ActiveCfg = Debug|Win32
		{BB9D43FC-6DB6-4406-A592-38B6511ACE26}.Debug|x86.Build.0 = Debug|Win32
		{BB9D43FC-6DB6-4406-A592-38B6511ACE26}.Release|x64.ActiveCfg = Release|x64
		{BB9D43FC-6DB6-4406-A592-38B6511ACE26}.Release|x64.Build.0 = Release|x64
		{BB9D43FC-6DB6-4406-A592-38B6511ACE26}.Release|x86.ActiveCfg = Release|Win32
		{BB9D43FC-6DB6-4406-A592-38B6511ACE26}.Release|x86.Build.0 = Release|Win32
		{6A3B3422-15F8-428A-852B-7E647293DA89}.Debug|x64.ActiveCfg = Debug|x64
		{6A3B3422-15F8-428A-852B-7E647293DA89}.Debug|x64.Build.0 = Debug|x64
		{6A3B3422-15F8-428A-852B-7E647293DA89}.Debug|x86.ActiveCfg = Debug|Win32
		{6A3B3422-15F8-428A-852B-7E647293DA89}.Debug|x86.Build.0 = Debug|Win32
		{6A3B3422-15F8-428A-852B-7E647293DA89}.Release|x64.ActiveCfg = Release|x64
		{6A3B3422-15F8-428A-852B-7E647293DA89}.Release|x64.Build.0 = Release|x64
		{6A3B3422-15F8-428A-852B-7E647293DA89}.Release|x86.ActiveCfg = Release|Win32
		{6A3B3422-15F8-428A-852B-7E647293DA89}.Release|x86.Build.0 = Release|Win32
		{3F5040DB-EF44-41F1-ACAA-C2D371DBC8ED}.Debug|x64.ActiveCfg = Debug|x64
		{3F5040DB-EF44-41F1-ACAA-C2D371DBC8ED}.Debug|x64.Build.0 = Debug|x64
		{3F5040DB-EF44-41F1-ACAA-C2D371DBC8ED}.Debug|x86.ActiveCfg = Debug|Win32
		{3F5040DB-EF44-41F1-ACAA-C2D371DBC8ED}.Debug|x86.Build.0 = Debug|Win32
		{3F5040DB-EF44-41F1-ACAA-C2D371DBC8ED}.Release|x64.ActiveCfg = Release|x64
		{3F5040DB-EF44-41F1-ACAA-C2D371DBC8ED}.Release|x64.Build.0 = Release|x64
		{3F5040DB-EF44-41F1-ACAA-C2D371DBC8ED}.Release|x86.ActiveCfg = Release|Win32
		{3F5040DB-EF44-41F1-ACAA-C2D371DBC8ED}.Release|x86.Build.0 = Release|Win32
		{59E10EC1-78EE-4634-8E6D-CA1EC6DB6176}.Debug|x64.ActiveCfg = Debug|x64
		{59E10EC1-78EE-4634-8E6D-CA1EC6DB6176}.Debug|x64.Build.0 = Debug|x64
		{59E10EC1-78EE-4634-8E6D-CA1EC6DB6176}.Debug|x86.ActiveCfg = Debug|Win32
		{59E10EC1-78EE-4634-8E6D-CA1EC6DB6176}.Debug|x86.Build.0 = Debug|Win32
		{59E10EC1-78EE-4634-8E6D-CA1EC6DB6176}.Release|x64.ActiveCfg = Release|x64
		{59E10EC1-78EE-4634-8E6D-CA1EC6DB6176}.Release|x64.Build.0 = Release|x64
		{59E10EC1-78EE-4634-8E6D-CA1EC6DB6176}.Release|x86.ActiveCfg = Release|Win32
		{59E10EC1-78EE-4634-8E6D-CA1EC6DB6176}.Release|x86.Build.0 = Release|Win32
		{C58B1124-8C58-4964-B07A-737CC83F9D17}.Debug|x64.ActiveCfg = Debug|x64
		{C58B1124-8C58-4964-B07A-737CC83F9D17}.Debug|x64.Build.0 = Debug|x64
		{C58B1124-8C58-4964-B07A-737CC83F9D17}.Debug|x86.ActiveCfg = Debug|Win32
		{C58B1124-8C58-4964-B07A-737CC83F9D17}.Debug|x86.Build.0 = Debug|Win32
		{C58B1124-8C58-4964-B07A-737CC83F9D17}.Release|x64.ActiveCfg = Release|x64
		{C58B1124-8C58-4964-B07A-737CC83F9D17}.Release|x64.Build.0 = Release|x64
		{C58B1124-8C58-4964-B07A-737CC83F9D17}.Release|x86.ActiveCfg = Release|Win32
		{C58B1124-8C58-4964-B07A-737CC83F9D17}.Release|x86.Build.0 = Release|Win32
		{45288010-B36D-4427-A741-810D73B34525}.Debug|x64.ActiveCfg = Debug|x64
		{45288010-B36D-4427-A741-810D73B34525}.Debug|x64.Build.0 = Debug|x64
		{45288010-B36D-4427-A741-810D73B34525}.Debug|x86.ActiveCfg = Debug|Win32
		{45288010-B36D-4427-A741-810D73B34525}.Debug|x86.Build.0 = Debug|Win32
		{45288010-B36D-4427-A741-810D73B34525}.Release|x64.ActiveCfg = Release|x64
		{45288010-B36D-4427-A741-810D73B34525}.Release|x64.Build.0 = Release|x64
		{45288010-B36D-4427-A741-810D73B34525}.Release|x86.ActiveCfg = Release|Win32
		{45288010-B36D-4427-A741-810D73B34525}.Release|x86.Build.0 = Release|Win32
		{D30248CF-3039-4440-B9EB-1E2B735F1E3F}.Debug|x64.ActiveCfg = Debug|x64
		{D30248CF-3039-4440-B9EB-1E2B735F1E3F}.Debug|x64.Build.0 = Debug|x64
		{D30248CF-3039-4440-B9EB-1E2B735F1E3F}.Debug|x86.ActiveCfg = Debug|Win32
		{D30248CF-3039-4440-B9EB-1E2B735F1E3F}.Debug|x86.Build.0 = Debug|Win32
		{D30248CF-3039-4440-B9EB-1E2B735F1E3F}.Release|x64.ActiveCfg = Release|x64
		{D30248CF-3039-4440-B9EB-1E2B735F1E3F}.Release|x64.Build.0 = Release|x64
		{D30248CF-3039-4440-B9EB-1E2B735F1E3F}.Release|x86.ActiveCfg = Release|Win32
		{D30248CF-3039-4440-B9EB-1E2B735F1E3F}.Release|x86.Build.0 = Release|Win32
		{B9A2782A-F202-4C99-871F-B1FFFB5996A1}.Debug|x64.ActiveCfg = Debug|x64
		{B9A2782A-F202-4C99-871F-B1FFFB5996A1}.Debug|x64.Build.0 = Debug|x64
		{B9A2782A-F202-4C99-871F-B1FFFB5996A1}.Debug|x86.ActiveCfg = Debug|Win32
		{B9A2782A-F202-4C99-871F-B1FFFB5996A1}.Debug|x86.Build.0 = Debug|Win32
		{B9A2782A-F202-4C99-871F-B1FFFB5996A1}.Release|x64.ActiveCfg = Release|x64
		{B9A2782A-F202-4C99-871F-B1FFFB5996A1}.Release|x64.Build.0 = Release|x64
		{B9A2782A-F202-4C99-871F-B1FFFB5996A1}.Release|x86.ActiveCfg = Release|Win32
		{B9A2782A-F202-4C99-871F-B1FFFB5996A1}.Release|x86.Build.0 = Release|Win32
		{6B2895BF-4A77-4408-91ED-D3EB72A10D3F}.Debug|x64.ActiveCfg = Debug|x64
		{6B2895BF-4A77-4408-91ED-D3EB72A10D3F}.Debug|x64.Build.0 = Debug|x64
		{6B2895BF-4A77-4408-91ED-D3EB72A10D3F}.Debug|x86.ActiveCfg = Debug|Win32
		{6B2895BF-4A77-4408-91ED-D3EB72A10D3F}.Debug|x86.Build.0 = Debug|Win32
		{6B2895BF-4A77-4408-91ED-D3EB72A10D3F}.Release|x64.ActiveCfg = Release|x64
		{6B2895BF-4A77-4408-91ED-D3EB72A10D3F}.Release|x64.Build.0 = Release|x64
		{6B2895BF-4A77-4408-91ED-D3EB72A10D3F}.Release|x86.ActiveCfg = Release|Win32
		{6B2895BF-4A77-4408-91ED-D3EB72A10D3F}.Release|x86.Build.0 = Release|Win32
		{BDBBD415-D5C5-4F42-A934-5626314926CB}.Debug|x64.ActiveCfg = Debug|x64
		{BDBBD415-D5C5-4F42-A934-5626314926CB}.Debug|x64.Build.0 = Debug|x64
		{BDBBD415-D5C5-4F42-A934-5626314926CB}.Debug|x86.ActiveCfg = Debug|Win32
		{BDBBD415-D5C5-4F42-A934-5626314926CB}.Debug|x86.Build.0 = Debug|Win32
		{BDBBD415-D5C5-4F42-A934-5626314926CB}.Release|x64.ActiveCfg = Release|x64
		{BDBBD415-D5C5-4F42-A934-5626314926CB}.Release|x64.Build.0 = Release|x64
		{BDBBD415-D5C5-4F42-A934-5626314926CB}.Release|x86.ActiveCfg = Release|Win32
		{BDBBD415-D5C5-4F42-A934-5626314926CB}.Release|x86.Build.0 = Release|Win32
		{0E7DE59D-E292-408B-A873-2EECF87C4508}.Debug|x64.ActiveCfg = Debug|x64
		{0E7DE59D-E292-408B-A873-2EECF87C4508}.Debug|x64.Build.0 = Debug|x64
		{0E7DE59D-E292-408B-A873-2EECF87C4508}.Debug|x86.ActiveCfg = Debug|Win32
		{0E7DE59D-E292-408B-A873-2EECF87C4508}.Debug|x86.Build.0 = Debug|Win32
		{0E7DE59D-E292-408B-A873-2EECF87C4508}.Release|x64.ActiveCfg = Release|x64
		{0E7DE59D-E292-408B-A873-2EECF87C4508}.Release|x64.Build.0 = Release|x64
		{0E7DE59D-E292-408B-A873-2EECF87C4508}.Release|x86.ActiveCfg = Release|Win32
		{0E7DE59D-E292-408B-A873-2EECF87C4508}.Release|x86.Build.0 = Release|Win32
		{2DDA4332-2F2B-4B90-BDD4-4F5CA1CE0D1C}.Debug|x64.ActiveCfg = Debug|x64
		{2DDA4332-2F2B-4B90-BDD4-4F5CA1CE0D1C}.Debug|x64.Build.0 = Debug|x64
		{2DDA4332-2F2B-4B90-BDD4-4F5CA1CE0D1C}.Debug|x86.ActiveCfg = Debug|Win32
		{2DDA4332-2F2B-4B90-BDD4-4F5CA1CE0D1C}.Debug|x86.Build.0 = Debug|Win32
		{2DDA4332-2F2B-4B90-BDD4-4F5CA1CE0D1C}.Release|x64.ActiveCfg = Release|x64
		{2DDA4332-2F2B-4B90-BDD4-4F5CA1CE0D1C}.Release|x64.Build.0 = Release|x64
		{2DDA4332-2F2B-4B90-BDD4-4F5CA1CE0D1C}.Release|x86.ActiveCfg = Release|Win32
		{2DDA4332-2F2B-4B90-BDD4-4F5CA1CE0D1C}.Release|x86.Build.0 = Release|Win32
		{4F16798C-4B82-4376-AC14-1AA90C811D82}.Debug|x64.ActiveCfg = Debug|x64
		{4F16798C-4B82-4376-AC14-1AA90C811D82}.Debug|x64.Build.0 = Debug|x64
		{4F16798C-4B82-4376-AC14-1AA90C811D82}.Debug|x86.ActiveCfg = Debug|Win32
		{4F16798C-4B82-4376-AC14-1AA90C811D82}.Debug|x86.Build.0 = Debug|Win32
		{4F16798C-4B82-4376-AC14-1AA90C811D82}.Release|x64.ActiveCfg = Release|x64
		{4F16798C-4B82-4376-AC14-1AA90C811D82}.Release|x64.Build.0 = Release|x64
		{4F16798C-4B82-4376-AC14-1AA90C811D82}.Release|x86.ActiveCfg = Release|Win32
		{4F16798C-4B82-4376-AC14-1AA90C811D82}.Release|x86.Build.0 = Release|Win32
		{63401D59-EDA5-4CB1-83E4-AB0EC8B60083}.Debug|x64.ActiveCfg = Debug|x64
		{63401D59-EDA5-4CB1-83E4-AB0EC8B60083}.Debug|x64.Build.0 = Debug|x64
		{63401D59-EDA5-4CB1-83E4-AB0EC8B60083}.Debug|x86.ActiveCfg = Debug|Win32
		{63401D59-EDA5-4CB1-83E4-AB0EC8B60083}.Debug|x86.Build.0 = Debug|Win32
		{63401D59-EDA5-4CB1-83E4-AB0EC8B60083}.Release|x64.ActiveCfg = Release|x64
		{63401D59-EDA5-4CB1-83E4-AB0EC8B60083}.Release|x64.Build.0 = Release|x64
		{63401D59-EDA5-4CB1-83E4-AB0EC8B60083}.Release|x86.ActiveCfg = Release|Win32
		{63401D59-EDA5-4CB1-83E4-AB0EC8B60083}.Release|x86.Build.0 = Release|Win32
		{AB53BF80-03D0-4386-B40A-7DB35AB41E60}.Debug|x64.ActiveCfg = Debug|x64
		{AB53BF80-03D0-4386-B40A-7DB35AB41E60}.Debug|x64.Build.0 = Debug|x64
		{AB53BF80-03D0-4386-B40A-7DB35AB41E60}.Debug|x86.ActiveCfg = Debug|Win32
		{AB53BF80-03D0-4386-B40A-7DB35AB41E60}.Debug|x86.Build.0 = Debug|Win32
		{AB53BF80-03D0-4386-B40A-7DB35AB41E60}.Release|x64.ActiveCfg = Release|x64
		{AB53BF80-03D0-4386-B40A-7DB35AB41E60}.Release|x64.Build.0 = Release|x64
		{AB53BF80-03D0-4386-B40A-7DB35AB41E60}.Release|x86.ActiveCfg = Release|Win32
		{AB53BF80-03D0-4386-B40A-7DB35AB41E60}.Release|x86.Build.0 = Release|Win32
		{176AA8D0-E172-4111-8F84-20663DC74011}.Debug|x64.ActiveCfg = Debug|x64
		{176AA8D0-E172-4111-8F84-20663DC74011}.Debug|x64.Build.0 = Debug|x64
		{176AA8D0-E172-4111-8F84-20663DC74011}.Debug|x86.ActiveCfg = Debug|Win32
		{176AA8D0-E172-4111-8F84-20663DC74011}.Debug|x86.Build.0 = Debug|Win32
		{176AA8D0-E172-4111-8F84-20663DC74011}.Release|x64.ActiveCfg = Release|x64
		{176AA8D0-E172-4111-8F84-20663DC74011}.Release|x64.Build.0 = Release|x64
		{176AA8D0-E172-4111-8F84-20663DC74011}.Release|x86.ActiveCfg = Release|Win32
		{176AA8D0-E172-4111-8F84-20663DC74011}.Release|x86.Build.0 = Release|Win32
		{DE11DF7A-DD82-4A90-A4B2-16603E14C1A5}.Debug|x64.ActiveCfg = Debug|x64
		{DE11DF7A-DD82-4A90-A4B2-16603E14C1A5}.Debug|x64.Build.0 = Debug|x64
		{DE11DF7A-DD82-4A90-A4B2-16603E14C1A5}.Debug|x86.ActiveCfg = Debug|Win32
		{DE11DF7A-DD82-4A90-A4B2-16603E14C1A5}.Debug|x86.Build.0 = Debug|Win32
		{DE11DF7A-DD82-4A90-A4B2-16603E14C1A5}.Release|x64.ActiveCfg = Release|x64
		{DE11DF7A-DD82-4A90-A4B2-16603E14C1A5}.Release|x64.Build.0 = Release|x64
		{DE11DF7A-DD82-4A90-A4B2-16603E14C1A5}.Release|x86.ActiveCfg = Release|Win32
		{DE11DF7A-DD82-4A90-A4B2-16603E14C1A5}.Release|x86.Build.0 = Release|Win32
		{34A9ADCF-27C1-400F-85F4-76EF5A2018EC}.Debug|x64.ActiveCfg = Debug|x64
		{34A9ADCF-27C1-400F-85F4-76EF5A2018EC}.Debug|x64.Build.0 = Debug|x64
		{34A9ADCF-27C1-400F-85F4-76EF5A2018EC}.Debug|x86.ActiveCfg = Debug|Win32
		{34A9ADCF-27C1-400F-85F4-76EF5A2018EC}.Debug|x86.Build.0 = Debug|Win32
		{34A9ADCF-27C1-400F-85F4-76EF5A2018EC}.Release|x64.ActiveCfg = Release|x64
		{34A9ADCF-27C1-400F-85F4-76EF5A2018EC}.Release|x64.Build.0 = Release|x64
		{34A9ADCF-27C1-400F-85F4-76EF5A2018EC}.Release|x86.ActiveCfg = Release|Win32
		{34A9ADCF-27C1-400F-85F4-76EF5A2018EC}.Release|x86.Build.0 = Release|Win32
		{87140362-EF49-4233-BF79-7D81572B2C6A}.Debug|x64.ActiveCfg = Debug|x64
		{87140362-EF49-4233-BF79-7D81572B2C6A}.Debug|x64.Build.0 = Debug|x64
		{87140362-EF49-4233-BF79-7D81572B2C6A}.Debug|x86.ActiveCfg = Debug|Win32
		{87140362-EF49-4233-BF79-7D81572B2C6A}.Debug|x86.Build.0 = Debug|Win32
		{87140362-EF49-4233-BF79-7D81572B2C6A}.Release|x64.ActiveCfg = Release|x64
		{87140362-EF49-4233-BF79-7D81572B2C6A}.Release|x64.Build.0 = Release|x64
		{87140362-EF49-4233-BF79-7D81572B2C6A}.Release|x86.ActiveCfg = Release|Win32
		{87140362-EF49-4233-BF79-7D81572B2C6A}.Release|x86.Build.0 = Release|Win32
		{F77DDA98-D761-412E-ADD8-8BADD81EC3E3}.Debug|x64.ActiveCfg = Debug|x64
		{F77DDA98-D761-412E-ADD8-8BADD81EC3E3}.Debug|x64.Build.0 = Debug|x64
		{F77DDA98-D761-412E-ADD8-8BADD81EC3E3}.Debug|x86.ActiveCfg = Debug|Win32
		{F77DDA98-D761-412E-ADD8-8BADD81EC3E3}.Debug|x86.Build.0 = Debug|Win32
		{F77DDA98-D761-412E-ADD8-8BADD81EC3E3}.Release|x64.ActiveCfg = Release|x64
		{F77DDA98-D761-412E-ADD8-8BADD81EC3E3}.Release|x64.Build.0 = Release|x64
		{F77DDA98-D761-412E-ADD8-8BADD81EC3E3}.Release|x86.ActiveCfg = Release|Win32
		{F77DDA98-D761-412E-ADD8-8BADD81EC3E3}.Release|x86.Build.0 = Release|Win32
	EndGlobalSection
	GlobalSection(SolutionProperties) = preSolution
		HideSolutionNode = FALSE
	EndGlobalSection
	GlobalSection(ExtensibilityGlobals) = postSolution
		SolutionGuid = {B4774C9F-C847-4A0F-8472-2F64EA8B9D40}
	EndGlobalSection
EndGlobal
