
Microsoft Visual Studio Solution File, Format Version 12.00
# Visual Studio Version 17
VisualStudioVersion = 17.14.36310.24
MinimumVisualStudioVersion = 10.0.40219.1
Project("{8BC9CEB8-8B4A-11D0-8D11-00A0C91BC942}") = "Drill01", "Drill01\Drill01.vcxproj", "{F4FC8FFF-DA8C-448F-A97E-A316F83DCC59}"
EndProject
Project("{8BC9CEB8-8B4A-11D0-8D11-00A0C91BC942}") = "Drill02", "Drill02\Drill02.vcxproj", "{891534EF-378A-42C0-938A-A65C75804A26}"
EndProject
Project("{8BC9CEB8-8B4A-11D0-8D11-00A0C91BC942}") = "Drill03", "Drill03\Drill03.vcxproj", "{1C46A76B-0A02-4465-B8FB-4A1AF02D62EF}"
EndProject
Project("{8BC9CEB8-8B4A-11D0-8D11-00A0C91BC942}") = "Drill04", "Drill04\Drill04.vcxproj", "{AC909A0B-F885-415B-8015-8F409C394EB1}"
EndProject
Project("{8BC9CEB8-8B4A-11D0-8D11-00A0C91BC942}") = "Drill05", "Drill05\Drill05.vcxproj", "{06951B77-D9F0-4F01-8488-2805C18DF02F}"
EndProject
Project("{8BC9CEB8-8B4A-11D0-8D11-00A0C91BC942}") = "Drill06", "Drill06\Drill06.vcxproj", "{A1997DE9-E570-41C2-9DD4-20AC5F000376}"
EndProject
Project("{8BC9CEB8-8B4A-11D0-8D11-00A0C91BC942}") = "Drill07", "Drill07\Drill07.vcxproj", "{94090C71-E83F-4353-A582-9F78C8E65D8C}"
EndProject
Project("{8BC9CEB8-8B4A-11D0-8D11-00A0C91BC942}") = "Drill08", "Drill08\Drill08.vcxproj", "{DB89761E-5177-4E70-B267-A7C1B2432EC4}"
EndProject
Project("{8BC9CEB8-8B4A-11D0-8D11-00A0C91BC942}") = "Drill09", "Drill09\Drill09.vcxproj", "{130784BE-1BF5-4AD8-9AFF-D5AA2E6A2AF0}"
EndProject
Project("{8BC9CEB8-8B4A-11D0-8D11-00A0C91BC942}") = "Drill10", "Drill10\Drill10.vcxproj", "{4688DBA1-5BF2-4ED3-851C-ADAEAF9B0356}"
EndProject
Project("{8BC9CEB8-8B4A-11D0-8D11-00A0C91BC942}") = "Open Challenge", "Open Challenge\Open Challenge.vcxproj", "{FEC35228-7F85-462F-8DE1-29F3FB05FD3C}"
EndProject
Project("{8BC9CEB8-8B4A-11D0-8D11-00A0C91BC942}") = "Exercise01", "Exercise01\Exercise01.vcxproj", "{C49FE6AD-84F9-4122-BAD0-605BD3450F0F}"
EndProject
Project("{8BC9CEB8-8B4A-11D0-8D11-00A0C91BC942}") = "Exercise02", "Exercise02\Exercise02.vcxproj", "{6A4BB7BE-DD46-4F46-B9AD-028584E9BA2C}"
EndProject
Project("{8BC9CEB8-8B4A-11D0-8D11-00A0C91BC942}") = "Exercise03", "Exercise03\Exercise03.vcxproj", "{538A0C9E-4809-4F7D-8A39-8281BB584894}"
EndProject
Project("{8BC9CEB8-8B4A-11D0-8D11-00A0C91BC942}") = "Exercise04", "Exercise04\Exercise04.vcxproj", "{D2D22052-C9B1-4127-B85E-6C1C86030F89}"
EndProject
Project("{8BC9CEB8-8B4A-11D0-8D11-00A0C91BC942}") = "Exercise05", "Exercise05\Exercise05.vcxproj", "{F71DD48F-22F9-4CCC-8A63-CC97DEA9A7B6}"
EndProject
Project("{8BC9CEB8-8B4A-11D0-8D11-00A0C91BC942}") = "Exercise06", "Exercise06\Exercise06.vcxproj", "{9A878B4F-6B32-409F-B61F-DD2189AA36CE}"
EndProject
Project("{8BC9CEB8-8B4A-11D0-8D11-00A0C91BC942}") = "Exercise08", "Exercise08\Exercise08.vcxproj", "{D13C3F0E-2970-4498-B60F-7DFC4AF1F585}"
EndProject
Project("{8BC9CEB8-8B4A-11D0-8D11-00A0C91BC942}") = "Exercise07", "Exercise07\Exercise07.vcxproj", "{DC77989F-49DA-4C28-9054-8D5F55EB93CE}"
EndProject
Project("{8BC9CEB8-8B4A-11D0-8D11-00A0C91BC942}") = "Exercise09", "Exercise09\Exercise09.vcxproj", "{A715F1A5-2712-46E2-A99C-58EA02796535}"
EndProject
Project("{8BC9CEB8-8B4A-11D0-8D11-00A0C91BC942}") = "Exercise10", "Exercise10\Exercise10.vcxproj", "{D1D9C1A2-86DF-4702-AEF2-B9F520E79942}"
EndProject
Project("{8BC9CEB8-8B4A-11D0-8D11-00A0C91BC942}") = "Exercise11", "Exercise11\Exercise11.vcxproj", "{252CC930-5D18-4620-A4AA-28F37805D727}"
EndProject
Project("{8BC9CEB8-8B4A-11D0-8D11-00A0C91BC942}") = "Exercise12", "Exercise12\Exercise12.vcxproj", "{ED8E6F0B-BC0E-4EA3-8047-DCFFCE862830}"
EndProject
Global
	GlobalSection(SolutionConfigurationPlatforms) = preSolution
		Debug|x64 = Debug|x64
		Debug|x86 = Debug|x86
		Release|x64 = Release|x64
		Release|x86 = Release|x86
	EndGlobalSection
	GlobalSection(ProjectConfigurationPlatforms) = postSolution
		{F4FC8FFF-DA8C-448F-A97E-A316F83DCC59}.Debug|x64.ActiveCfg = Debug|x64
		{F4FC8FFF-DA8C-448F-A97E-A316F83DCC59}.Debug|x64.Build.0 = Debug|x64
		{F4FC8FFF-DA8C-448F-A97E-A316F83DCC59}.Debug|x86.ActiveCfg = Debug|Win32
		{F4FC8FFF-DA8C-448F-A97E-A316F83DCC59}.Debug|x86.Build.0 = Debug|Win32
		{F4FC8FFF-DA8C-448F-A97E-A316F83DCC59}.Release|x64.ActiveCfg = Release|x64
		{F4FC8FFF-DA8C-448F-A97E-A316F83DCC59}.Release|x64.Build.0 = Release|x64
		{F4FC8FFF-DA8C-448F-A97E-A316F83DCC59}.Release|x86.ActiveCfg = Release|Win32
		{F4FC8FFF-DA8C-448F-A97E-A316F83DCC59}.Release|x86.Build.0 = Release|Win32
		{891534EF-378A-42C0-938A-A65C75804A26}.Debug|x64.ActiveCfg = Debug|x64
		{891534EF-378A-42C0-938A-A65C75804A26}.Debug|x64.Build.0 = Debug|x64
		{891534EF-378A-42C0-938A-A65C75804A26}.Debug|x86.ActiveCfg = Debug|Win32
		{891534EF-378A-42C0-938A-A65C75804A26}.Debug|x86.Build.0 = Debug|Win32
		{891534EF-378A-42C0-938A-A65C75804A26}.Release|x64.ActiveCfg = Release|x64
		{891534EF-378A-42C0-938A-A65C75804A26}.Release|x64.Build.0 = Release|x64
		{891534EF-378A-42C0-938A-A65C75804A26}.Release|x86.ActiveCfg = Release|Win32
		{891534EF-378A-42C0-938A-A65C75804A26}.Release|x86.Build.0 = Release|Win32
		{1C46A76B-0A02-4465-B8FB-4A1AF02D62EF}.Debug|x64.ActiveCfg = Debug|x64
		{1C46A76B-0A02-4465-B8FB-4A1AF02D62EF}.Debug|x64.Build.0 = Debug|x64
		{1C46A76B-0A02-4465-B8FB-4A1AF02D62EF}.Debug|x86.ActiveCfg = Debug|Win32
		{1C46A76B-0A02-4465-B8FB-4A1AF02D62EF}.Debug|x86.Build.0 = Debug|Win32
		{1C46A76B-0A02-4465-B8FB-4A1AF02D62EF}.Release|x64.ActiveCfg = Release|x64
		{1C46A76B-0A02-4465-B8FB-4A1AF02D62EF}.Release|x64.Build.0 = Release|x64
		{1C46A76B-0A02-4465-B8FB-4A1AF02D62EF}.Release|x86.ActiveCfg = Release|Win32
		{1C46A76B-0A02-4465-B8FB-4A1AF02D62EF}.Release|x86.Build.0 = Release|Win32
		{AC909A0B-F885-415B-8015-8F409C394EB1}.Debug|x64.ActiveCfg = Debug|x64
		{AC909A0B-F885-415B-8015-8F409C394EB1}.Debug|x64.Build.0 = Debug|x64
		{AC909A0B-F885-415B-8015-8F409C394EB1}.Debug|x86.ActiveCfg = Debug|Win32
		{AC909A0B-F885-415B-8015-8F409C394EB1}.Debug|x86.Build.0 = Debug|Win32
		{AC909A0B-F885-415B-8015-8F409C394EB1}.Release|x64.ActiveCfg = Release|x64
		{AC909A0B-F885-415B-8015-8F409C394EB1}.Release|x64.Build.0 = Release|x64
		{AC909A0B-F885-415B-8015-8F409C394EB1}.Release|x86.ActiveCfg = Release|Win32
		{AC909A0B-F885-415B-8015-8F409C394EB1}.Release|x86.Build.0 = Release|Win32
		{06951B77-D9F0-4F01-8488-2805C18DF02F}.Debug|x64.ActiveCfg = Debug|x64
		{06951B77-D9F0-4F01-8488-2805C18DF02F}.Debug|x64.Build.0 = Debug|x64
		{06951B77-D9F0-4F01-8488-2805C18DF02F}.Debug|x86.ActiveCfg = Debug|Win32
		{06951B77-D9F0-4F01-8488-2805C18DF02F}.Debug|x86.Build.0 = Debug|Win32
		{06951B77-D9F0-4F01-8488-2805C18DF02F}.Release|x64.ActiveCfg = Release|x64
		{06951B77-D9F0-4F01-8488-2805C18DF02F}.Release|x64.Build.0 = Release|x64
		{06951B77-D9F0-4F01-8488-2805C18DF02F}.Release|x86.ActiveCfg = Release|Win32
		{06951B77-D9F0-4F01-8488-2805C18DF02F}.Release|x86.Build.0 = Release|Win32
		{A1997DE9-E570-41C2-9DD4-20AC5F000376}.Debug|x64.ActiveCfg = Debug|x64
		{A1997DE9-E570-41C2-9DD4-20AC5F000376}.Debug|x64.Build.0 = Debug|x64
		{A1997DE9-E570-41C2-9DD4-20AC5F000376}.Debug|x86.ActiveCfg = Debug|Win32
		{A1997DE9-E570-41C2-9DD4-20AC5F000376}.Debug|x86.Build.0 = Debug|Win32
		{A1997DE9-E570-41C2-9DD4-20AC5F000376}.Release|x64.ActiveCfg = Release|x64
		{A1997DE9-E570-41C2-9DD4-20AC5F000376}.Release|x64.Build.0 = Release|x64
		{A1997DE9-E570-41C2-9DD4-20AC5F000376}.Release|x86.ActiveCfg = Release|Win32
		{A1997DE9-E570-41C2-9DD4-20AC5F000376}.Release|x86.Build.0 = Release|Win32
		{94090C71-E83F-4353-A582-9F78C8E65D8C}.Debug|x64.ActiveCfg = Debug|x64
		{94090C71-E83F-4353-A582-9F78C8E65D8C}.Debug|x64.Build.0 = Debug|x64
		{94090C71-E83F-4353-A582-9F78C8E65D8C}.Debug|x86.ActiveCfg = Debug|Win32
		{94090C71-E83F-4353-A582-9F78C8E65D8C}.Debug|x86.Build.0 = Debug|Win32
		{94090C71-E83F-4353-A582-9F78C8E65D8C}.Release|x64.ActiveCfg = Release|x64
		{94090C71-E83F-4353-A582-9F78C8E65D8C}.Release|x64.Build.0 = Release|x64
		{94090C71-E83F-4353-A582-9F78C8E65D8C}.Release|x86.ActiveCfg = Release|Win32
		{94090C71-E83F-4353-A582-9F78C8E65D8C}.Release|x86.Build.0 = Release|Win32
		{DB89761E-5177-4E70-B267-A7C1B2432EC4}.Debug|x64.ActiveCfg = Debug|x64
		{DB89761E-5177-4E70-B267-A7C1B2432EC4}.Debug|x64.Build.0 = Debug|x64
		{DB89761E-5177-4E70-B267-A7C1B2432EC4}.Debug|x86.ActiveCfg = Debug|Win32
		{DB89761E-5177-4E70-B267-A7C1B2432EC4}.Debug|x86.Build.0 = Debug|Win32
		{DB89761E-5177-4E70-B267-A7C1B2432EC4}.Release|x64.ActiveCfg = Release|x64
		{DB89761E-5177-4E70-B267-A7C1B2432EC4}.Release|x64.Build.0 = Release|x64
		{DB89761E-5177-4E70-B267-A7C1B2432EC4}.Release|x86.ActiveCfg = Release|Win32
		{DB89761E-5177-4E70-B267-A7C1B2432EC4}.Release|x86.Build.0 = Release|Win32
		{130784BE-1BF5-4AD8-9AFF-D5AA2E6A2AF0}.Debug|x64.ActiveCfg = Debug|x64
		{130784BE-1BF5-4AD8-9AFF-D5AA2E6A2AF0}.Debug|x64.Build.0 = Debug|x64
		{130784BE-1BF5-4AD8-9AFF-D5AA2E6A2AF0}.Debug|x86.ActiveCfg = Debug|Win32
		{130784BE-1BF5-4AD8-9AFF-D5AA2E6A2AF0}.Debug|x86.Build.0 = Debug|Win32
		{130784BE-1BF5-4AD8-9AFF-D5AA2E6A2AF0}.Release|x64.ActiveCfg = Release|x64
		{130784BE-1BF5-4AD8-9AFF-D5AA2E6A2AF0}.Release|x64.Build.0 = Release|x64
		{130784BE-1BF5-4AD8-9AFF-D5AA2E6A2AF0}.Release|x86.ActiveCfg = Release|Win32
		{130784BE-1BF5-4AD8-9AFF-D5AA2E6A2AF0}.Release|x86.Build.0 = Release|Win32
		{4688DBA1-5BF2-4ED3-851C-ADAEAF9B0356}.Debug|x64.ActiveCfg = Debug|x64
		{4688DBA1-5BF2-4ED3-851C-ADAEAF9B0356}.Debug|x64.Build.0 = Debug|x64
		{4688DBA1-5BF2-4ED3-851C-ADAEAF9B0356}.Debug|x86.ActiveCfg = Debug|Win32
		{4688DBA1-5BF2-4ED3-851C-ADAEAF9B0356}.Debug|x86.Build.0 = Debug|Win32
		{4688DBA1-5BF2-4ED3-851C-ADAEAF9B0356}.Release|x64.ActiveCfg = Release|x64
		{4688DBA1-5BF2-4ED3-851C-ADAEAF9B0356}.Release|x64.Build.0 = Release|x64
		{4688DBA1-5BF2-4ED3-851C-ADAEAF9B0356}.Release|x86.ActiveCfg = Release|Win32
		{4688DBA1-5BF2-4ED3-851C-ADAEAF9B0356}.Release|x86.Build.0 = Release|Win32
		{FEC35228-7F85-462F-8DE1-29F3FB05FD3C}.Debug|x64.ActiveCfg = Debug|x64
		{FEC35228-7F85-462F-8DE1-29F3FB05FD3C}.Debug|x64.Build.0 = Debug|x64
		{FEC35228-7F85-462F-8DE1-29F3FB05FD3C}.Debug|x86.ActiveCfg = Debug|Win32
		{FEC35228-7F85-462F-8DE1-29F3FB05FD3C}.Debug|x86.Build.0 = Debug|Win32
		{FEC35228-7F85-462F-8DE1-29F3FB05FD3C}.Release|x64.ActiveCfg = Release|x64
		{FEC35228-7F85-462F-8DE1-29F3FB05FD3C}.Release|x64.Build.0 = Release|x64
		{FEC35228-7F85-462F-8DE1-29F3FB05FD3C}.Release|x86.ActiveCfg = Release|Win32
		{FEC35228-7F85-462F-8DE1-29F3FB05FD3C}.Release|x86.Build.0 = Release|Win32
		{C49FE6AD-84F9-4122-BAD0-605BD3450F0F}.Debug|x64.ActiveCfg = Debug|x64
		{C49FE6AD-84F9-4122-BAD0-605BD3450F0F}.Debug|x64.Build.0 = Debug|x64
		{C49FE6AD-84F9-4122-BAD0-605BD3450F0F}.Debug|x86.ActiveCfg = Debug|Win32
		{C49FE6AD-84F9-4122-BAD0-605BD3450F0F}.Debug|x86.Build.0 = Debug|Win32
		{C49FE6AD-84F9-4122-BAD0-605BD3450F0F}.Release|x64.ActiveCfg = Release|x64
		{C49FE6AD-84F9-4122-BAD0-605BD3450F0F}.Release|x64.Build.0 = Release|x64
		{C49FE6AD-84F9-4122-BAD0-605BD3450F0F}.Release|x86.ActiveCfg = Release|Win32
		{C49FE6AD-84F9-4122-BAD0-605BD3450F0F}.Release|x86.Build.0 = Release|Win32
		{6A4BB7BE-DD46-4F46-B9AD-028584E9BA2C}.Debug|x64.ActiveCfg = Debug|x64
		{6A4BB7BE-DD46-4F46-B9AD-028584E9BA2C}.Debug|x64.Build.0 = Debug|x64
		{6A4BB7BE-DD46-4F46-B9AD-028584E9BA2C}.Debug|x86.ActiveCfg = Debug|Win32
		{6A4BB7BE-DD46-4F46-B9AD-028584E9BA2C}.Debug|x86.Build.0 = Debug|Win32
		{6A4BB7BE-DD46-4F46-B9AD-028584E9BA2C}.Release|x64.ActiveCfg = Release|x64
		{6A4BB7BE-DD46-4F46-B9AD-028584E9BA2C}.Release|x64.Build.0 = Release|x64
		{6A4BB7BE-DD46-4F46-B9AD-028584E9BA2C}.Release|x86.ActiveCfg = Release|Win32
		{6A4BB7BE-DD46-4F46-B9AD-028584E9BA2C}.Release|x86.Build.0 = Release|Win32
		{538A0C9E-4809-4F7D-8A39-8281BB584894}.Debug|x64.ActiveCfg = Debug|x64
		{538A0C9E-4809-4F7D-8A39-8281BB584894}.Debug|x64.Build.0 = Debug|x64
		{538A0C9E-4809-4F7D-8A39-8281BB584894}.Debug|x86.ActiveCfg = Debug|Win32
		{538A0C9E-4809-4F7D-8A39-8281BB584894}.Debug|x86.Build.0 = Debug|Win32
		{538A0C9E-4809-4F7D-8A39-8281BB584894}.Release|x64.ActiveCfg = Release|x64
		{538A0C9E-4809-4F7D-8A39-8281BB584894}.Release|x64.Build.0 = Release|x64
		{538A0C9E-4809-4F7D-8A39-8281BB584894}.Release|x86.ActiveCfg = Release|Win32
		{538A0C9E-4809-4F7D-8A39-8281BB584894}.Release|x86.Build.0 = Release|Win32
		{D2D22052-C9B1-4127-B85E-6C1C86030F89}.Debug|x64.ActiveCfg = Debug|x64
		{D2D22052-C9B1-4127-B85E-6C1C86030F89}.Debug|x64.Build.0 = Debug|x64
		{D2D22052-C9B1-4127-B85E-6C1C86030F89}.Debug|x86.ActiveCfg = Debug|Win32
		{D2D22052-C9B1-4127-B85E-6C1C86030F89}.Debug|x86.Build.0 = Debug|Win32
		{D2D22052-C9B1-4127-B85E-6C1C86030F89}.Release|x64.ActiveCfg = Release|x64
		{D2D22052-C9B1-4127-B85E-6C1C86030F89}.Release|x64.Build.0 = Release|x64
		{D2D22052-C9B1-4127-B85E-6C1C86030F89}.Release|x86.ActiveCfg = Release|Win32
		{D2D22052-C9B1-4127-B85E-6C1C86030F89}.Release|x86.Build.0 = Release|Win32
		{F71DD48F-22F9-4CCC-8A63-CC97DEA9A7B6}.Debug|x64.ActiveCfg = Debug|x64
		{F71DD48F-22F9-4CCC-8A63-CC97DEA9A7B6}.Debug|x64.Build.0 = Debug|x64
		{F71DD48F-22F9-4CCC-8A63-CC97DEA9A7B6}.Debug|x86.ActiveCfg = Debug|Win32
		{F71DD48F-22F9-4CCC-8A63-CC97DEA9A7B6}.Debug|x86.Build.0 = Debug|Win32
		{F71DD48F-22F9-4CCC-8A63-CC97DEA9A7B6}.Release|x64.ActiveCfg = Release|x64
		{F71DD48F-22F9-4CCC-8A63-CC97DEA9A7B6}.Release|x64.Build.0 = Release|x64
		{F71DD48F-22F9-4CCC-8A63-CC97DEA9A7B6}.Release|x86.ActiveCfg = Release|Win32
		{F71DD48F-22F9-4CCC-8A63-CC97DEA9A7B6}.Release|x86.Build.0 = Release|Win32
		{9A878B4F-6B32-409F-B61F-DD2189AA36CE}.Debug|x64.ActiveCfg = Debug|x64
		{9A878B4F-6B32-409F-B61F-DD2189AA36CE}.Debug|x64.Build.0 = Debug|x64
		{9A878B4F-6B32-409F-B61F-DD2189AA36CE}.Debug|x86.ActiveCfg = Debug|Win32
		{9A878B4F-6B32-409F-B61F-DD2189AA36CE}.Debug|x86.Build.0 = Debug|Win32
		{9A878B4F-6B32-409F-B61F-DD2189AA36CE}.Release|x64.ActiveCfg = Release|x64
		{9A878B4F-6B32-409F-B61F-DD2189AA36CE}.Release|x64.Build.0 = Release|x64
		{9A878B4F-6B32-409F-B61F-DD2189AA36CE}.Release|x86.ActiveCfg = Release|Win32
		{9A878B4F-6B32-409F-B61F-DD2189AA36CE}.Release|x86.Build.0 = Release|Win32
		{D13C3F0E-2970-4498-B60F-7DFC4AF1F585}.Debug|x64.ActiveCfg = Debug|x64
		{D13C3F0E-2970-4498-B60F-7DFC4AF1F585}.Debug|x64.Build.0 = Debug|x64
		{D13C3F0E-2970-4498-B60F-7DFC4AF1F585}.Debug|x86.ActiveCfg = Debug|Win32
		{D13C3F0E-2970-4498-B60F-7DFC4AF1F585}.Debug|x86.Build.0 = Debug|Win32
		{D13C3F0E-2970-4498-B60F-7DFC4AF1F585}.Release|x64.ActiveCfg = Release|x64
		{D13C3F0E-2970-4498-B60F-7DFC4AF1F585}.Release|x64.Build.0 = Release|x64
		{D13C3F0E-2970-4498-B60F-7DFC4AF1F585}.Release|x86.ActiveCfg = Release|Win32
		{D13C3F0E-2970-4498-B60F-7DFC4AF1F585}.Release|x86.Build.0 = Release|Win32
		{DC77989F-49DA-4C28-9054-8D5F55EB93CE}.Debug|x64.ActiveCfg = Debug|x64
		{DC77989F-49DA-4C28-9054-8D5F55EB93CE}.Debug|x64.Build.0 = Debug|x64
		{DC77989F-49DA-4C28-9054-8D5F55EB93CE}.Debug|x86.ActiveCfg = Debug|Win32
		{DC77989F-49DA-4C28-9054-8D5F55EB93CE}.Debug|x86.Build.0 = Debug|Win32
		{DC77989F-49DA-4C28-9054-8D5F55EB93CE}.Release|x64.ActiveCfg = Release|x64
		{DC77989F-49DA-4C28-9054-8D5F55EB93CE}.Release|x64.Build.0 = Release|x64
		{DC77989F-49DA-4C28-9054-8D5F55EB93CE}.Release|x86.ActiveCfg = Release|Win32
		{DC77989F-49DA-4C28-9054-8D5F55EB93CE}.Release|x86.Build.0 = Release|Win32
		{A715F1A5-2712-46E2-A99C-58EA02796535}.Debug|x64.ActiveCfg = Debug|x64
		{A715F1A5-2712-46E2-A99C-58EA02796535}.Debug|x64.Build.0 = Debug|x64
		{A715F1A5-2712-46E2-A99C-58EA02796535}.Debug|x86.ActiveCfg = Debug|Win32
		{A715F1A5-2712-46E2-A99C-58EA02796535}.Debug|x86.Build.0 = Debug|Win32
		{A715F1A5-2712-46E2-A99C-58EA02796535}.Release|x64.ActiveCfg = Release|x64
		{A715F1A5-2712-46E2-A99C-58EA02796535}.Release|x64.Build.0 = Release|x64
		{A715F1A5-2712-46E2-A99C-58EA02796535}.Release|x86.ActiveCfg = Release|Win32
		{A715F1A5-2712-46E2-A99C-58EA02796535}.Release|x86.Build.0 = Release|Win32
		{D1D9C1A2-86DF-4702-AEF2-B9F520E79942}.Debug|x64.ActiveCfg = Debug|x64
		{D1D9C1A2-86DF-4702-AEF2-B9F520E79942}.Debug|x64.Build.0 = Debug|x64
		{D1D9C1A2-86DF-4702-AEF2-B9F520E79942}.Debug|x86.ActiveCfg = Debug|Win32
		{D1D9C1A2-86DF-4702-AEF2-B9F520E79942}.Debug|x86.Build.0 = Debug|Win32
		{D1D9C1A2-86DF-4702-AEF2-B9F520E79942}.Release|x64.ActiveCfg = Release|x64
		{D1D9C1A2-86DF-4702-AEF2-B9F520E79942}.Release|x64.Build.0 = Release|x64
		{D1D9C1A2-86DF-4702-AEF2-B9F520E79942}.Release|x86.ActiveCfg = Release|Win32
		{D1D9C1A2-86DF-4702-AEF2-B9F520E79942}.Release|x86.Build.0 = Release|Win32
		{252CC930-5D18-4620-A4AA-28F37805D727}.Debug|x64.ActiveCfg = Debug|x64
		{252CC930-5D18-4620-A4AA-28F37805D727}.Debug|x64.Build.0 = Debug|x64
		{252CC930-5D18-4620-A4AA-28F37805D727}.Debug|x86.ActiveCfg = Debug|Win32
		{252CC930-5D18-4620-A4AA-28F37805D727}.Debug|x86.Build.0 = Debug|Win32
		{252CC930-5D18-4620-A4AA-28F37805D727}.Release|x64.ActiveCfg = Release|x64
		{252CC930-5D18-4620-A4AA-28F37805D727}.Release|x64.Build.0 = Release|x64
		{252CC930-5D18-4620-A4AA-28F37805D727}.Release|x86.ActiveCfg = Release|Win32
		{252CC930-5D18-4620-A4AA-28F37805D727}.Release|x86.Build.0 = Release|Win32
		{ED8E6F0B-BC0E-4EA3-8047-DCFFCE862830}.Debug|x64.ActiveCfg = Debug|x64
		{ED8E6F0B-BC0E-4EA3-8047-DCFFCE862830}.Debug|x64.Build.0 = Debug|x64
		{ED8E6F0B-BC0E-4EA3-8047-DCFFCE862830}.Debug|x86.ActiveCfg = Debug|Win32
		{ED8E6F0B-BC0E-4EA3-8047-DCFFCE862830}.Debug|x86.Build.0 = Debug|Win32
		{ED8E6F0B-BC0E-4EA3-8047-DCFFCE862830}.Release|x64.ActiveCfg = Release|x64
		{ED8E6F0B-BC0E-4EA3-8047-DCFFCE862830}.Release|x64.Build.0 = Release|x64
		{ED8E6F0B-BC0E-4EA3-8047-DCFFCE862830}.Release|x86.ActiveCfg = Release|Win32
		{ED8E6F0B-BC0E-4EA3-8047-DCFFCE862830}.Release|x86.Build.0 = Release|Win32
	EndGlobalSection
	GlobalSection(SolutionProperties) = preSolution
		HideSolutionNode = FALSE
	EndGlobalSection
	GlobalSection(ExtensibilityGlobals) = postSolution
		SolutionGuid = {61894C38-12A7-407C-ACB2-100EC554FD6F}
	EndGlobalSection
EndGlobal
