
Microsoft Visual Studio Solution File, Format Version 12.00
# Visual Studio Version 17
VisualStudioVersion = 17.14.36310.24
MinimumVisualStudioVersion = 10.0.40219.1
Project("{8BC9CEB8-8B4A-11D0-8D11-00A0C91BC942}") = "Drill01", "Drill01\Drill01.vcxproj", "{667FFD57-5AE8-4D86-85C0-FD6DBB7EE076}"
EndProject
Project("{8BC9CEB8-8B4A-11D0-8D11-00A0C91BC942}") = "Drill02", "Drill02\Drill02.vcxproj", "{AE48221A-A7C8-4EED-8473-F80EDDE6CECD}"
EndProject
Project("{8BC9CEB8-8B4A-11D0-8D11-00A0C91BC942}") = "Drill03", "Drill03\Drill03.vcxproj", "{C349C169-83D3-441A-B62D-5732C55D7341}"
EndProject
Project("{8BC9CEB8-8B4A-11D0-8D11-00A0C91BC942}") = "Drill04", "Drill04\Drill04.vcxproj", "{E00F011D-DAEC-41AB-A4A4-D16BC1389FF0}"
EndProject
Project("{8BC9CEB8-8B4A-11D0-8D11-00A0C91BC942}") = "Drill05", "Drill05\Drill05.vcxproj", "{793FC181-0C27-4215-B245-A3B3584906A6}"
EndProject
Project("{8BC9CEB8-8B4A-11D0-8D11-00A0C91BC942}") = "Drill06", "Drill06\Drill06.vcxproj", "{4F4360A9-FEBF-49FE-A971-AED6DF6DF450}"
EndProject
Project("{8BC9CEB8-8B4A-11D0-8D11-00A0C91BC942}") = "Drill07", "Drill07\Drill07.vcxproj", "{ACB025D5-9A70-4964-8CC7-EBB81758DB20}"
EndProject
Project("{8BC9CEB8-8B4A-11D0-8D11-00A0C91BC942}") = "Drill08", "Drill08\Drill08.vcxproj", "{136D41B6-B5CD-4145-8435-6D5B1CA1B6C6}"
EndProject
Project("{8BC9CEB8-8B4A-11D0-8D11-00A0C91BC942}") = "Drill09", "Drill09\Drill09.vcxproj", "{4C542ACC-55E9-4224-B6DA-FC1712B7ABA5}"
EndProject
Project("{8BC9CEB8-8B4A-11D0-8D11-00A0C91BC942}") = "Drill10", "Drill10\Drill10.vcxproj", "{E2E26DEC-A526-4785-82B1-FB599B6FBBD4}"
EndProject
Project("{8BC9CEB8-8B4A-11D0-8D11-00A0C91BC942}") = "Drill11", "Drill11\Drill11.vcxproj", "{4B7B7768-AC8C-4E53-955A-5738C899F37D}"
EndProject
Project("{8BC9CEB8-8B4A-11D0-8D11-00A0C91BC942}") = "Drill12", "Drill12\Drill12.vcxproj", "{1C3507CC-4DBE-470F-9E12-563B51BD31C2}"
EndProject
Project("{8BC9CEB8-8B4A-11D0-8D11-00A0C91BC942}") = "Drill13", "Drill13\Drill13.vcxproj", "{5AC16101-181B-40F7-96B6-82C90B7D5910}"
EndProject
Project("{8BC9CEB8-8B4A-11D0-8D11-00A0C91BC942}") = "Open Challenge", "Open Challenge\Open Challenge.vcxproj", "{99E6F23F-75EC-4743-A953-AAFA4C717808}"
EndProject
Project("{8BC9CEB8-8B4A-11D0-8D11-00A0C91BC942}") = "Exercise01", "Exercise01\Exercise01.vcxproj", "{195E4EB0-648A-47F5-A1AA-ED75C3D453BA}"
EndProject
Project("{8BC9CEB8-8B4A-11D0-8D11-00A0C91BC942}") = "Exercise02", "Exercise02\Exercise02.vcxproj", "{FA15A42A-9E96-44A9-9897-BC78D47E1174}"
EndProject
Project("{8BC9CEB8-8B4A-11D0-8D11-00A0C91BC942}") = "Exercise03", "Exercise03\Exercise03.vcxproj", "{27DF2369-ACD9-44F6-A7C5-468BF4547A11}"
EndProject
Project("{8BC9CEB8-8B4A-11D0-8D11-00A0C91BC942}") = "Exercise04", "Exercise04\Exercise04.vcxproj", "{56B681EA-537E-496D-A926-74881B258721}"
EndProject
Project("{8BC9CEB8-8B4A-11D0-8D11-00A0C91BC942}") = "Exercise05", "Exercise05\Exercise05.vcxproj", "{5C48D037-4AE5-4060-9A5C-88A0B0963941}"
EndProject
Project("{8BC9CEB8-8B4A-11D0-8D11-00A0C91BC942}") = "Exercise06", "Exercise06\Exercise06.vcxproj", "{A31C0D7A-B8C0-43CA-B8E9-22698C3E98CA}"
EndProject
Project("{8BC9CEB8-8B4A-11D0-8D11-00A0C91BC942}") = "Exercise07", "Exercise07\Exercise07.vcxproj", "{1CD59388-05B3-414D-A66B-7E0FE5EFFBA5}"
EndProject
Project("{8BC9CEB8-8B4A-11D0-8D11-00A0C91BC942}") = "Exercise08", "Exercise08\Exercise08.vcxproj", "{2911D7B8-813B-4C51-8833-28D93F38E584}"
EndProject
Project("{8BC9CEB8-8B4A-11D0-8D11-00A0C91BC942}") = "Exercise09", "Exercise09\Exercise09.vcxproj", "{B79199C5-6160-4CB9-BF88-95A322011216}"
EndProject
Project("{8BC9CEB8-8B4A-11D0-8D11-00A0C91BC942}") = "Exercise10", "Exercise10\Exercise10.vcxproj", "{88C0C615-9990-4108-8151-24F18A8A6C86}"
EndProject
Project("{8BC9CEB8-8B4A-11D0-8D11-00A0C91BC942}") = "Exercise11", "Exercise11\Exercise11.vcxproj", "{AF53B6F2-8323-4193-8E9C-8E28964A42BE}"
EndProject
Project("{8BC9CEB8-8B4A-11D0-8D11-00A0C91BC942}") = "Exercise12", "Exercise12\Exercise12.vcxproj", "{DE550659-5D68-4008-B4D4-1A86D6B6A58C}"
EndProject
Project("{8BC9CEB8-8B4A-11D0-8D11-00A0C91BC942}") = "Exercise13", "Exercise13\Exercise13.vcxproj", "{DB14079C-D68F-4028-8A4D-74C706C63E39}"
EndProject
Project("{8BC9CEB8-8B4A-11D0-8D11-00A0C91BC942}") = "Exercise14", "Exercise14\Exercise14.vcxproj", "{DFC04117-F0EA-48CA-80E6-B1CCDE352E7F}"
EndProject
Global
	GlobalSection(SolutionConfigurationPlatforms) = preSolution
		Debug|x64 = Debug|x64
		Debug|x86 = Debug|x86
		Release|x64 = Release|x64
		Release|x86 = Release|x86
	EndGlobalSection
	GlobalSection(ProjectConfigurationPlatforms) = postSolution
		{667FFD57-5AE8-4D86-85C0-FD6DBB7EE076}.Debug|x64.ActiveCfg = Debug|x64
		{667FFD57-5AE8-4D86-85C0-FD6DBB7EE076}.Debug|x64.Build.0 = Debug|x64
		{667FFD57-5AE8-4D86-85C0-FD6DBB7EE076}.Debug|x86.ActiveCfg = Debug|Win32
		{667FFD57-5AE8-4D86-85C0-FD6DBB7EE076}.Debug|x86.Build.0 = Debug|Win32
		{667FFD57-5AE8-4D86-85C0-FD6DBB7EE076}.Release|x64.ActiveCfg = Release|x64
		{667FFD57-5AE8-4D86-85C0-FD6DBB7EE076}.Release|x64.Build.0 = Release|x64
		{667FFD57-5AE8-4D86-85C0-FD6DBB7EE076}.Release|x86.ActiveCfg = Release|Win32
		{667FFD57-5AE8-4D86-85C0-FD6DBB7EE076}.Release|x86.Build.0 = Release|Win32
		{AE48221A-A7C8-4EED-8473-F80EDDE6CECD}.Debug|x64.ActiveCfg = Debug|x64
		{AE48221A-A7C8-4EED-8473-F80EDDE6CECD}.Debug|x64.Build.0 = Debug|x64
		{AE48221A-A7C8-4EED-8473-F80EDDE6CECD}.Debug|x86.ActiveCfg = Debug|Win32
		{AE48221A-A7C8-4EED-8473-F80EDDE6CECD}.Debug|x86.Build.0 = Debug|Win32
		{AE48221A-A7C8-4EED-8473-F80EDDE6CECD}.Release|x64.ActiveCfg = Release|x64
		{AE48221A-A7C8-4EED-8473-F80EDDE6CECD}.Release|x64.Build.0 = Release|x64
		{AE48221A-A7C8-4EED-8473-F80EDDE6CECD}.Release|x86.ActiveCfg = Release|Win32
		{AE48221A-A7C8-4EED-8473-F80EDDE6CECD}.Release|x86.Build.0 = Release|Win32
		{C349C169-83D3-441A-B62D-5732C55D7341}.Debug|x64.ActiveCfg = Debug|x64
		{C349C169-83D3-441A-B62D-5732C55D7341}.Debug|x64.Build.0 = Debug|x64
		{C349C169-83D3-441A-B62D-5732C55D7341}.Debug|x86.ActiveCfg = Debug|Win32
		{C349C169-83D3-441A-B62D-5732C55D7341}.Debug|x86.Build.0 = Debug|Win32
		{C349C169-83D3-441A-B62D-5732C55D7341}.Release|x64.ActiveCfg = Release|x64
		{C349C169-83D3-441A-B62D-5732C55D7341}.Release|x64.Build.0 = Release|x64
		{C349C169-83D3-441A-B62D-5732C55D7341}.Release|x86.ActiveCfg = Release|Win32
		{C349C169-83D3-441A-B62D-5732C55D7341}.Release|x86.Build.0 = Release|Win32
		{E00F011D-DAEC-41AB-A4A4-D16BC1389FF0}.Debug|x64.ActiveCfg = Debug|x64
		{E00F011D-DAEC-41AB-A4A4-D16BC1389FF0}.Debug|x64.Build.0 = Debug|x64
		{E00F011D-DAEC-41AB-A4A4-D16BC1389FF0}.Debug|x86.ActiveCfg = Debug|Win32
		{E00F011D-DAEC-41AB-A4A4-D16BC1389FF0}.Debug|x86.Build.0 = Debug|Win32
		{E00F011D-DAEC-41AB-A4A4-D16BC1389FF0}.Release|x64.ActiveCfg = Release|x64
		{E00F011D-DAEC-41AB-A4A4-D16BC1389FF0}.Release|x64.Build.0 = Release|x64
		{E00F011D-DAEC-41AB-A4A4-D16BC1389FF0}.Release|x86.ActiveCfg = Release|Win32
		{E00F011D-DAEC-41AB-A4A4-D16BC1389FF0}.Release|x86.Build.0 = Release|Win32
		{793FC181-0C27-4215-B245-A3B3584906A6}.Debug|x64.ActiveCfg = Debug|x64
		{793FC181-0C27-4215-B245-A3B3584906A6}.Debug|x64.Build.0 = Debug|x64
		{793FC181-0C27-4215-B245-A3B3584906A6}.Debug|x86.ActiveCfg = Debug|Win32
		{793FC181-0C27-4215-B245-A3B3584906A6}.Debug|x86.Build.0 = Debug|Win32
		{793FC181-0C27-4215-B245-A3B3584906A6}.Release|x64.ActiveCfg = Release|x64
		{793FC181-0C27-4215-B245-A3B3584906A6}.Release|x64.Build.0 = Release|x64
		{793FC181-0C27-4215-B245-A3B3584906A6}.Release|x86.ActiveCfg = Release|Win32
		{793FC181-0C27-4215-B245-A3B3584906A6}.Release|x86.Build.0 = Release|Win32
		{4F4360A9-FEBF-49FE-A971-AED6DF6DF450}.Debug|x64.ActiveCfg = Debug|x64
		{4F4360A9-FEBF-49FE-A971-AED6DF6DF450}.Debug|x64.Build.0 = Debug|x64
		{4F4360A9-FEBF-49FE-A971-AED6DF6DF450}.Debug|x86.ActiveCfg = Debug|Win32
		{4F4360A9-FEBF-49FE-A971-AED6DF6DF450}.Debug|x86.Build.0 = Debug|Win32
		{4F4360A9-FEBF-49FE-A971-AED6DF6DF450}.Release|x64.ActiveCfg = Release|x64
		{4F4360A9-FEBF-49FE-A971-AED6DF6DF450}.Release|x64.Build.0 = Release|x64
		{4F4360A9-FEBF-49FE-A971-AED6DF6DF450}.Release|x86.ActiveCfg = Release|Win32
		{4F4360A9-FEBF-49FE-A971-AED6DF6DF450}.Release|x86.Build.0 = Release|Win32
		{ACB025D5-9A70-4964-8CC7-EBB81758DB20}.Debug|x64.ActiveCfg = Debug|x64
		{ACB025D5-9A70-4964-8CC7-EBB81758DB20}.Debug|x64.Build.0 = Debug|x64
		{ACB025D5-9A70-4964-8CC7-EBB81758DB20}.Debug|x86.ActiveCfg = Debug|Win32
		{ACB025D5-9A70-4964-8CC7-EBB81758DB20}.Debug|x86.Build.0 = Debug|Win32
		{ACB025D5-9A70-4964-8CC7-EBB81758DB20}.Release|x64.ActiveCfg = Release|x64
		{ACB025D5-9A70-4964-8CC7-EBB81758DB20}.Release|x64.Build.0 = Release|x64
		{ACB025D5-9A70-4964-8CC7-EBB81758DB20}.Release|x86.ActiveCfg = Release|Win32
		{ACB025D5-9A70-4964-8CC7-EBB81758DB20}.Release|x86.Build.0 = Release|Win32
		{136D41B6-B5CD-4145-8435-6D5B1CA1B6C6}.Debug|x64.ActiveCfg = Debug|x64
		{136D41B6-B5CD-4145-8435-6D5B1CA1B6C6}.Debug|x64.Build.0 = Debug|x64
		{136D41B6-B5CD-4145-8435-6D5B1CA1B6C6}.Debug|x86.ActiveCfg = Debug|Win32
		{136D41B6-B5CD-4145-8435-6D5B1CA1B6C6}.Debug|x86.Build.0 = Debug|Win32
		{136D41B6-B5CD-4145-8435-6D5B1CA1B6C6}.Release|x64.ActiveCfg = Release|x64
		{136D41B6-B5CD-4145-8435-6D5B1CA1B6C6}.Release|x64.Build.0 = Release|x64
		{136D41B6-B5CD-4145-8435-6D5B1CA1B6C6}.Release|x86.ActiveCfg = Release|Win32
		{136D41B6-B5CD-4145-8435-6D5B1CA1B6C6}.Release|x86.Build.0 = Release|Win32
		{4C542ACC-55E9-4224-B6DA-FC1712B7ABA5}.Debug|x64.ActiveCfg = Debug|x64
		{4C542ACC-55E9-4224-B6DA-FC1712B7ABA5}.Debug|x64.Build.0 = Debug|x64
		{4C542ACC-55E9-4224-B6DA-FC1712B7ABA5}.Debug|x86.ActiveCfg = Debug|Win32
		{4C542ACC-55E9-4224-B6DA-FC1712B7ABA5}.Debug|x86.Build.0 = Debug|Win32
		{4C542ACC-55E9-4224-B6DA-FC1712B7ABA5}.Release|x64.ActiveCfg = Release|x64
		{4C542ACC-55E9-4224-B6DA-FC1712B7ABA5}.Release|x64.Build.0 = Release|x64
		{4C542ACC-55E9-4224-B6DA-FC1712B7ABA5}.Release|x86.ActiveCfg = Release|Win32
		{4C542ACC-55E9-4224-B6DA-FC1712B7ABA5}.Release|x86.Build.0 = Release|Win32
		{E2E26DEC-A526-4785-82B1-FB599B6FBBD4}.Debug|x64.ActiveCfg = Debug|x64
		{E2E26DEC-A526-4785-82B1-FB599B6FBBD4}.Debug|x64.Build.0 = Debug|x64
		{E2E26DEC-A526-4785-82B1-FB599B6FBBD4}.Debug|x86.ActiveCfg = Debug|Win32
		{E2E26DEC-A526-4785-82B1-FB599B6FBBD4}.Debug|x86.Build.0 = Debug|Win32
		{E2E26DEC-A526-4785-82B1-FB599B6FBBD4}.Release|x64.ActiveCfg = Release|x64
		{E2E26DEC-A526-4785-82B1-FB599B6FBBD4}.Release|x64.Build.0 = Release|x64
		{E2E26DEC-A526-4785-82B1-FB599B6FBBD4}.Release|x86.ActiveCfg = Release|Win32
		{E2E26DEC-A526-4785-82B1-FB599B6FBBD4}.Release|x86.Build.0 = Release|Win32
		{4B7B7768-AC8C-4E53-955A-5738C899F37D}.Debug|x64.ActiveCfg = Debug|x64
		{4B7B7768-AC8C-4E53-955A-5738C899F37D}.Debug|x64.Build.0 = Debug|x64
		{4B7B7768-AC8C-4E53-955A-5738C899F37D}.Debug|x86.ActiveCfg = Debug|Win32
		{4B7B7768-AC8C-4E53-955A-5738C899F37D}.Debug|x86.Build.0 = Debug|Win32
		{4B7B7768-AC8C-4E53-955A-5738C899F37D}.Release|x64.ActiveCfg = Release|x64
		{4B7B7768-AC8C-4E53-955A-5738C899F37D}.Release|x64.Build.0 = Release|x64
		{4B7B7768-AC8C-4E53-955A-5738C899F37D}.Release|x86.ActiveCfg = Release|Win32
		{4B7B7768-AC8C-4E53-955A-5738C899F37D}.Release|x86.Build.0 = Release|Win32
		{1C3507CC-4DBE-470F-9E12-563B51BD31C2}.Debug|x64.ActiveCfg = Debug|x64
		{1C3507CC-4DBE-470F-9E12-563B51BD31C2}.Debug|x64.Build.0 = Debug|x64
		{1C3507CC-4DBE-470F-9E12-563B51BD31C2}.Debug|x86.ActiveCfg = Debug|Win32
		{1C3507CC-4DBE-470F-9E12-563B51BD31C2}.Debug|x86.Build.0 = Debug|Win32
		{1C3507CC-4DBE-470F-9E12-563B51BD31C2}.Release|x64.ActiveCfg = Release|x64
		{1C3507CC-4DBE-470F-9E12-563B51BD31C2}.Release|x64.Build.0 = Release|x64
		{1C3507CC-4DBE-470F-9E12-563B51BD31C2}.Release|x86.ActiveCfg = Release|Win32
		{1C3507CC-4DBE-470F-9E12-563B51BD31C2}.Release|x86.Build.0 = Release|Win32
		{5AC16101-181B-40F7-96B6-82C90B7D5910}.Debug|x64.ActiveCfg = Debug|x64
		{5AC16101-181B-40F7-96B6-82C90B7D5910}.Debug|x64.Build.0 = Debug|x64
		{5AC16101-181B-40F7-96B6-82C90B7D5910}.Debug|x86.ActiveCfg = Debug|Win32
		{5AC16101-181B-40F7-96B6-82C90B7D5910}.Debug|x86.Build.0 = Debug|Win32
		{5AC16101-181B-40F7-96B6-82C90B7D5910}.Release|x64.ActiveCfg = Release|x64
		{5AC16101-181B-40F7-96B6-82C90B7D5910}.Release|x64.Build.0 = Release|x64
		{5AC16101-181B-40F7-96B6-82C90B7D5910}.Release|x86.ActiveCfg = Release|Win32
		{5AC16101-181B-40F7-96B6-82C90B7D5910}.Release|x86.Build.0 = Release|Win32
		{99E6F23F-75EC-4743-A953-AAFA4C717808}.Debug|x64.ActiveCfg = Debug|x64
		{99E6F23F-75EC-4743-A953-AAFA4C717808}.Debug|x64.Build.0 = Debug|x64
		{99E6F23F-75EC-4743-A953-AAFA4C717808}.Debug|x86.ActiveCfg = Debug|Win32
		{99E6F23F-75EC-4743-A953-AAFA4C717808}.Debug|x86.Build.0 = Debug|Win32
		{99E6F23F-75EC-4743-A953-AAFA4C717808}.Release|x64.ActiveCfg = Release|x64
		{99E6F23F-75EC-4743-A953-AAFA4C717808}.Release|x64.Build.0 = Release|x64
		{99E6F23F-75EC-4743-A953-AAFA4C717808}.Release|x86.ActiveCfg = Release|Win32
		{99E6F23F-75EC-4743-A953-AAFA4C717808}.Release|x86.Build.0 = Release|Win32
		{195E4EB0-648A-47F5-A1AA-ED75C3D453BA}.Debug|x64.ActiveCfg = Debug|x64
		{195E4EB0-648A-47F5-A1AA-ED75C3D453BA}.Debug|x64.Build.0 = Debug|x64
		{195E4EB0-648A-47F5-A1AA-ED75C3D453BA}.Debug|x86.ActiveCfg = Debug|Win32
		{195E4EB0-648A-47F5-A1AA-ED75C3D453BA}.Debug|x86.Build.0 = Debug|Win32
		{195E4EB0-648A-47F5-A1AA-ED75C3D453BA}.Release|x64.ActiveCfg = Release|x64
		{195E4EB0-648A-47F5-A1AA-ED75C3D453BA}.Release|x64.Build.0 = Release|x64
		{195E4EB0-648A-47F5-A1AA-ED75C3D453BA}.Release|x86.ActiveCfg = Release|Win32
		{195E4EB0-648A-47F5-A1AA-ED75C3D453BA}.Release|x86.Build.0 = Release|Win32
		{FA15A42A-9E96-44A9-9897-BC78D47E1174}.Debug|x64.ActiveCfg = Debug|x64
		{FA15A42A-9E96-44A9-9897-BC78D47E1174}.Debug|x64.Build.0 = Debug|x64
		{FA15A42A-9E96-44A9-9897-BC78D47E1174}.Debug|x86.ActiveCfg = Debug|Win32
		{FA15A42A-9E96-44A9-9897-BC78D47E1174}.Debug|x86.Build.0 = Debug|Win32
		{FA15A42A-9E96-44A9-9897-BC78D47E1174}.Release|x64.ActiveCfg = Release|x64
		{FA15A42A-9E96-44A9-9897-BC78D47E1174}.Release|x64.Build.0 = Release|x64
		{FA15A42A-9E96-44A9-9897-BC78D47E1174}.Release|x86.ActiveCfg = Release|Win32
		{FA15A42A-9E96-44A9-9897-BC78D47E1174}.Release|x86.Build.0 = Release|Win32
		{27DF2369-ACD9-44F6-A7C5-468BF4547A11}.Debug|x64.ActiveCfg = Debug|x64
		{27DF2369-ACD9-44F6-A7C5-468BF4547A11}.Debug|x64.Build.0 = Debug|x64
		{27DF2369-ACD9-44F6-A7C5-468BF4547A11}.Debug|x86.ActiveCfg = Debug|Win32
		{27DF2369-ACD9-44F6-A7C5-468BF4547A11}.Debug|x86.Build.0 = Debug|Win32
		{27DF2369-ACD9-44F6-A7C5-468BF4547A11}.Release|x64.ActiveCfg = Release|x64
		{27DF2369-ACD9-44F6-A7C5-468BF4547A11}.Release|x64.Build.0 = Release|x64
		{27DF2369-ACD9-44F6-A7C5-468BF4547A11}.Release|x86.ActiveCfg = Release|Win32
		{27DF2369-ACD9-44F6-A7C5-468BF4547A11}.Release|x86.Build.0 = Release|Win32
		{56B681EA-537E-496D-A926-74881B258721}.Debug|x64.ActiveCfg = Debug|x64
		{56B681EA-537E-496D-A926-74881B258721}.Debug|x64.Build.0 = Debug|x64
		{56B681EA-537E-496D-A926-74881B258721}.Debug|x86.ActiveCfg = Debug|Win32
		{56B681EA-537E-496D-A926-74881B258721}.Debug|x86.Build.0 = Debug|Win32
		{56B681EA-537E-496D-A926-74881B258721}.Release|x64.ActiveCfg = Release|x64
		{56B681EA-537E-496D-A926-74881B258721}.Release|x64.Build.0 = Release|x64
		{56B681EA-537E-496D-A926-74881B258721}.Release|x86.ActiveCfg = Release|Win32
		{56B681EA-537E-496D-A926-74881B258721}.Release|x86.Build.0 = Release|Win32
		{5C48D037-4AE5-4060-9A5C-88A0B0963941}.Debug|x64.ActiveCfg = Debug|x64
		{5C48D037-4AE5-4060-9A5C-88A0B0963941}.Debug|x64.Build.0 = Debug|x64
		{5C48D037-4AE5-4060-9A5C-88A0B0963941}.Debug|x86.ActiveCfg = Debug|Win32
		{5C48D037-4AE5-4060-9A5C-88A0B0963941}.Debug|x86.Build.0 = Debug|Win32
		{5C48D037-4AE5-4060-9A5C-88A0B0963941}.Release|x64.ActiveCfg = Release|x64
		{5C48D037-4AE5-4060-9A5C-88A0B0963941}.Release|x64.Build.0 = Release|x64
		{5C48D037-4AE5-4060-9A5C-88A0B0963941}.Release|x86.ActiveCfg = Release|Win32
		{5C48D037-4AE5-4060-9A5C-88A0B0963941}.Release|x86.Build.0 = Release|Win32
		{A31C0D7A-B8C0-43CA-B8E9-22698C3E98CA}.Debug|x64.ActiveCfg = Debug|x64
		{A31C0D7A-B8C0-43CA-B8E9-22698C3E98CA}.Debug|x64.Build.0 = Debug|x64
		{A31C0D7A-B8C0-43CA-B8E9-22698C3E98CA}.Debug|x86.ActiveCfg = Debug|Win32
		{A31C0D7A-B8C0-43CA-B8E9-22698C3E98CA}.Debug|x86.Build.0 = Debug|Win32
		{A31C0D7A-B8C0-43CA-B8E9-22698C3E98CA}.Release|x64.ActiveCfg = Release|x64
		{A31C0D7A-B8C0-43CA-B8E9-22698C3E98CA}.Release|x64.Build.0 = Release|x64
		{A31C0D7A-B8C0-43CA-B8E9-22698C3E98CA}.Release|x86.ActiveCfg = Release|Win32
		{A31C0D7A-B8C0-43CA-B8E9-22698C3E98CA}.Release|x86.Build.0 = Release|Win32
		{1CD59388-05B3-414D-A66B-7E0FE5EFFBA5}.Debug|x64.ActiveCfg = Debug|x64
		{1CD59388-05B3-414D-A66B-7E0FE5EFFBA5}.Debug|x64.Build.0 = Debug|x64
		{1CD59388-05B3-414D-A66B-7E0FE5EFFBA5}.Debug|x86.ActiveCfg = Debug|Win32
		{1CD59388-05B3-414D-A66B-7E0FE5EFFBA5}.Debug|x86.Build.0 = Debug|Win32
		{1CD59388-05B3-414D-A66B-7E0FE5EFFBA5}.Release|x64.ActiveCfg = Release|x64
		{1CD59388-05B3-414D-A66B-7E0FE5EFFBA5}.Release|x64.Build.0 = Release|x64
		{1CD59388-05B3-414D-A66B-7E0FE5EFFBA5}.Release|x86.ActiveCfg = Release|Win32
		{1CD59388-05B3-414D-A66B-7E0FE5EFFBA5}.Release|x86.Build.0 = Release|Win32
		{2911D7B8-813B-4C51-8833-28D93F38E584}.Debug|x64.ActiveCfg = Debug|x64
		{2911D7B8-813B-4C51-8833-28D93F38E584}.Debug|x64.Build.0 = Debug|x64
		{2911D7B8-813B-4C51-8833-28D93F38E584}.Debug|x86.ActiveCfg = Debug|Win32
		{2911D7B8-813B-4C51-8833-28D93F38E584}.Debug|x86.Build.0 = Debug|Win32
		{2911D7B8-813B-4C51-8833-28D93F38E584}.Release|x64.ActiveCfg = Release|x64
		{2911D7B8-813B-4C51-8833-28D93F38E584}.Release|x64.Build.0 = Release|x64
		{2911D7B8-813B-4C51-8833-28D93F38E584}.Release|x86.ActiveCfg = Release|Win32
		{2911D7B8-813B-4C51-8833-28D93F38E584}.Release|x86.Build.0 = Release|Win32
		{B79199C5-6160-4CB9-BF88-95A322011216}.Debug|x64.ActiveCfg = Debug|x64
		{B79199C5-6160-4CB9-BF88-95A322011216}.Debug|x64.Build.0 = Debug|x64
		{B79199C5-6160-4CB9-BF88-95A322011216}.Debug|x86.ActiveCfg = Debug|Win32
		{B79199C5-6160-4CB9-BF88-95A322011216}.Debug|x86.Build.0 = Debug|Win32
		{B79199C5-6160-4CB9-BF88-95A322011216}.Release|x64.ActiveCfg = Release|x64
		{B79199C5-6160-4CB9-BF88-95A322011216}.Release|x64.Build.0 = Release|x64
		{B79199C5-6160-4CB9-BF88-95A322011216}.Release|x86.ActiveCfg = Release|Win32
		{B79199C5-6160-4CB9-BF88-95A322011216}.Release|x86.Build.0 = Release|Win32
		{88C0C615-9990-4108-8151-24F18A8A6C86}.Debug|x64.ActiveCfg = Debug|x64
		{88C0C615-9990-4108-8151-24F18A8A6C86}.Debug|x64.Build.0 = Debug|x64
		{88C0C615-9990-4108-8151-24F18A8A6C86}.Debug|x86.ActiveCfg = Debug|Win32
		{88C0C615-9990-4108-8151-24F18A8A6C86}.Debug|x86.Build.0 = Debug|Win32
		{88C0C615-9990-4108-8151-24F18A8A6C86}.Release|x64.ActiveCfg = Release|x64
		{88C0C615-9990-4108-8151-24F18A8A6C86}.Release|x64.Build.0 = Release|x64
		{88C0C615-9990-4108-8151-24F18A8A6C86}.Release|x86.ActiveCfg = Release|Win32
		{88C0C615-9990-4108-8151-24F18A8A6C86}.Release|x86.Build.0 = Release|Win32
		{AF53B6F2-8323-4193-8E9C-8E28964A42BE}.Debug|x64.ActiveCfg = Debug|x64
		{AF53B6F2-8323-4193-8E9C-8E28964A42BE}.Debug|x64.Build.0 = Debug|x64
		{AF53B6F2-8323-4193-8E9C-8E28964A42BE}.Debug|x86.ActiveCfg = Debug|Win32
		{AF53B6F2-8323-4193-8E9C-8E28964A42BE}.Debug|x86.Build.0 = Debug|Win32
		{AF53B6F2-8323-4193-8E9C-8E28964A42BE}.Release|x64.ActiveCfg = Release|x64
		{AF53B6F2-8323-4193-8E9C-8E28964A42BE}.Release|x64.Build.0 = Release|x64
		{AF53B6F2-8323-4193-8E9C-8E28964A42BE}.Release|x86.ActiveCfg = Release|Win32
		{AF53B6F2-8323-4193-8E9C-8E28964A42BE}.Release|x86.Build.0 = Release|Win32
		{DE550659-5D68-4008-B4D4-1A86D6B6A58C}.Debug|x64.ActiveCfg = Debug|x64
		{DE550659-5D68-4008-B4D4-1A86D6B6A58C}.Debug|x64.Build.0 = Debug|x64
		{DE550659-5D68-4008-B4D4-1A86D6B6A58C}.Debug|x86.ActiveCfg = Debug|Win32
		{DE550659-5D68-4008-B4D4-1A86D6B6A58C}.Debug|x86.Build.0 = Debug|Win32
		{DE550659-5D68-4008-B4D4-1A86D6B6A58C}.Release|x64.ActiveCfg = Release|x64
		{DE550659-5D68-4008-B4D4-1A86D6B6A58C}.Release|x64.Build.0 = Release|x64
		{DE550659-5D68-4008-B4D4-1A86D6B6A58C}.Release|x86.ActiveCfg = Release|Win32
		{DE550659-5D68-4008-B4D4-1A86D6B6A58C}.Release|x86.Build.0 = Release|Win32
		{DB14079C-D68F-4028-8A4D-74C706C63E39}.Debug|x64.ActiveCfg = Debug|x64
		{DB14079C-D68F-4028-8A4D-74C706C63E39}.Debug|x64.Build.0 = Debug|x64
		{DB14079C-D68F-4028-8A4D-74C706C63E39}.Debug|x86.ActiveCfg = Debug|Win32
		{DB14079C-D68F-4028-8A4D-74C706C63E39}.Debug|x86.Build.0 = Debug|Win32
		{DB14079C-D68F-4028-8A4D-74C706C63E39}.Release|x64.ActiveCfg = Release|x64
		{DB14079C-D68F-4028-8A4D-74C706C63E39}.Release|x64.Build.0 = Release|x64
		{DB14079C-D68F-4028-8A4D-74C706C63E39}.Release|x86.ActiveCfg = Release|Win32
		{DB14079C-D68F-4028-8A4D-74C706C63E39}.Release|x86.Build.0 = Release|Win32
		{DFC04117-F0EA-48CA-80E6-B1CCDE352E7F}.Debug|x64.ActiveCfg = Debug|x64
		{DFC04117-F0EA-48CA-80E6-B1CCDE352E7F}.Debug|x64.Build.0 = Debug|x64
		{DFC04117-F0EA-48CA-80E6-B1CCDE352E7F}.Debug|x86.ActiveCfg = Debug|Win32
		{DFC04117-F0EA-48CA-80E6-B1CCDE352E7F}.Debug|x86.Build.0 = Debug|Win32
		{DFC04117-F0EA-48CA-80E6-B1CCDE352E7F}.Release|x64.ActiveCfg = Release|x64
		{DFC04117-F0EA-48CA-80E6-B1CCDE352E7F}.Release|x64.Build.0 = Release|x64
		{DFC04117-F0EA-48CA-80E6-B1CCDE352E7F}.Release|x86.ActiveCfg = Release|Win32
		{DFC04117-F0EA-48CA-80E6-B1CCDE352E7F}.Release|x86.Build.0 = Release|Win32
	EndGlobalSection
	GlobalSection(SolutionProperties) = preSolution
		HideSolutionNode = FALSE
	EndGlobalSection
	GlobalSection(ExtensibilityGlobals) = postSolution
		SolutionGuid = {A34CA5B6-8D10-4E34-B3AC-38A5116B29F3}
	EndGlobalSection
EndGlobal
