
Microsoft Visual Studio Solution File, Format Version 12.00
# Visual Studio Version 17
VisualStudioVersion = 17.14.36310.24
MinimumVisualStudioVersion = 10.0.40219.1
Project("{8BC9CEB8-8B4A-11D0-8D11-00A0C91BC942}") = "Drill01", "Drill01\Drill01.vcxproj", "{2FFA27C7-4603-4C09-A3A7-C5B693765AF2}"
EndProject
Project("{8BC9CEB8-8B4A-11D0-8D11-00A0C91BC942}") = "Drill02", "Drill02\Drill02.vcxproj", "{A2F77680-48B7-41BE-831B-FFDC0D36BAD7}"
EndProject
Project("{8BC9CEB8-8B4A-11D0-8D11-00A0C91BC942}") = "Drill03", "Drill03\Drill03.vcxproj", "{0587284C-D156-444F-BB1A-1DF583534163}"
EndProject
Project("{8BC9CEB8-8B4A-11D0-8D11-00A0C91BC942}") = "Drill04", "Drill04\Drill04.vcxproj", "{6ED2C78E-D27D-489B-BEE4-D90AB0A503D1}"
EndProject
Project("{8BC9CEB8-8B4A-11D0-8D11-00A0C91BC942}") = "Drill05", "Drill05\Drill05.vcxproj", "{3D0B5D19-DD97-4873-8C2D-01E5D52608A8}"
EndProject
Project("{8BC9CEB8-8B4A-11D0-8D11-00A0C91BC942}") = "Drill06", "Drill06\Drill06.vcxproj", "{8319702B-4726-4CA8-94CF-38D05C773F0F}"
EndProject
Project("{8BC9CEB8-8B4A-11D0-8D11-00A0C91BC942}") = "Drill07", "Drill07\Drill07.vcxproj", "{C2C7A1AE-78E7-491C-805F-6F6FBA312427}"
EndProject
Project("{8BC9CEB8-8B4A-11D0-8D11-00A0C91BC942}") = "Drill08", "Drill08\Drill08.vcxproj", "{411498FB-E3E0-4921-A570-AA67501BF7C3}"
EndProject
Project("{8BC9CEB8-8B4A-11D0-8D11-00A0C91BC942}") = "Drill09", "Drill09\Drill09.vcxproj", "{123B1D3D-E72E-4902-922A-E18258F88CE0}"
EndProject
Project("{8BC9CEB8-8B4A-11D0-8D11-00A0C91BC942}") = "Drill10", "Drill10\Drill10.vcxproj", "{DA6C3309-C90F-4050-9166-C89C0046BCCA}"
EndProject
Project("{8BC9CEB8-8B4A-11D0-8D11-00A0C91BC942}") = "Drill11", "Drill11\Drill11.vcxproj", "{AE2304CE-6D2A-44FF-8EDF-3C35895B9905}"
EndProject
Project("{8BC9CEB8-8B4A-11D0-8D11-00A0C91BC942}") = "Open Challenge", "Open Challenge\Open Challenge.vcxproj", "{465E035B-8AD5-437E-9854-791CDD8ACE51}"
EndProject
Project("{8BC9CEB8-8B4A-11D0-8D11-00A0C91BC942}") = "Exercise01", "Exercise01\Exercise01.vcxproj", "{CBE4C210-E846-4783-A10B-E5BD60F7F711}"
EndProject
Project("{8BC9CEB8-8B4A-11D0-8D11-00A0C91BC942}") = "Exercise02", "Exercise02\Exercise02.vcxproj", "{632C330E-21FE-4CB0-AFE3-10C26D895922}"
EndProject
Project("{8BC9CEB8-8B4A-11D0-8D11-00A0C91BC942}") = "Exercise03", "Exercise03\Exercise03.vcxproj", "{A89F80D6-130A-4021-9795-A487AA107457}"
EndProject
Project("{8BC9CEB8-8B4A-11D0-8D11-00A0C91BC942}") = "Exercise04", "Exercise04\Exercise04.vcxproj", "{D2D66E17-C9A0-4972-94FC-CA7008DFC8FE}"
EndProject
Project("{8BC9CEB8-8B4A-11D0-8D11-00A0C91BC942}") = "Exercise05", "Exercise05\Exercise05.vcxproj", "{3DE8CF2A-8178-44C7-B686-3FE7F0A8C0AF}"
EndProject
Project("{8BC9CEB8-8B4A-11D0-8D11-00A0C91BC942}") = "Exercise06", "Exercise06\Exercise06.vcxproj", "{800A413D-7A75-413E-BDA4-36E828131B80}"
EndProject
Project("{8BC9CEB8-8B4A-11D0-8D11-00A0C91BC942}") = "Exercise07", "Exercise07\Exercise07.vcxproj", "{828806CE-C5B0-4C78-97F8-74096B922359}"
EndProject
Project("{8BC9CEB8-8B4A-11D0-8D11-00A0C91BC942}") = "Exercise08", "Exercise08\Exercise08.vcxproj", "{4247DC15-CF9E-44C6-B018-8C5738ADFE8E}"
EndProject
Project("{8BC9CEB8-8B4A-11D0-8D11-00A0C91BC942}") = "Exercise09", "Exercise09\Exercise09.vcxproj", "{0EA25AAE-DEBA-4C77-B2FA-BDB09AE30030}"
EndProject
Project("{8BC9CEB8-8B4A-11D0-8D11-00A0C91BC942}") = "Exercise10", "Exercise10\Exercise10.vcxproj", "{89812574-C9AB-49A7-998C-269C06D6B828}"
EndProject
Global
	GlobalSection(SolutionConfigurationPlatforms) = preSolution
		Debug|x64 = Debug|x64
		Debug|x86 = Debug|x86
		Release|x64 = Release|x64
		Release|x86 = Release|x86
	EndGlobalSection
	GlobalSection(ProjectConfigurationPlatforms) = postSolution
		{2FFA27C7-4603-4C09-A3A7-C5B693765AF2}.Debug|x64.ActiveCfg = Debug|x64
		{2FFA27C7-4603-4C09-A3A7-C5B693765AF2}.Debug|x64.Build.0 = Debug|x64
		{2FFA27C7-4603-4C09-A3A7-C5B693765AF2}.Debug|x86.ActiveCfg = Debug|Win32
		{2FFA27C7-4603-4C09-A3A7-C5B693765AF2}.Debug|x86.Build.0 = Debug|Win32
		{2FFA27C7-4603-4C09-A3A7-C5B693765AF2}.Release|x64.ActiveCfg = Release|x64
		{2FFA27C7-4603-4C09-A3A7-C5B693765AF2}.Release|x64.Build.0 = Release|x64
		{2FFA27C7-4603-4C09-A3A7-C5B693765AF2}.Release|x86.ActiveCfg = Release|Win32
		{2FFA27C7-4603-4C09-A3A7-C5B693765AF2}.Release|x86.Build.0 = Release|Win32
		{A2F77680-48B7-41BE-831B-FFDC0D36BAD7}.Debug|x64.ActiveCfg = Debug|x64
		{A2F77680-48B7-41BE-831B-FFDC0D36BAD7}.Debug|x64.Build.0 = Debug|x64
		{A2F77680-48B7-41BE-831B-FFDC0D36BAD7}.Debug|x86.ActiveCfg = Debug|Win32
		{A2F77680-48B7-41BE-831B-FFDC0D36BAD7}.Debug|x86.Build.0 = Debug|Win32
		{A2F77680-48B7-41BE-831B-FFDC0D36BAD7}.Release|x64.ActiveCfg = Release|x64
		{A2F77680-48B7-41BE-831B-FFDC0D36BAD7}.Release|x64.Build.0 = Release|x64
		{A2F77680-48B7-41BE-831B-FFDC0D36BAD7}.Release|x86.ActiveCfg = Release|Win32
		{A2F77680-48B7-41BE-831B-FFDC0D36BAD7}.Release|x86.Build.0 = Release|Win32
		{0587284C-D156-444F-BB1A-1DF583534163}.Debug|x64.ActiveCfg = Debug|x64
		{0587284C-D156-444F-BB1A-1DF583534163}.Debug|x64.Build.0 = Debug|x64
		{0587284C-D156-444F-BB1A-1DF583534163}.Debug|x86.ActiveCfg = Debug|Win32
		{0587284C-D156-444F-BB1A-1DF583534163}.Debug|x86.Build.0 = Debug|Win32
		{0587284C-D156-444F-BB1A-1DF583534163}.Release|x64.ActiveCfg = Release|x64
		{0587284C-D156-444F-BB1A-1DF583534163}.Release|x64.Build.0 = Release|x64
		{0587284C-D156-444F-BB1A-1DF583534163}.Release|x86.ActiveCfg = Release|Win32
		{0587284C-D156-444F-BB1A-1DF583534163}.Release|x86.Build.0 = Release|Win32
		{6ED2C78E-D27D-489B-BEE4-D90AB0A503D1}.Debug|x64.ActiveCfg = Debug|x64
		{6ED2C78E-D27D-489B-BEE4-D90AB0A503D1}.Debug|x64.Build.0 = Debug|x64
		{6ED2C78E-D27D-489B-BEE4-D90AB0A503D1}.Debug|x86.ActiveCfg = Debug|Win32
		{6ED2C78E-D27D-489B-BEE4-D90AB0A503D1}.Debug|x86.Build.0 = Debug|Win32
		{6ED2C78E-D27D-489B-BEE4-D90AB0A503D1}.Release|x64.ActiveCfg = Release|x64
		{6ED2C78E-D27D-489B-BEE4-D90AB0A503D1}.Release|x64.Build.0 = Release|x64
		{6ED2C78E-D27D-489B-BEE4-D90AB0A503D1}.Release|x86.ActiveCfg = Release|Win32
		{6ED2C78E-D27D-489B-BEE4-D90AB0A503D1}.Release|x86.Build.0 = Release|Win32
		{3D0B5D19-DD97-4873-8C2D-01E5D52608A8}.Debug|x64.ActiveCfg = Debug|x64
		{3D0B5D19-DD97-4873-8C2D-01E5D52608A8}.Debug|x64.Build.0 = Debug|x64
		{3D0B5D19-DD97-4873-8C2D-01E5D52608A8}.Debug|x86.ActiveCfg = Debug|Win32
		{3D0B5D19-DD97-4873-8C2D-01E5D52608A8}.Debug|x86.Build.0 = Debug|Win32
		{3D0B5D19-DD97-4873-8C2D-01E5D52608A8}.Release|x64.ActiveCfg = Release|x64
		{3D0B5D19-DD97-4873-8C2D-01E5D52608A8}.Release|x64.Build.0 = Release|x64
		{3D0B5D19-DD97-4873-8C2D-01E5D52608A8}.Release|x86.ActiveCfg = Release|Win32
		{3D0B5D19-DD97-4873-8C2D-01E5D52608A8}.Release|x86.Build.0 = Release|Win32
		{8319702B-4726-4CA8-94CF-38D05C773F0F}.Debug|x64.ActiveCfg = Debug|x64
		{8319702B-4726-4CA8-94CF-38D05C773F0F}.Debug|x64.Build.0 = Debug|x64
		{8319702B-4726-4CA8-94CF-38D05C773F0F}.Debug|x86.ActiveCfg = Debug|Win32
		{8319702B-4726-4CA8-94CF-38D05C773F0F}.Debug|x86.Build.0 = Debug|Win32
		{8319702B-4726-4CA8-94CF-38D05C773F0F}.Release|x64.ActiveCfg = Release|x64
		{8319702B-4726-4CA8-94CF-38D05C773F0F}.Release|x64.Build.0 = Release|x64
		{8319702B-4726-4CA8-94CF-38D05C773F0F}.Release|x86.ActiveCfg = Release|Win32
		{8319702B-4726-4CA8-94CF-38D05C773F0F}.Release|x86.Build.0 = Release|Win32
		{C2C7A1AE-78E7-491C-805F-6F6FBA312427}.Debug|x64.ActiveCfg = Debug|x64
		{C2C7A1AE-78E7-491C-805F-6F6FBA312427}.Debug|x64.Build.0 = Debug|x64
		{C2C7A1AE-78E7-491C-805F-6F6FBA312427}.Debug|x86.ActiveCfg = Debug|Win32
		{C2C7A1AE-78E7-491C-805F-6F6FBA312427}.Debug|x86.Build.0 = Debug|Win32
		{C2C7A1AE-78E7-491C-805F-6F6FBA312427}.Release|x64.ActiveCfg = Release|x64
		{C2C7A1AE-78E7-491C-805F-6F6FBA312427}.Release|x64.Build.0 = Release|x64
		{C2C7A1AE-78E7-491C-805F-6F6FBA312427}.Release|x86.ActiveCfg = Release|Win32
		{C2C7A1AE-78E7-491C-805F-6F6FBA312427}.Release|x86.Build.0 = Release|Win32
		{411498FB-E3E0-4921-A570-AA67501BF7C3}.Debug|x64.ActiveCfg = Debug|x64
		{411498FB-E3E0-4921-A570-AA67501BF7C3}.Debug|x64.Build.0 = Debug|x64
		{411498FB-E3E0-4921-A570-AA67501BF7C3}.Debug|x86.ActiveCfg = Debug|Win32
		{411498FB-E3E0-4921-A570-AA67501BF7C3}.Debug|x86.Build.0 = Debug|Win32
		{411498FB-E3E0-4921-A570-AA67501BF7C3}.Release|x64.ActiveCfg = Release|x64
		{411498FB-E3E0-4921-A570-AA67501BF7C3}.Release|x64.Build.0 = Release|x64
		{411498FB-E3E0-4921-A570-AA67501BF7C3}.Release|x86.ActiveCfg = Release|Win32
		{411498FB-E3E0-4921-A570-AA67501BF7C3}.Release|x86.Build.0 = Release|Win32
		{123B1D3D-E72E-4902-922A-E18258F88CE0}.Debug|x64.ActiveCfg = Debug|x64
		{123B1D3D-E72E-4902-922A-E18258F88CE0}.Debug|x64.Build.0 = Debug|x64
		{123B1D3D-E72E-4902-922A-E18258F88CE0}.Debug|x86.ActiveCfg = Debug|Win32
		{123B1D3D-E72E-4902-922A-E18258F88CE0}.Debug|x86.Build.0 = Debug|Win32
		{123B1D3D-E72E-4902-922A-E18258F88CE0}.Release|x64.ActiveCfg = Release|x64
		{123B1D3D-E72E-4902-922A-E18258F88CE0}.Release|x64.Build.0 = Release|x64
		{123B1D3D-E72E-4902-922A-E18258F88CE0}.Release|x86.ActiveCfg = Release|Win32
		{123B1D3D-E72E-4902-922A-E18258F88CE0}.Release|x86.Build.0 = Release|Win32
		{DA6C3309-C90F-4050-9166-C89C0046BCCA}.Debug|x64.ActiveCfg = Debug|x64
		{DA6C3309-C90F-4050-9166-C89C0046BCCA}.Debug|x64.Build.0 = Debug|x64
		{DA6C3309-C90F-4050-9166-C89C0046BCCA}.Debug|x86.ActiveCfg = Debug|Win32
		{DA6C3309-C90F-4050-9166-C89C0046BCCA}.Debug|x86.Build.0 = Debug|Win32
		{DA6C3309-C90F-4050-9166-C89C0046BCCA}.Release|x64.ActiveCfg = Release|x64
		{DA6C3309-C90F-4050-9166-C89C0046BCCA}.Release|x64.Build.0 = Release|x64
		{DA6C3309-C90F-4050-9166-C89C0046BCCA}.Release|x86.ActiveCfg = Release|Win32
		{DA6C3309-C90F-4050-9166-C89C0046BCCA}.Release|x86.Build.0 = Release|Win32
		{AE2304CE-6D2A-44FF-8EDF-3C35895B9905}.Debug|x64.ActiveCfg = Debug|x64
		{AE2304CE-6D2A-44FF-8EDF-3C35895B9905}.Debug|x64.Build.0 = Debug|x64
		{AE2304CE-6D2A-44FF-8EDF-3C35895B9905}.Debug|x86.ActiveCfg = Debug|Win32
		{AE2304CE-6D2A-44FF-8EDF-3C35895B9905}.Debug|x86.Build.0 = Debug|Win32
		{AE2304CE-6D2A-44FF-8EDF-3C35895B9905}.Release|x64.ActiveCfg = Release|x64
		{AE2304CE-6D2A-44FF-8EDF-3C35895B9905}.Release|x64.Build.0 = Release|x64
		{AE2304CE-6D2A-44FF-8EDF-3C35895B9905}.Release|x86.ActiveCfg = Release|Win32
		{AE2304CE-6D2A-44FF-8EDF-3C35895B9905}.Release|x86.Build.0 = Release|Win32
		{465E035B-8AD5-437E-9854-791CDD8ACE51}.Debug|x64.ActiveCfg = Debug|x64
		{465E035B-8AD5-437E-9854-791CDD8ACE51}.Debug|x64.Build.0 = Debug|x64
		{465E035B-8AD5-437E-9854-791CDD8ACE51}.Debug|x86.ActiveCfg = Debug|Win32
		{465E035B-8AD5-437E-9854-791CDD8ACE51}.Debug|x86.Build.0 = Debug|Win32
		{465E035B-8AD5-437E-9854-791CDD8ACE51}.Release|x64.ActiveCfg = Release|x64
		{465E035B-8AD5-437E-9854-791CDD8ACE51}.Release|x64.Build.0 = Release|x64
		{465E035B-8AD5-437E-9854-791CDD8ACE51}.Release|x86.ActiveCfg = Release|Win32
		{465E035B-8AD5-437E-9854-791CDD8ACE51}.Release|x86.Build.0 = Release|Win32
		{CBE4C210-E846-4783-A10B-E5BD60F7F711}.Debug|x64.ActiveCfg = Debug|x64
		{CBE4C210-E846-4783-A10B-E5BD60F7F711}.Debug|x64.Build.0 = Debug|x64
		{CBE4C210-E846-4783-A10B-E5BD60F7F711}.Debug|x86.ActiveCfg = Debug|Win32
		{CBE4C210-E846-4783-A10B-E5BD60F7F711}.Debug|x86.Build.0 = Debug|Win32
		{CBE4C210-E846-4783-A10B-E5BD60F7F711}.Release|x64.ActiveCfg = Release|x64
		{CBE4C210-E846-4783-A10B-E5BD60F7F711}.Release|x64.Build.0 = Release|x64
		{CBE4C210-E846-4783-A10B-E5BD60F7F711}.Release|x86.ActiveCfg = Release|Win32
		{CBE4C210-E846-4783-A10B-E5BD60F7F711}.Release|x86.Build.0 = Release|Win32
		{632C330E-21FE-4CB0-AFE3-10C26D895922}.Debug|x64.ActiveCfg = Debug|x64
		{632C330E-21FE-4CB0-AFE3-10C26D895922}.Debug|x64.Build.0 = Debug|x64
		{632C330E-21FE-4CB0-AFE3-10C26D895922}.Debug|x86.ActiveCfg = Debug|Win32
		{632C330E-21FE-4CB0-AFE3-10C26D895922}.Debug|x86.Build.0 = Debug|Win32
		{632C330E-21FE-4CB0-AFE3-10C26D895922}.Release|x64.ActiveCfg = Release|x64
		{632C330E-21FE-4CB0-AFE3-10C26D895922}.Release|x64.Build.0 = Release|x64
		{632C330E-21FE-4CB0-AFE3-10C26D895922}.Release|x86.ActiveCfg = Release|Win32
		{632C330E-21FE-4CB0-AFE3-10C26D895922}.Release|x86.Build.0 = Release|Win32
		{A89F80D6-130A-4021-9795-A487AA107457}.Debug|x64.ActiveCfg = Debug|x64
		{A89F80D6-130A-4021-9795-A487AA107457}.Debug|x64.Build.0 = Debug|x64
		{A89F80D6-130A-4021-9795-A487AA107457}.Debug|x86.ActiveCfg = Debug|Win32
		{A89F80D6-130A-4021-9795-A487AA107457}.Debug|x86.Build.0 = Debug|Win32
		{A89F80D6-130A-4021-9795-A487AA107457}.Release|x64.ActiveCfg = Release|x64
		{A89F80D6-130A-4021-9795-A487AA107457}.Release|x64.Build.0 = Release|x64
		{A89F80D6-130A-4021-9795-A487AA107457}.Release|x86.ActiveCfg = Release|Win32
		{A89F80D6-130A-4021-9795-A487AA107457}.Release|x86.Build.0 = Release|Win32
		{D2D66E17-C9A0-4972-94FC-CA7008DFC8FE}.Debug|x64.ActiveCfg = Debug|x64
		{D2D66E17-C9A0-4972-94FC-CA7008DFC8FE}.Debug|x64.Build.0 = Debug|x64
		{D2D66E17-C9A0-4972-94FC-CA7008DFC8FE}.Debug|x86.ActiveCfg = Debug|Win32
		{D2D66E17-C9A0-4972-94FC-CA7008DFC8FE}.Debug|x86.Build.0 = Debug|Win32
		{D2D66E17-C9A0-4972-94FC-CA7008DFC8FE}.Release|x64.ActiveCfg = Release|x64
		{D2D66E17-C9A0-4972-94FC-CA7008DFC8FE}.Release|x64.Build.0 = Release|x64
		{D2D66E17-C9A0-4972-94FC-CA7008DFC8FE}.Release|x86.ActiveCfg = Release|Win32
		{D2D66E17-C9A0-4972-94FC-CA7008DFC8FE}.Release|x86.Build.0 = Release|Win32
		{3DE8CF2A-8178-44C7-B686-3FE7F0A8C0AF}.Debug|x64.ActiveCfg = Debug|x64
		{3DE8CF2A-8178-44C7-B686-3FE7F0A8C0AF}.Debug|x64.Build.0 = Debug|x64
		{3DE8CF2A-8178-44C7-B686-3FE7F0A8C0AF}.Debug|x86.ActiveCfg = Debug|Win32
		{3DE8CF2A-8178-44C7-B686-3FE7F0A8C0AF}.Debug|x86.Build.0 = Debug|Win32
		{3DE8CF2A-8178-44C7-B686-3FE7F0A8C0AF}.Release|x64.ActiveCfg = Release|x64
		{3DE8CF2A-8178-44C7-B686-3FE7F0A8C0AF}.Release|x64.Build.0 = Release|x64
		{3DE8CF2A-8178-44C7-B686-3FE7F0A8C0AF}.Release|x86.ActiveCfg = Release|Win32
		{3DE8CF2A-8178-44C7-B686-3FE7F0A8C0AF}.Release|x86.Build.0 = Release|Win32
		{800A413D-7A75-413E-BDA4-36E828131B80}.Debug|x64.ActiveCfg = Debug|x64
		{800A413D-7A75-413E-BDA4-36E828131B80}.Debug|x64.Build.0 = Debug|x64
		{800A413D-7A75-413E-BDA4-36E828131B80}.Debug|x86.ActiveCfg = Debug|Win32
		{800A413D-7A75-413E-BDA4-36E828131B80}.Debug|x86.Build.0 = Debug|Win32
		{800A413D-7A75-413E-BDA4-36E828131B80}.Release|x64.ActiveCfg = Release|x64
		{800A413D-7A75-413E-BDA4-36E828131B80}.Release|x64.Build.0 = Release|x64
		{800A413D-7A75-413E-BDA4-36E828131B80}.Release|x86.ActiveCfg = Release|Win32
		{800A413D-7A75-413E-BDA4-36E828131B80}.Release|x86.Build.0 = Release|Win32
		{828806CE-C5B0-4C78-97F8-74096B922359}.Debug|x64.ActiveCfg = Debug|x64
		{828806CE-C5B0-4C78-97F8-74096B922359}.Debug|x64.Build.0 = Debug|x64
		{828806CE-C5B0-4C78-97F8-74096B922359}.Debug|x86.ActiveCfg = Debug|Win32
		{828806CE-C5B0-4C78-97F8-74096B922359}.Debug|x86.Build.0 = Debug|Win32
		{828806CE-C5B0-4C78-97F8-74096B922359}.Release|x64.ActiveCfg = Release|x64
		{828806CE-C5B0-4C78-97F8-74096B922359}.Release|x64.Build.0 = Release|x64
		{828806CE-C5B0-4C78-97F8-74096B922359}.Release|x86.ActiveCfg = Release|Win32
		{828806CE-C5B0-4C78-97F8-74096B922359}.Release|x86.Build.0 = Release|Win32
		{4247DC15-CF9E-44C6-B018-8C5738ADFE8E}.Debug|x64.ActiveCfg = Debug|x64
		{4247DC15-CF9E-44C6-B018-8C5738ADFE8E}.Debug|x64.Build.0 = Debug|x64
		{4247DC15-CF9E-44C6-B018-8C5738ADFE8E}.Debug|x86.ActiveCfg = Debug|Win32
		{4247DC15-CF9E-44C6-B018-8C5738ADFE8E}.Debug|x86.Build.0 = Debug|Win32
		{4247DC15-CF9E-44C6-B018-8C5738ADFE8E}.Release|x64.ActiveCfg = Release|x64
		{4247DC15-CF9E-44C6-B018-8C5738ADFE8E}.Release|x64.Build.0 = Release|x64
		{4247DC15-CF9E-44C6-B018-8C5738ADFE8E}.Release|x86.ActiveCfg = Release|Win32
		{4247DC15-CF9E-44C6-B018-8C5738ADFE8E}.Release|x86.Build.0 = Release|Win32
		{0EA25AAE-DEBA-4C77-B2FA-BDB09AE30030}.Debug|x64.ActiveCfg = Debug|x64
		{0EA25AAE-DEBA-4C77-B2FA-BDB09AE30030}.Debug|x64.Build.0 = Debug|x64
		{0EA25AAE-DEBA-4C77-B2FA-BDB09AE30030}.Debug|x86.ActiveCfg = Debug|Win32
		{0EA25AAE-DEBA-4C77-B2FA-BDB09AE30030}.Debug|x86.Build.0 = Debug|Win32
		{0EA25AAE-DEBA-4C77-B2FA-BDB09AE30030}.Release|x64.ActiveCfg = Release|x64
		{0EA25AAE-DEBA-4C77-B2FA-BDB09AE30030}.Release|x64.Build.0 = Release|x64
		{0EA25AAE-DEBA-4C77-B2FA-BDB09AE30030}.Release|x86.ActiveCfg = Release|Win32
		{0EA25AAE-DEBA-4C77-B2FA-BDB09AE30030}.Release|x86.Build.0 = Release|Win32
		{89812574-C9AB-49A7-998C-269C06D6B828}.Debug|x64.ActiveCfg = Debug|x64
		{89812574-C9AB-49A7-998C-269C06D6B828}.Debug|x64.Build.0 = Debug|x64
		{89812574-C9AB-49A7-998C-269C06D6B828}.Debug|x86.ActiveCfg = Debug|Win32
		{89812574-C9AB-49A7-998C-269C06D6B828}.Debug|x86.Build.0 = Debug|Win32
		{89812574-C9AB-49A7-998C-269C06D6B828}.Release|x64.ActiveCfg = Release|x64
		{89812574-C9AB-49A7-998C-269C06D6B828}.Release|x64.Build.0 = Release|x64
		{89812574-C9AB-49A7-998C-269C06D6B828}.Release|x86.ActiveCfg = Release|Win32
		{89812574-C9AB-49A7-998C-269C06D6B828}.Release|x86.Build.0 = Release|Win32
	EndGlobalSection
	GlobalSection(SolutionProperties) = preSolution
		HideSolutionNode = FALSE
	EndGlobalSection
	GlobalSection(ExtensibilityGlobals) = postSolution
		SolutionGuid = {07213B58-666D-496B-AC54-AEA8D4610965}
	EndGlobalSection
EndGlobal
