
Microsoft Visual Studio Solution File, Format Version 12.00
# Visual Studio Version 17
VisualStudioVersion = 17.14.36310.24
MinimumVisualStudioVersion = 10.0.40219.1
Project("{8BC9CEB8-8B4A-11D0-8D11-00A0C91BC942}") = "Drill01", "Drill01\Drill01.vcxproj", "{450EA9F2-6B94-4C7F-B98C-70AB0906E68F}"
EndProject
Project("{8BC9CEB8-8B4A-11D0-8D11-00A0C91BC942}") = "Drill02", "Drill02\Drill02.vcxproj", "{EA90C41C-CE2D-4E4E-A866-2CF364E95AA4}"
EndProject
Project("{8BC9CEB8-8B4A-11D0-8D11-00A0C91BC942}") = "Drill03", "Drill03\Drill03.vcxproj", "{E1CE0063-6030-40CF-8FDF-C26A310400A3}"
EndProject
Project("{8BC9CEB8-8B4A-11D0-8D11-00A0C91BC942}") = "Drill04", "Drill04\Drill04.vcxproj", "{234F010E-CB31-45E6-B320-5D095344F882}"
EndProject
Project("{8BC9CEB8-8B4A-11D0-8D11-00A0C91BC942}") = "Open Challenge", "Open Challenge\Open Challenge.vcxproj", "{72D4D993-BE94-4CE5-A07C-2CEB990EE893}"
EndProject
Project("{8BC9CEB8-8B4A-11D0-8D11-00A0C91BC942}") = "Exercise01", "Exercise01\Exercise01.vcxproj", "{217B5E99-6283-467A-86C2-6CAC42CF8D14}"
EndProject
Project("{8BC9CEB8-8B4A-11D0-8D11-00A0C91BC942}") = "Exercise02", "Exercise02\Exercise02.vcxproj", "{529F93B5-7AD1-4EA7-B283-D0D5178939FE}"
EndProject
Project("{8BC9CEB8-8B4A-11D0-8D11-00A0C91BC942}") = "Exercise03", "Exercise03\Exercise03.vcxproj", "{6E555D5A-0E14-4946-B09A-CA26F159B7D5}"
EndProject
Project("{8BC9CEB8-8B4A-11D0-8D11-00A0C91BC942}") = "Exercise04", "Exercise04\Exercise04.vcxproj", "{BDF61811-88D7-414E-9448-C4271A34A763}"
EndProject
Project("{8BC9CEB8-8B4A-11D0-8D11-00A0C91BC942}") = "Exercise05", "Exercise05\Exercise05.vcxproj", "{D8C9A89A-53CC-4D10-897F-8CB44A34AE46}"
EndProject
Project("{8BC9CEB8-8B4A-11D0-8D11-00A0C91BC942}") = "Exercise06", "Exercise06\Exercise06.vcxproj", "{B4DCFA09-E4EC-41B2-BC23-A60DEC47E3E5}"
EndProject
Project("{8BC9CEB8-8B4A-11D0-8D11-00A0C91BC942}") = "Exercise07", "Exercise07\Exercise07.vcxproj", "{94858DA4-D4F5-4447-A996-7938892D6DFE}"
EndProject
Project("{8BC9CEB8-8B4A-11D0-8D11-00A0C91BC942}") = "Exercise08", "Exercise08\Exercise08.vcxproj", "{41C70399-6D20-4249-B187-D37B9FB07F45}"
EndProject
Project("{8BC9CEB8-8B4A-11D0-8D11-00A0C91BC942}") = "Exercise09", "Exercise09\Exercise09.vcxproj", "{27FA0959-0AAC-4F7F-A601-356D09B8D0B5}"
EndProject
Project("{8BC9CEB8-8B4A-11D0-8D11-00A0C91BC942}") = "Exercise10", "Exercise10\Exercise10.vcxproj", "{5EF272B2-8417-4B00-A4FF-5E49FB0C3528}"
EndProject
Global
	GlobalSection(SolutionConfigurationPlatforms) = preSolution
		Debug|x64 = Debug|x64
		Debug|x86 = Debug|x86
		Release|x64 = Release|x64
		Release|x86 = Release|x86
	EndGlobalSection
	GlobalSection(ProjectConfigurationPlatforms) = postSolution
		{450EA9F2-6B94-4C7F-B98C-70AB0906E68F}.Debug|x64.ActiveCfg = Debug|x64
		{450EA9F2-6B94-4C7F-B98C-70AB0906E68F}.Debug|x64.Build.0 = Debug|x64
		{450EA9F2-6B94-4C7F-B98C-70AB0906E68F}.Debug|x86.ActiveCfg = Debug|Win32
		{450EA9F2-6B94-4C7F-B98C-70AB0906E68F}.Debug|x86.Build.0 = Debug|Win32
		{450EA9F2-6B94-4C7F-B98C-70AB0906E68F}.Release|x64.ActiveCfg = Release|x64
		{450EA9F2-6B94-4C7F-B98C-70AB0906E68F}.Release|x64.Build.0 = Release|x64
		{450EA9F2-6B94-4C7F-B98C-70AB0906E68F}.Release|x86.ActiveCfg = Release|Win32
		{450EA9F2-6B94-4C7F-B98C-70AB0906E68F}.Release|x86.Build.0 = Release|Win32
		{EA90C41C-CE2D-4E4E-A866-2CF364E95AA4}.Debug|x64.ActiveCfg = Debug|x64
		{EA90C41C-CE2D-4E4E-A866-2CF364E95AA4}.Debug|x64.Build.0 = Debug|x64
		{EA90C41C-CE2D-4E4E-A866-2CF364E95AA4}.Debug|x86.ActiveCfg = Debug|Win32
		{EA90C41C-CE2D-4E4E-A866-2CF364E95AA4}.Debug|x86.Build.0 = Debug|Win32
		{EA90C41C-CE2D-4E4E-A866-2CF364E95AA4}.Release|x64.ActiveCfg = Release|x64
		{EA90C41C-CE2D-4E4E-A866-2CF364E95AA4}.Release|x64.Build.0 = Release|x64
		{EA90C41C-CE2D-4E4E-A866-2CF364E95AA4}.Release|x86.ActiveCfg = Release|Win32
		{EA90C41C-CE2D-4E4E-A866-2CF364E95AA4}.Release|x86.Build.0 = Release|Win32
		{E1CE0063-6030-40CF-8FDF-C26A310400A3}.Debug|x64.ActiveCfg = Debug|x64
		{E1CE0063-6030-40CF-8FDF-C26A310400A3}.Debug|x64.Build.0 = Debug|x64
		{E1CE0063-6030-40CF-8FDF-C26A310400A3}.Debug|x86.ActiveCfg = Debug|Win32
		{E1CE0063-6030-40CF-8FDF-C26A310400A3}.Debug|x86.Build.0 = Debug|Win32
		{E1CE0063-6030-40CF-8FDF-C26A310400A3}.Release|x64.ActiveCfg = Release|x64
		{E1CE0063-6030-40CF-8FDF-C26A310400A3}.Release|x64.Build.0 = Release|x64
		{E1CE0063-6030-40CF-8FDF-C26A310400A3}.Release|x86.ActiveCfg = Release|Win32
		{E1CE0063-6030-40CF-8FDF-C26A310400A3}.Release|x86.Build.0 = Release|Win32
		{234F010E-CB31-45E6-B320-5D095344F882}.Debug|x64.ActiveCfg = Debug|x64
		{234F010E-CB31-45E6-B320-5D095344F882}.Debug|x64.Build.0 = Debug|x64
		{234F010E-CB31-45E6-B320-5D095344F882}.Debug|x86.ActiveCfg = Debug|Win32
		{234F010E-CB31-45E6-B320-5D095344F882}.Debug|x86.Build.0 = Debug|Win32
		{234F010E-CB31-45E6-B320-5D095344F882}.Release|x64.ActiveCfg = Release|x64
		{234F010E-CB31-45E6-B320-5D095344F882}.Release|x64.Build.0 = Release|x64
		{234F010E-CB31-45E6-B320-5D095344F882}.Release|x86.ActiveCfg = Release|Win32
		{234F010E-CB31-45E6-B320-5D095344F882}.Release|x86.Build.0 = Release|Win32
		{72D4D993-BE94-4CE5-A07C-2CEB990EE893}.Debug|x64.ActiveCfg = Debug|x64
		{72D4D993-BE94-4CE5-A07C-2CEB990EE893}.Debug|x64.Build.0 = Debug|x64
		{72D4D993-BE94-4CE5-A07C-2CEB990EE893}.Debug|x86.ActiveCfg = Debug|Win32
		{72D4D993-BE94-4CE5-A07C-2CEB990EE893}.Debug|x86.Build.0 = Debug|Win32
		{72D4D993-BE94-4CE5-A07C-2CEB990EE893}.Release|x64.ActiveCfg = Release|x64
		{72D4D993-BE94-4CE5-A07C-2CEB990EE893}.Release|x64.Build.0 = Release|x64
		{72D4D993-BE94-4CE5-A07C-2CEB990EE893}.Release|x86.ActiveCfg = Release|Win32
		{72D4D993-BE94-4CE5-A07C-2CEB990EE893}.Release|x86.Build.0 = Release|Win32
		{217B5E99-6283-467A-86C2-6CAC42CF8D14}.Debug|x64.ActiveCfg = Debug|x64
		{217B5E99-6283-467A-86C2-6CAC42CF8D14}.Debug|x64.Build.0 = Debug|x64
		{217B5E99-6283-467A-86C2-6CAC42CF8D14}.Debug|x86.ActiveCfg = Debug|Win32
		{217B5E99-6283-467A-86C2-6CAC42CF8D14}.Debug|x86.Build.0 = Debug|Win32
		{217B5E99-6283-467A-86C2-6CAC42CF8D14}.Release|x64.ActiveCfg = Release|x64
		{217B5E99-6283-467A-86C2-6CAC42CF8D14}.Release|x64.Build.0 = Release|x64
		{217B5E99-6283-467A-86C2-6CAC42CF8D14}.Release|x86.ActiveCfg = Release|Win32
		{217B5E99-6283-467A-86C2-6CAC42CF8D14}.Release|x86.Build.0 = Release|Win32
		{529F93B5-7AD1-4EA7-B283-D0D5178939FE}.Debug|x64.ActiveCfg = Debug|x64
		{529F93B5-7AD1-4EA7-B283-D0D5178939FE}.Debug|x64.Build.0 = Debug|x64
		{529F93B5-7AD1-4EA7-B283-D0D5178939FE}.Debug|x86.ActiveCfg = Debug|Win32
		{529F93B5-7AD1-4EA7-B283-D0D5178939FE}.Debug|x86.Build.0 = Debug|Win32
		{529F93B5-7AD1-4EA7-B283-D0D5178939FE}.Release|x64.ActiveCfg = Release|x64
		{529F93B5-7AD1-4EA7-B283-D0D5178939FE}.Release|x64.Build.0 = Release|x64
		{529F93B5-7AD1-4EA7-B283-D0D5178939FE}.Release|x86.ActiveCfg = Release|Win32
		{529F93B5-7AD1-4EA7-B283-D0D5178939FE}.Release|x86.Build.0 = Release|Win32
		{6E555D5A-0E14-4946-B09A-CA26F159B7D5}.Debug|x64.ActiveCfg = Debug|x64
		{6E555D5A-0E14-4946-B09A-CA26F159B7D5}.Debug|x64.Build.0 = Debug|x64
		{6E555D5A-0E14-4946-B09A-CA26F159B7D5}.Debug|x86.ActiveCfg = Debug|Win32
		{6E555D5A-0E14-4946-B09A-CA26F159B7D5}.Debug|x86.Build.0 = Debug|Win32
		{6E555D5A-0E14-4946-B09A-CA26F159B7D5}.Release|x64.ActiveCfg = Release|x64
		{6E555D5A-0E14-4946-B09A-CA26F159B7D5}.Release|x64.Build.0 = Release|x64
		{6E555D5A-0E14-4946-B09A-CA26F159B7D5}.Release|x86.ActiveCfg = Release|Win32
		{6E555D5A-0E14-4946-B09A-CA26F159B7D5}.Release|x86.Build.0 = Release|Win32
		{BDF61811-88D7-414E-9448-C4271A34A763}.Debug|x64.ActiveCfg = Debug|x64
		{BDF61811-88D7-414E-9448-C4271A34A763}.Debug|x64.Build.0 = Debug|x64
		{BDF61811-88D7-414E-9448-C4271A34A763}.Debug|x86.ActiveCfg = Debug|Win32
		{BDF61811-88D7-414E-9448-C4271A34A763}.Debug|x86.Build.0 = Debug|Win32
		{BDF61811-88D7-414E-9448-C4271A34A763}.Release|x64.ActiveCfg = Release|x64
		{BDF61811-88D7-414E-9448-C4271A34A763}.Release|x64.Build.0 = Release|x64
		{BDF61811-88D7-414E-9448-C4271A34A763}.Release|x86.ActiveCfg = Release|Win32
		{BDF61811-88D7-414E-9448-C4271A34A763}.Release|x86.Build.0 = Release|Win32
		{D8C9A89A-53CC-4D10-897F-8CB44A34AE46}.Debug|x64.ActiveCfg = Debug|x64
		{D8C9A89A-53CC-4D10-897F-8CB44A34AE46}.Debug|x64.Build.0 = Debug|x64
		{D8C9A89A-53CC-4D10-897F-8CB44A34AE46}.Debug|x86.ActiveCfg = Debug|Win32
		{D8C9A89A-53CC-4D10-897F-8CB44A34AE46}.Debug|x86.Build.0 = Debug|Win32
		{D8C9A89A-53CC-4D10-897F-8CB44A34AE46}.Release|x64.ActiveCfg = Release|x64
		{D8C9A89A-53CC-4D10-897F-8CB44A34AE46}.Release|x64.Build.0 = Release|x64
		{D8C9A89A-53CC-4D10-897F-8CB44A34AE46}.Release|x86.ActiveCfg = Release|Win32
		{D8C9A89A-53CC-4D10-897F-8CB44A34AE46}.Release|x86.Build.0 = Release|Win32
		{B4DCFA09-E4EC-41B2-BC23-A60DEC47E3E5}.Debug|x64.ActiveCfg = Debug|x64
		{B4DCFA09-E4EC-41B2-BC23-A60DEC47E3E5}.Debug|x64.Build.0 = Debug|x64
		{B4DCFA09-E4EC-41B2-BC23-A60DEC47E3E5}.Debug|x86.ActiveCfg = Debug|Win32
		{B4DCFA09-E4EC-41B2-BC23-A60DEC47E3E5}.Debug|x86.Build.0 = Debug|Win32
		{B4DCFA09-E4EC-41B2-BC23-A60DEC47E3E5}.Release|x64.ActiveCfg = Release|x64
		{B4DCFA09-E4EC-41B2-BC23-A60DEC47E3E5}.Release|x64.Build.0 = Release|x64
		{B4DCFA09-E4EC-41B2-BC23-A60DEC47E3E5}.Release|x86.ActiveCfg = Release|Win32
		{B4DCFA09-E4EC-41B2-BC23-A60DEC47E3E5}.Release|x86.Build.0 = Release|Win32
		{94858DA4-D4F5-4447-A996-7938892D6DFE}.Debug|x64.ActiveCfg = Debug|x64
		{94858DA4-D4F5-4447-A996-7938892D6DFE}.Debug|x64.Build.0 = Debug|x64
		{94858DA4-D4F5-4447-A996-7938892D6DFE}.Debug|x86.ActiveCfg = Debug|Win32
		{94858DA4-D4F5-4447-A996-7938892D6DFE}.Debug|x86.Build.0 = Debug|Win32
		{94858DA4-D4F5-4447-A996-7938892D6DFE}.Release|x64.ActiveCfg = Release|x64
		{94858DA4-D4F5-4447-A996-7938892D6DFE}.Release|x64.Build.0 = Release|x64
		{94858DA4-D4F5-4447-A996-7938892D6DFE}.Release|x86.ActiveCfg = Release|Win32
		{94858DA4-D4F5-4447-A996-7938892D6DFE}.Release|x86.Build.0 = Release|Win32
		{41C70399-6D20-4249-B187-D37B9FB07F45}.Debug|x64.ActiveCfg = Debug|x64
		{41C70399-6D20-4249-B187-D37B9FB07F45}.Debug|x64.Build.0 = Debug|x64
		{41C70399-6D20-4249-B187-D37B9FB07F45}.Debug|x86.ActiveCfg = Debug|Win32
		{41C70399-6D20-4249-B187-D37B9FB07F45}.Debug|x86.Build.0 = Debug|Win32
		{41C70399-6D20-4249-B187-D37B9FB07F45}.Release|x64.ActiveCfg = Release|x64
		{41C70399-6D20-4249-B187-D37B9FB07F45}.Release|x64.Build.0 = Release|x64
		{41C70399-6D20-4249-B187-D37B9FB07F45}.Release|x86.ActiveCfg = Release|Win32
		{41C70399-6D20-4249-B187-D37B9FB07F45}.Release|x86.Build.0 = Release|Win32
		{27FA0959-0AAC-4F7F-A601-356D09B8D0B5}.Debug|x64.ActiveCfg = Debug|x64
		{27FA0959-0AAC-4F7F-A601-356D09B8D0B5}.Debug|x64.Build.0 = Debug|x64
		{27FA0959-0AAC-4F7F-A601-356D09B8D0B5}.Debug|x86.ActiveCfg = Debug|Win32
		{27FA0959-0AAC-4F7F-A601-356D09B8D0B5}.Debug|x86.Build.0 = Debug|Win32
		{27FA0959-0AAC-4F7F-A601-356D09B8D0B5}.Release|x64.ActiveCfg = Release|x64
		{27FA0959-0AAC-4F7F-A601-356D09B8D0B5}.Release|x64.Build.0 = Release|x64
		{27FA0959-0AAC-4F7F-A601-356D09B8D0B5}.Release|x86.ActiveCfg = Release|Win32
		{27FA0959-0AAC-4F7F-A601-356D09B8D0B5}.Release|x86.Build.0 = Release|Win32
		{5EF272B2-8417-4B00-A4FF-5E49FB0C3528}.Debug|x64.ActiveCfg = Debug|x64
		{5EF272B2-8417-4B00-A4FF-5E49FB0C3528}.Debug|x64.Build.0 = Debug|x64
		{5EF272B2-8417-4B00-A4FF-5E49FB0C3528}.Debug|x86.ActiveCfg = Debug|Win32
		{5EF272B2-8417-4B00-A4FF-5E49FB0C3528}.Debug|x86.Build.0 = Debug|Win32
		{5EF272B2-8417-4B00-A4FF-5E49FB0C3528}.Release|x64.ActiveCfg = Release|x64
		{5EF272B2-8417-4B00-A4FF-5E49FB0C3528}.Release|x64.Build.0 = Release|x64
		{5EF272B2-8417-4B00-A4FF-5E49FB0C3528}.Release|x86.ActiveCfg = Release|Win32
		{5EF272B2-8417-4B00-A4FF-5E49FB0C3528}.Release|x86.Build.0 = Release|Win32
	EndGlobalSection
	GlobalSection(SolutionProperties) = preSolution
		HideSolutionNode = FALSE
	EndGlobalSection
	GlobalSection(ExtensibilityGlobals) = postSolution
		SolutionGuid = {6B7B998B-24A3-4B57-8BB4-CECFE77D1061}
	EndGlobalSection
EndGlobal
