
Microsoft Visual Studio Solution File, Format Version 12.00
# Visual Studio Version 17
VisualStudioVersion = 17.14.36310.24
MinimumVisualStudioVersion = 10.0.40219.1
Project("{8BC9CEB8-8B4A-11D0-8D11-00A0C91BC942}") = "Drill01", "Drill01\Drill01.vcxproj", "{11F22331-1264-4BE8-9C64-F201C2E7F171}"
EndProject
Project("{8BC9CEB8-8B4A-11D0-8D11-00A0C91BC942}") = "Drill02", "Drill02\Drill02.vcxproj", "{98D79246-0BC4-4368-A228-681D6D5DF871}"
EndProject
Project("{8BC9CEB8-8B4A-11D0-8D11-00A0C91BC942}") = "Drill03", "Drill03\Drill03.vcxproj", "{0E04B69D-DD0D-45A9-A219-F4D05C1825C9}"
EndProject
Project("{8BC9CEB8-8B4A-11D0-8D11-00A0C91BC942}") = "Drill04", "Drill04\Drill04.vcxproj", "{5235F563-9F84-44E2-AE7C-2361A5022381}"
EndProject
Project("{8BC9CEB8-8B4A-11D0-8D11-00A0C91BC942}") = "Drill05", "Drill05\Drill05.vcxproj", "{6AD97B80-D949-46B2-AC9B-CBE8039D3E7E}"
EndProject
Project("{8BC9CEB8-8B4A-11D0-8D11-00A0C91BC942}") = "Drill06", "Drill06\Drill06.vcxproj", "{A4331AED-B907-4C8D-AB11-B80C85BBE858}"
EndProject
Project("{8BC9CEB8-8B4A-11D0-8D11-00A0C91BC942}") = "Drill07", "Drill07\Drill07.vcxproj", "{9BA03023-EF73-4FFD-BD96-1AED3F3B7597}"
EndProject
Project("{8BC9CEB8-8B4A-11D0-8D11-00A0C91BC942}") = "Drill08", "Drill08\Drill08.vcxproj", "{4A4F2DC9-EF82-48E2-B873-D5B6AAEA6358}"
EndProject
Project("{8BC9CEB8-8B4A-11D0-8D11-00A0C91BC942}") = "Drill09", "Drill09\Drill09.vcxproj", "{C39F6BB3-3B19-40D6-81E9-0A33068FF204}"
EndProject
Project("{8BC9CEB8-8B4A-11D0-8D11-00A0C91BC942}") = "Drill10", "Drill10\Drill10.vcxproj", "{131F1438-357B-4EFC-9EC0-CDB9325801AD}"
EndProject
Project("{8BC9CEB8-8B4A-11D0-8D11-00A0C91BC942}") = "Drill11", "Drill11\Drill11.vcxproj", "{4DA09E45-31AC-4978-BF65-30DA94F82C2B}"
EndProject
Project("{8BC9CEB8-8B4A-11D0-8D11-00A0C91BC942}") = "Drill12", "Drill12\Drill12.vcxproj", "{8D75A6A3-3C29-407B-A21F-420417D30644}"
EndProject
Project("{8BC9CEB8-8B4A-11D0-8D11-00A0C91BC942}") = "Drill13", "Drill13\Drill13.vcxproj", "{C2CD9040-56DD-4950-B6E9-B243E86892D4}"
EndProject
Project("{8BC9CEB8-8B4A-11D0-8D11-00A0C91BC942}") = "Open Challenge", "Open Challenge\Open Challenge.vcxproj", "{B8070CCD-6C81-4619-96C4-48CB7B6C2637}"
EndProject
Project("{8BC9CEB8-8B4A-11D0-8D11-00A0C91BC942}") = "Exercise01", "Exercise01\Exercise01.vcxproj", "{8FBEC9A2-EFBD-4029-8A2C-192F978295C3}"
EndProject
Project("{8BC9CEB8-8B4A-11D0-8D11-00A0C91BC942}") = "Exercise02", "Exercise02\Exercise02.vcxproj", "{09F42A5F-7D24-46C7-94B2-99C973515023}"
EndProject
Project("{8BC9CEB8-8B4A-11D0-8D11-00A0C91BC942}") = "Exercise03", "Exercise03\Exercise03.vcxproj", "{92CDA6F3-8AFC-4F07-980A-2E3F6AA51303}"
EndProject
Project("{8BC9CEB8-8B4A-11D0-8D11-00A0C91BC942}") = "Exercise04", "Exercise04\Exercise04.vcxproj", "{356DDD1B-819C-4744-A5BB-B971D7768A2B}"
EndProject
Project("{8BC9CEB8-8B4A-11D0-8D11-00A0C91BC942}") = "Exercise05", "Exercise05\Exercise05.vcxproj", "{5CD11030-CFC2-4F23-AE58-74B18B176F19}"
EndProject
Project("{8BC9CEB8-8B4A-11D0-8D11-00A0C91BC942}") = "Exercise06", "Exercise06\Exercise06.vcxproj", "{213E58DA-B7D0-4C7E-B425-C583EDF9FAD5}"
EndProject
Project("{8BC9CEB8-8B4A-11D0-8D11-00A0C91BC942}") = "Exercise07", "Exercise07\Exercise07.vcxproj", "{3CE56E55-871E-47F3-939F-37DA502A571F}"
EndProject
Project("{8BC9CEB8-8B4A-11D0-8D11-00A0C91BC942}") = "Exercise08", "Exercise08\Exercise08.vcxproj", "{635BBBAF-F527-4E51-AF75-B9A2B89EB063}"
EndProject
Project("{8BC9CEB8-8B4A-11D0-8D11-00A0C91BC942}") = "Exercise09", "Exercise09\Exercise09.vcxproj", "{99DD2337-EA5F-4955-867B-08F53DF72A3B}"
EndProject
Project("{8BC9CEB8-8B4A-11D0-8D11-00A0C91BC942}") = "Exercise10", "Exercise10\Exercise10.vcxproj", "{4F849279-462D-4DCA-BED3-7F3B96B33C2F}"
EndProject
Project("{8BC9CEB8-8B4A-11D0-8D11-00A0C91BC942}") = "Exercise11", "Exercise11\Exercise11.vcxproj", "{920B8F48-6E2F-460D-ACF6-814D00EA073E}"
EndProject
Project("{8BC9CEB8-8B4A-11D0-8D11-00A0C91BC942}") = "Exercise12", "Exercise12\Exercise12.vcxproj", "{84E3051E-CFBB-433D-93F0-6B42B1F8F831}"
EndProject
Project("{8BC9CEB8-8B4A-11D0-8D11-00A0C91BC942}") = "Exercise13", "Exercise13\Exercise13.vcxproj", "{EE51AA47-1437-4FEB-87B7-C1EED8C16000}"
EndProject
Project("{8BC9CEB8-8B4A-11D0-8D11-00A0C91BC942}") = "Exercise14", "Exercise14\Exercise14.vcxproj", "{55BF211C-5A86-4AC3-B3AF-BAE133D689B0}"
EndProject
Global
	GlobalSection(SolutionConfigurationPlatforms) = preSolution
		Debug|x64 = Debug|x64
		Debug|x86 = Debug|x86
		Release|x64 = Release|x64
		Release|x86 = Release|x86
	EndGlobalSection
	GlobalSection(ProjectConfigurationPlatforms) = postSolution
		{11F22331-1264-4BE8-9C64-F201C2E7F171}.Debug|x64.ActiveCfg = Debug|x64
		{11F22331-1264-4BE8-9C64-F201C2E7F171}.Debug|x64.Build.0 = Debug|x64
		{11F22331-1264-4BE8-9C64-F201C2E7F171}.Debug|x86.ActiveCfg = Debug|Win32
		{11F22331-1264-4BE8-9C64-F201C2E7F171}.Debug|x86.Build.0 = Debug|Win32
		{11F22331-1264-4BE8-9C64-F201C2E7F171}.Release|x64.ActiveCfg = Release|x64
		{11F22331-1264-4BE8-9C64-F201C2E7F171}.Release|x64.Build.0 = Release|x64
		{11F22331-1264-4BE8-9C64-F201C2E7F171}.Release|x86.ActiveCfg = Release|Win32
		{11F22331-1264-4BE8-9C64-F201C2E7F171}.Release|x86.Build.0 = Release|Win32
		{98D79246-0BC4-4368-A228-681D6D5DF871}.Debug|x64.ActiveCfg = Debug|x64
		{98D79246-0BC4-4368-A228-681D6D5DF871}.Debug|x64.Build.0 = Debug|x64
		{98D79246-0BC4-4368-A228-681D6D5DF871}.Debug|x86.ActiveCfg = Debug|Win32
		{98D79246-0BC4-4368-A228-681D6D5DF871}.Debug|x86.Build.0 = Debug|Win32
		{98D79246-0BC4-4368-A228-681D6D5DF871}.Release|x64.ActiveCfg = Release|x64
		{98D79246-0BC4-4368-A228-681D6D5DF871}.Release|x64.Build.0 = Release|x64
		{98D79246-0BC4-4368-A228-681D6D5DF871}.Release|x86.ActiveCfg = Release|Win32
		{98D79246-0BC4-4368-A228-681D6D5DF871}.Release|x86.Build.0 = Release|Win32
		{0E04B69D-DD0D-45A9-A219-F4D05C1825C9}.Debug|x64.ActiveCfg = Debug|x64
		{0E04B69D-DD0D-45A9-A219-F4D05C1825C9}.Debug|x64.Build.0 = Debug|x64
		{0E04B69D-DD0D-45A9-A219-F4D05C1825C9}.Debug|x86.ActiveCfg = Debug|Win32
		{0E04B69D-DD0D-45A9-A219-F4D05C1825C9}.Debug|x86.Build.0 = Debug|Win32
		{0E04B69D-DD0D-45A9-A219-F4D05C1825C9}.Release|x64.ActiveCfg = Release|x64
		{0E04B69D-DD0D-45A9-A219-F4D05C1825C9}.Release|x64.Build.0 = Release|x64
		{0E04B69D-DD0D-45A9-A219-F4D05C1825C9}.Release|x86.ActiveCfg = Release|Win32
		{0E04B69D-DD0D-45A9-A219-F4D05C1825C9}.Release|x86.Build.0 = Release|Win32
		{5235F563-9F84-44E2-AE7C-2361A5022381}.Debug|x64.ActiveCfg = Debug|x64
		{5235F563-9F84-44E2-AE7C-2361A5022381}.Debug|x64.Build.0 = Debug|x64
		{5235F563-9F84-44E2-AE7C-2361A5022381}.Debug|x86.ActiveCfg = Debug|Win32
		{5235F563-9F84-44E2-AE7C-2361A5022381}.Debug|x86.Build.0 = Debug|Win32
		{5235F563-9F84-44E2-AE7C-2361A5022381}.Release|x64.ActiveCfg = Release|x64
		{5235F563-9F84-44E2-AE7C-2361A5022381}.Release|x64.Build.0 = Release|x64
		{5235F563-9F84-44E2-AE7C-2361A5022381}.Release|x86.ActiveCfg = Release|Win32
		{5235F563-9F84-44E2-AE7C-2361A5022381}.Release|x86.Build.0 = Release|Win32
		{6AD97B80-D949-46B2-AC9B-CBE8039D3E7E}.Debug|x64.ActiveCfg = Debug|x64
		{6AD97B80-D949-46B2-AC9B-CBE8039D3E7E}.Debug|x64.Build.0 = Debug|x64
		{6AD97B80-D949-46B2-AC9B-CBE8039D3E7E}.Debug|x86.ActiveCfg = Debug|Win32
		{6AD97B80-D949-46B2-AC9B-CBE8039D3E7E}.Debug|x86.Build.0 = Debug|Win32
		{6AD97B80-D949-46B2-AC9B-CBE8039D3E7E}.Release|x64.ActiveCfg = Release|x64
		{6AD97B80-D949-46B2-AC9B-CBE8039D3E7E}.Release|x64.Build.0 = Release|x64
		{6AD97B80-D949-46B2-AC9B-CBE8039D3E7E}.Release|x86.ActiveCfg = Release|Win32
		{6AD97B80-D949-46B2-AC9B-CBE8039D3E7E}.Release|x86.Build.0 = Release|Win32
		{A4331AED-B907-4C8D-AB11-B80C85BBE858}.Debug|x64.ActiveCfg = Debug|x64
		{A4331AED-B907-4C8D-AB11-B80C85BBE858}.Debug|x64.Build.0 = Debug|x64
		{A4331AED-B907-4C8D-AB11-B80C85BBE858}.Debug|x86.ActiveCfg = Debug|Win32
		{A4331AED-B907-4C8D-AB11-B80C85BBE858}.Debug|x86.Build.0 = Debug|Win32
		{A4331AED-B907-4C8D-AB11-B80C85BBE858}.Release|x64.ActiveCfg = Release|x64
		{A4331AED-B907-4C8D-AB11-B80C85BBE858}.Release|x64.Build.0 = Release|x64
		{A4331AED-B907-4C8D-AB11-B80C85BBE858}.Release|x86.ActiveCfg = Release|Win32
		{A4331AED-B907-4C8D-AB11-B80C85BBE858}.Release|x86.Build.0 = Release|Win32
		{9BA03023-EF73-4FFD-BD96-1AED3F3B7597}.Debug|x64.ActiveCfg = Debug|x64
		{9BA03023-EF73-4FFD-BD96-1AED3F3B7597}.Debug|x64.Build.0 = Debug|x64
		{9BA03023-EF73-4FFD-BD96-1AED3F3B7597}.Debug|x86.ActiveCfg = Debug|Win32
		{9BA03023-EF73-4FFD-BD96-1AED3F3B7597}.Debug|x86.Build.0 = Debug|Win32
		{9BA03023-EF73-4FFD-BD96-1AED3F3B7597}.Release|x64.ActiveCfg = Release|x64
		{9BA03023-EF73-4FFD-BD96-1AED3F3B7597}.Release|x64.Build.0 = Release|x64
		{9BA03023-EF73-4FFD-BD96-1AED3F3B7597}.Release|x86.ActiveCfg = Release|Win32
		{9BA03023-EF73-4FFD-BD96-1AED3F3B7597}.Release|x86.Build.0 = Release|Win32
		{4A4F2DC9-EF82-48E2-B873-D5B6AAEA6358}.Debug|x64.ActiveCfg = Debug|x64
		{4A4F2DC9-EF82-48E2-B873-D5B6AAEA6358}.Debug|x64.Build.0 = Debug|x64
		{4A4F2DC9-EF82-48E2-B873-D5B6AAEA6358}.Debug|x86.ActiveCfg = Debug|Win32
		{4A4F2DC9-EF82-48E2-B873-D5B6AAEA6358}.Debug|x86.Build.0 = Debug|Win32
		{4A4F2DC9-EF82-48E2-B873-D5B6AAEA6358}.Release|x64.ActiveCfg = Release|x64
		{4A4F2DC9-EF82-48E2-B873-D5B6AAEA6358}.Release|x64.Build.0 = Release|x64
		{4A4F2DC9-EF82-48E2-B873-D5B6AAEA6358}.Release|x86.ActiveCfg = Release|Win32
		{4A4F2DC9-EF82-48E2-B873-D5B6AAEA6358}.Release|x86.Build.0 = Release|Win32
		{C39F6BB3-3B19-40D6-81E9-0A33068FF204}.Debug|x64.ActiveCfg = Debug|x64
		{C39F6BB3-3B19-40D6-81E9-0A33068FF204}.Debug|x64.Build.0 = Debug|x64
		{C39F6BB3-3B19-40D6-81E9-0A33068FF204}.Debug|x86.ActiveCfg = Debug|Win32
		{C39F6BB3-3B19-40D6-81E9-0A33068FF204}.Debug|x86.Build.0 = Debug|Win32
		{C39F6BB3-3B19-40D6-81E9-0A33068FF204}.Release|x64.ActiveCfg = Release|x64
		{C39F6BB3-3B19-40D6-81E9-0A33068FF204}.Release|x64.Build.0 = Release|x64
		{C39F6BB3-3B19-40D6-81E9-0A33068FF204}.Release|x86.ActiveCfg = Release|Win32
		{C39F6BB3-3B19-40D6-81E9-0A33068FF204}.Release|x86.Build.0 = Release|Win32
		{131F1438-357B-4EFC-9EC0-CDB9325801AD}.Debug|x64.ActiveCfg = Debug|x64
		{131F1438-357B-4EFC-9EC0-CDB9325801AD}.Debug|x64.Build.0 = Debug|x64
		{131F1438-357B-4EFC-9EC0-CDB9325801AD}.Debug|x86.ActiveCfg = Debug|Win32
		{131F1438-357B-4EFC-9EC0-CDB9325801AD}.Debug|x86.Build.0 = Debug|Win32
		{131F1438-357B-4EFC-9EC0-CDB9325801AD}.Release|x64.ActiveCfg = Release|x64
		{131F1438-357B-4EFC-9EC0-CDB9325801AD}.Release|x64.Build.0 = Release|x64
		{131F1438-357B-4EFC-9EC0-CDB9325801AD}.Release|x86.ActiveCfg = Release|Win32
		{131F1438-357B-4EFC-9EC0-CDB9325801AD}.Release|x86.Build.0 = Release|Win32
		{4DA09E45-31AC-4978-BF65-30DA94F82C2B}.Debug|x64.ActiveCfg = Debug|x64
		{4DA09E45-31AC-4978-BF65-30DA94F82C2B}.Debug|x64.Build.0 = Debug|x64
		{4DA09E45-31AC-4978-BF65-30DA94F82C2B}.Debug|x86.ActiveCfg = Debug|Win32
		{4DA09E45-31AC-4978-BF65-30DA94F82C2B}.Debug|x86.Build.0 = Debug|Win32
		{4DA09E45-31AC-4978-BF65-30DA94F82C2B}.Release|x64.ActiveCfg = Release|x64
		{4DA09E45-31AC-4978-BF65-30DA94F82C2B}.Release|x64.Build.0 = Release|x64
		{4DA09E45-31AC-4978-BF65-30DA94F82C2B}.Release|x86.ActiveCfg = Release|Win32
		{4DA09E45-31AC-4978-BF65-30DA94F82C2B}.Release|x86.Build.0 = Release|Win32
		{8D75A6A3-3C29-407B-A21F-420417D30644}.Debug|x64.ActiveCfg = Debug|x64
		{8D75A6A3-3C29-407B-A21F-420417D30644}.Debug|x64.Build.0 = Debug|x64
		{8D75A6A3-3C29-407B-A21F-420417D30644}.Debug|x86.ActiveCfg = Debug|Win32
		{8D75A6A3-3C29-407B-A21F-420417D30644}.Debug|x86.Build.0 = Debug|Win32
		{8D75A6A3-3C29-407B-A21F-420417D30644}.Release|x64.ActiveCfg = Release|x64
		{8D75A6A3-3C29-407B-A21F-420417D30644}.Release|x64.Build.0 = Release|x64
		{8D75A6A3-3C29-407B-A21F-420417D30644}.Release|x86.ActiveCfg = Release|Win32
		{8D75A6A3-3C29-407B-A21F-420417D30644}.Release|x86.Build.0 = Release|Win32
		{C2CD9040-56DD-4950-B6E9-B243E86892D4}.Debug|x64.ActiveCfg = Debug|x64
		{C2CD9040-56DD-4950-B6E9-B243E86892D4}.Debug|x64.Build.0 = Debug|x64
		{C2CD9040-56DD-4950-B6E9-B243E86892D4}.Debug|x86.ActiveCfg = Debug|Win32
		{C2CD9040-56DD-4950-B6E9-B243E86892D4}.Debug|x86.Build.0 = Debug|Win32
		{C2CD9040-56DD-4950-B6E9-B243E86892D4}.Release|x64.ActiveCfg = Release|x64
		{C2CD9040-56DD-4950-B6E9-B243E86892D4}.Release|x64.Build.0 = Release|x64
		{C2CD9040-56DD-4950-B6E9-B243E86892D4}.Release|x86.ActiveCfg = Release|Win32
		{C2CD9040-56DD-4950-B6E9-B243E86892D4}.Release|x86.Build.0 = Release|Win32
		{B8070CCD-6C81-4619-96C4-48CB7B6C2637}.Debug|x64.ActiveCfg = Debug|x64
		{B8070CCD-6C81-4619-96C4-48CB7B6C2637}.Debug|x64.Build.0 = Debug|x64
		{B8070CCD-6C81-4619-96C4-48CB7B6C2637}.Debug|x86.ActiveCfg = Debug|Win32
		{B8070CCD-6C81-4619-96C4-48CB7B6C2637}.Debug|x86.Build.0 = Debug|Win32
		{B8070CCD-6C81-4619-96C4-48CB7B6C2637}.Release|x64.ActiveCfg = Release|x64
		{B8070CCD-6C81-4619-96C4-48CB7B6C2637}.Release|x64.Build.0 = Release|x64
		{B8070CCD-6C81-4619-96C4-48CB7B6C2637}.Release|x86.ActiveCfg = Release|Win32
		{B8070CCD-6C81-4619-96C4-48CB7B6C2637}.Release|x86.Build.0 = Release|Win32
		{8FBEC9A2-EFBD-4029-8A2C-192F978295C3}.Debug|x64.ActiveCfg = Debug|x64
		{8FBEC9A2-EFBD-4029-8A2C-192F978295C3}.Debug|x64.Build.0 = Debug|x64
		{8FBEC9A2-EFBD-4029-8A2C-192F978295C3}.Debug|x86.ActiveCfg = Debug|Win32
		{8FBEC9A2-EFBD-4029-8A2C-192F978295C3}.Debug|x86.Build.0 = Debug|Win32
		{8FBEC9A2-EFBD-4029-8A2C-192F978295C3}.Release|x64.ActiveCfg = Release|x64
		{8FBEC9A2-EFBD-4029-8A2C-192F978295C3}.Release|x64.Build.0 = Release|x64
		{8FBEC9A2-EFBD-4029-8A2C-192F978295C3}.Release|x86.ActiveCfg = Release|Win32
		{8FBEC9A2-EFBD-4029-8A2C-192F978295C3}.Release|x86.Build.0 = Release|Win32
		{09F42A5F-7D24-46C7-94B2-99C973515023}.Debug|x64.ActiveCfg = Debug|x64
		{09F42A5F-7D24-46C7-94B2-99C973515023}.Debug|x64.Build.0 = Debug|x64
		{09F42A5F-7D24-46C7-94B2-99C973515023}.Debug|x86.ActiveCfg = Debug|Win32
		{09F42A5F-7D24-46C7-94B2-99C973515023}.Debug|x86.Build.0 = Debug|Win32
		{09F42A5F-7D24-46C7-94B2-99C973515023}.Release|x64.ActiveCfg = Release|x64
		{09F42A5F-7D24-46C7-94B2-99C973515023}.Release|x64.Build.0 = Release|x64
		{09F42A5F-7D24-46C7-94B2-99C973515023}.Release|x86.ActiveCfg = Release|Win32
		{09F42A5F-7D24-46C7-94B2-99C973515023}.Release|x86.Build.0 = Release|Win32
		{92CDA6F3-8AFC-4F07-980A-2E3F6AA51303}.Debug|x64.ActiveCfg = Debug|x64
		{92CDA6F3-8AFC-4F07-980A-2E3F6AA51303}.Debug|x64.Build.0 = Debug|x64
		{92CDA6F3-8AFC-4F07-980A-2E3F6AA51303}.Debug|x86.ActiveCfg = Debug|Win32
		{92CDA6F3-8AFC-4F07-980A-2E3F6AA51303}.Debug|x86.Build.0 = Debug|Win32
		{92CDA6F3-8AFC-4F07-980A-2E3F6AA51303}.Release|x64.ActiveCfg = Release|x64
		{92CDA6F3-8AFC-4F07-980A-2E3F6AA51303}.Release|x64.Build.0 = Release|x64
		{92CDA6F3-8AFC-4F07-980A-2E3F6AA51303}.Release|x86.ActiveCfg = Release|Win32
		{92CDA6F3-8AFC-4F07-980A-2E3F6AA51303}.Release|x86.Build.0 = Release|Win32
		{356DDD1B-819C-4744-A5BB-B971D7768A2B}.Debug|x64.ActiveCfg = Debug|x64
		{356DDD1B-819C-4744-A5BB-B971D7768A2B}.Debug|x64.Build.0 = Debug|x64
		{356DDD1B-819C-4744-A5BB-B971D7768A2B}.Debug|x86.ActiveCfg = Debug|Win32
		{356DDD1B-819C-4744-A5BB-B971D7768A2B}.Debug|x86.Build.0 = Debug|Win32
		{356DDD1B-819C-4744-A5BB-B971D7768A2B}.Release|x64.ActiveCfg = Release|x64
		{356DDD1B-819C-4744-A5BB-B971D7768A2B}.Release|x64.Build.0 = Release|x64
		{356DDD1B-819C-4744-A5BB-B971D7768A2B}.Release|x86.ActiveCfg = Release|Win32
		{356DDD1B-819C-4744-A5BB-B971D7768A2B}.Release|x86.Build.0 = Release|Win32
		{5CD11030-CFC2-4F23-AE58-74B18B176F19}.Debug|x64.ActiveCfg = Debug|x64
		{5CD11030-CFC2-4F23-AE58-74B18B176F19}.Debug|x64.Build.0 = Debug|x64
		{5CD11030-CFC2-4F23-AE58-74B18B176F19}.Debug|x86.ActiveCfg = Debug|Win32
		{5CD11030-CFC2-4F23-AE58-74B18B176F19}.Debug|x86.Build.0 = Debug|Win32
		{5CD11030-CFC2-4F23-AE58-74B18B176F19}.Release|x64.ActiveCfg = Release|x64
		{5CD11030-CFC2-4F23-AE58-74B18B176F19}.Release|x64.Build.0 = Release|x64
		{5CD11030-CFC2-4F23-AE58-74B18B176F19}.Release|x86.ActiveCfg = Release|Win32
		{5CD11030-CFC2-4F23-AE58-74B18B176F19}.Release|x86.Build.0 = Release|Win32
		{213E58DA-B7D0-4C7E-B425-C583EDF9FAD5}.Debug|x64.ActiveCfg = Debug|x64
		{213E58DA-B7D0-4C7E-B425-C583EDF9FAD5}.Debug|x64.Build.0 = Debug|x64
		{213E58DA-B7D0-4C7E-B425-C583EDF9FAD5}.Debug|x86.ActiveCfg = Debug|Win32
		{213E58DA-B7D0-4C7E-B425-C583EDF9FAD5}.Debug|x86.Build.0 = Debug|Win32
		{213E58DA-B7D0-4C7E-B425-C583EDF9FAD5}.Release|x64.ActiveCfg = Release|x64
		{213E58DA-B7D0-4C7E-B425-C583EDF9FAD5}.Release|x64.Build.0 = Release|x64
		{213E58DA-B7D0-4C7E-B425-C583EDF9FAD5}.Release|x86.ActiveCfg = Release|Win32
		{213E58DA-B7D0-4C7E-B425-C583EDF9FAD5}.Release|x86.Build.0 = Release|Win32
		{3CE56E55-871E-47F3-939F-37DA502A571F}.Debug|x64.ActiveCfg = Debug|x64
		{3CE56E55-871E-47F3-939F-37DA502A571F}.Debug|x64.Build.0 = Debug|x64
		{3CE56E55-871E-47F3-939F-37DA502A571F}.Debug|x86.ActiveCfg = Debug|Win32
		{3CE56E55-871E-47F3-939F-37DA502A571F}.Debug|x86.Build.0 = Debug|Win32
		{3CE56E55-871E-47F3-939F-37DA502A571F}.Release|x64.ActiveCfg = Release|x64
		{3CE56E55-871E-47F3-939F-37DA502A571F}.Release|x64.Build.0 = Release|x64
		{3CE56E55-871E-47F3-939F-37DA502A571F}.Release|x86.ActiveCfg = Release|Win32
		{3CE56E55-871E-47F3-939F-37DA502A571F}.Release|x86.Build.0 = Release|Win32
		{635BBBAF-F527-4E51-AF75-B9A2B89EB063}.Debug|x64.ActiveCfg = Debug|x64
		{635BBBAF-F527-4E51-AF75-B9A2B89EB063}.Debug|x64.Build.0 = Debug|x64
		{635BBBAF-F527-4E51-AF75-B9A2B89EB063}.Debug|x86.ActiveCfg = Debug|Win32
		{635BBBAF-F527-4E51-AF75-B9A2B89EB063}.Debug|x86.Build.0 = Debug|Win32
		{635BBBAF-F527-4E51-AF75-B9A2B89EB063}.Release|x64.ActiveCfg = Release|x64
		{635BBBAF-F527-4E51-AF75-B9A2B89EB063}.Release|x64.Build.0 = Release|x64
		{635BBBAF-F527-4E51-AF75-B9A2B89EB063}.Release|x86.ActiveCfg = Release|Win32
		{635BBBAF-F527-4E51-AF75-B9A2B89EB063}.Release|x86.Build.0 = Release|Win32
		{99DD2337-EA5F-4955-867B-08F53DF72A3B}.Debug|x64.ActiveCfg = Debug|x64
		{99DD2337-EA5F-4955-867B-08F53DF72A3B}.Debug|x64.Build.0 = Debug|x64
		{99DD2337-EA5F-4955-867B-08F53DF72A3B}.Debug|x86.ActiveCfg = Debug|Win32
		{99DD2337-EA5F-4955-867B-08F53DF72A3B}.Debug|x86.Build.0 = Debug|Win32
		{99DD2337-EA5F-4955-867B-08F53DF72A3B}.Release|x64.ActiveCfg = Release|x64
		{99DD2337-EA5F-4955-867B-08F53DF72A3B}.Release|x64.Build.0 = Release|x64
		{99DD2337-EA5F-4955-867B-08F53DF72A3B}.Release|x86.ActiveCfg = Release|Win32
		{99DD2337-EA5F-4955-867B-08F53DF72A3B}.Release|x86.Build.0 = Release|Win32
		{4F849279-462D-4DCA-BED3-7F3B96B33C2F}.Debug|x64.ActiveCfg = Debug|x64
		{4F849279-462D-4DCA-BED3-7F3B96B33C2F}.Debug|x64.Build.0 = Debug|x64
		{4F849279-462D-4DCA-BED3-7F3B96B33C2F}.Debug|x86.ActiveCfg = Debug|Win32
		{4F849279-462D-4DCA-BED3-7F3B96B33C2F}.Debug|x86.Build.0 = Debug|Win32
		{4F849279-462D-4DCA-BED3-7F3B96B33C2F}.Release|x64.ActiveCfg = Release|x64
		{4F849279-462D-4DCA-BED3-7F3B96B33C2F}.Release|x64.Build.0 = Release|x64
		{4F849279-462D-4DCA-BED3-7F3B96B33C2F}.Release|x86.ActiveCfg = Release|Win32
		{4F849279-462D-4DCA-BED3-7F3B96B33C2F}.Release|x86.Build.0 = Release|Win32
		{920B8F48-6E2F-460D-ACF6-814D00EA073E}.Debug|x64.ActiveCfg = Debug|x64
		{920B8F48-6E2F-460D-ACF6-814D00EA073E}.Debug|x64.Build.0 = Debug|x64
		{920B8F48-6E2F-460D-ACF6-814D00EA073E}.Debug|x86.ActiveCfg = Debug|Win32
		{920B8F48-6E2F-460D-ACF6-814D00EA073E}.Debug|x86.Build.0 = Debug|Win32
		{920B8F48-6E2F-460D-ACF6-814D00EA073E}.Release|x64.ActiveCfg = Release|x64
		{920B8F48-6E2F-460D-ACF6-814D00EA073E}.Release|x64.Build.0 = Release|x64
		{920B8F48-6E2F-460D-ACF6-814D00EA073E}.Release|x86.ActiveCfg = Release|Win32
		{920B8F48-6E2F-460D-ACF6-814D00EA073E}.Release|x86.Build.0 = Release|Win32
		{84E3051E-CFBB-433D-93F0-6B42B1F8F831}.Debug|x64.ActiveCfg = Debug|x64
		{84E3051E-CFBB-433D-93F0-6B42B1F8F831}.Debug|x64.Build.0 = Debug|x64
		{84E3051E-CFBB-433D-93F0-6B42B1F8F831}.Debug|x86.ActiveCfg = Debug|Win32
		{84E3051E-CFBB-433D-93F0-6B42B1F8F831}.Debug|x86.Build.0 = Debug|Win32
		{84E3051E-CFBB-433D-93F0-6B42B1F8F831}.Release|x64.ActiveCfg = Release|x64
		{84E3051E-CFBB-433D-93F0-6B42B1F8F831}.Release|x64.Build.0 = Release|x64
		{84E3051E-CFBB-433D-93F0-6B42B1F8F831}.Release|x86.ActiveCfg = Release|Win32
		{84E3051E-CFBB-433D-93F0-6B42B1F8F831}.Release|x86.Build.0 = Release|Win32
		{EE51AA47-1437-4FEB-87B7-C1EED8C16000}.Debug|x64.ActiveCfg = Debug|x64
		{EE51AA47-1437-4FEB-87B7-C1EED8C16000}.Debug|x64.Build.0 = Debug|x64
		{EE51AA47-1437-4FEB-87B7-C1EED8C16000}.Debug|x86.ActiveCfg = Debug|Win32
		{EE51AA47-1437-4FEB-87B7-C1EED8C16000}.Debug|x86.Build.0 = Debug|Win32
		{EE51AA47-1437-4FEB-87B7-C1EED8C16000}.Release|x64.ActiveCfg = Release|x64
		{EE51AA47-1437-4FEB-87B7-C1EED8C16000}.Release|x64.Build.0 = Release|x64
		{EE51AA47-1437-4FEB-87B7-C1EED8C16000}.Release|x86.ActiveCfg = Release|Win32
		{EE51AA47-1437-4FEB-87B7-C1EED8C16000}.Release|x86.Build.0 = Release|Win32
		{55BF211C-5A86-4AC3-B3AF-BAE133D689B0}.Debug|x64.ActiveCfg = Debug|x64
		{55BF211C-5A86-4AC3-B3AF-BAE133D689B0}.Debug|x64.Build.0 = Debug|x64
		{55BF211C-5A86-4AC3-B3AF-BAE133D689B0}.Debug|x86.ActiveCfg = Debug|Win32
		{55BF211C-5A86-4AC3-B3AF-BAE133D689B0}.Debug|x86.Build.0 = Debug|Win32
		{55BF211C-5A86-4AC3-B3AF-BAE133D689B0}.Release|x64.ActiveCfg = Release|x64
		{55BF211C-5A86-4AC3-B3AF-BAE133D689B0}.Release|x64.Build.0 = Release|x64
		{55BF211C-5A86-4AC3-B3AF-BAE133D689B0}.Release|x86.ActiveCfg = Release|Win32
		{55BF211C-5A86-4AC3-B3AF-BAE133D689B0}.Release|x86.Build.0 = Release|Win32
	EndGlobalSection
	GlobalSection(SolutionProperties) = preSolution
		HideSolutionNode = FALSE
	EndGlobalSection
	GlobalSection(ExtensibilityGlobals) = postSolution
		SolutionGuid = {0DF52CA8-CBA4-4031-993B-CC9F3274051D}
	EndGlobalSection
EndGlobal
